PODS:
  - Alamofire (3.3.1)
  - BEMCheckBox (1.2.1)
  - HCSStarRatingView (1.4.5)
  - OMGHTTPURLRQ (3.1.1):
    - OMGHTTPURLRQ/RQ (= 3.1.1)
  - OMGHTTPURLRQ/FormURLEncode (3.1.1)
  - OMGHTTPURLRQ/RQ (3.1.1):
    - OMGHTTPURLRQ/FormURLEncode
    - OMGHTTPURLRQ/UserAgent
  - OMGHTTPURLRQ/UserAgent (3.1.1)
  - PromiseKit (3.1.1):
    - PromiseKit/Foundation (= 3.1.1)
    - PromiseKit/QuartzCore (= 3.1.1)
    - PromiseKit/UIKit (= 3.1.1)
  - PromiseKit/CorePromise (3.1.1)
  - PromiseKit/Foundation (3.1.1):
    - OMGHTTPURLRQ (~> 3.1.0)
    - PromiseKit/CorePromise
  - PromiseKit/QuartzCore (3.1.1):
    - PromiseKit/CorePromise
  - PromiseKit/UIKit (3.1.1):
    - PromiseKit/CorePromise
  - SwiftValidator (3.0.3)
  - SwiftyJSON (2.3.2)

DEPENDENCIES:
  - Alamofire (~> 3.3.1)
  - BEMCheckBox
  - HCSStarRatingView (~> 1.4.4)
  - PromiseKit (~> 3.1.1)
  - SwiftValidator (= 3.0.3)
  - SwiftyJSON (from `https://github.com/SwiftyJSON/SwiftyJSON.git`, tag `2.3.2`)

EXTERNAL SOURCES:
  SwiftyJSON:
    :git: https://github.com/SwiftyJSON/SwiftyJSON.git
    :tag: 2.3.2

CHECKOUT OPTIONS:
  SwiftyJSON:
    :git: https://github.com/SwiftyJSON/SwiftyJSON.git
    :tag: 2.3.2

SPEC CHECKSUMS:
  Alamofire: 369bc67b6f5ac33ded3648d7bd21c5bfb91c2ecc
  BEMCheckBox: 264b8b72aa92adbfefa265cc58a0cdb86b207b9f
  HCSStarRatingView: bff3f89314d3b5013ce826ea11897d3129ff6b8c
  OMGHTTPURLRQ: 633f98ee745aeda02345935a52eec1784cddb589
  PromiseKit: 4e8127c22a9b29d1b44958ab2ec762ea6115cbfb
  SwiftValidator: 0b6a48bf10364411b0d64c97f78665ff87ca9f8b
  SwiftyJSON: 04ccea08915aa0109039157c7974cf0298da292a

COCOAPODS: 0.39.0
