PODS:
  - Alamofire (4.0.1)
  - Nimble (5.1.1)
  - PromiseKit/CorePromise (4.0.5)
  - PromiseKit/UIKit (4.0.5):
    - PromiseKit/CorePromise
  - Quick (0.10.0)

DEPENDENCIES:
  - Alamofire (~> 4.0.0)
  - Nimble (= 5.1.1)
  - PromiseKit/CorePromise (~> 4.0.0)
  - PromiseKit/UIKit (~> 4.0.0)
  - Quick (= 0.10.0)

SPEC CHECKSUMS:
  Alamofire: 7682d43245de14874acd142ec137b144aa1dd335
  Nimble: 415e3aa3267e7bc2c96b05fa814ddea7bb686a29
  PromiseKit: 593b5e24ded6cbb1ebc708bc2c3428a8a5632d91
  Quick: 5d290df1c69d5ee2f0729956dcf0fd9a30447eaa

PODFILE CHECKSUM: 7817c6e00a1b1443dc6795e9ceb59bf7448cf1e7

COCOAPODS: 1.2.0.beta.1
