// !$*UTF8*$!
{
	archiveVersion = 1;
	classes = {
	};
	objectVersion = 50;
	objects = {

/* Begin PBXBuildFile section */
		102D80AA21637E1D003A3901 /* Usabilla.h in Headers */ = {isa = PBXBuildFile; fileRef = 102D80A821637E1D003A3901 /* Usabilla.h */; settings = {ATTRIBUTES = (Public, ); }; };
		102D816E21637E52003A3901 /* CellViewModel.swift in Sources */ = {isa = PBXBuildFile; fileRef = 102D80B221637E52003A3901 /* CellViewModel.swift */; };
		102D816F21637E52003A3901 /* BaseEditableStringComponentViewModel.swift in Sources */ = {isa = PBXBuildFile; fileRef = 102D80B421637E52003A3901 /* BaseEditableStringComponentViewModel.swift */; };
		102D817021637E52003A3901 /* BaseIntComponentViewModel.swift in Sources */ = {isa = PBXBuildFile; fileRef = 102D80B521637E52003A3901 /* BaseIntComponentViewModel.swift */; };
		102D817121637E52003A3901 /* PickerComponentViewModel.swift in Sources */ = {isa = PBXBuildFile; fileRef = 102D80B621637E52003A3901 /* PickerComponentViewModel.swift */; };
		102D817221637E52003A3901 /* TextAreaComponentViewModel.swift in Sources */ = {isa = PBXBuildFile; fileRef = 102D80B721637E52003A3901 /* TextAreaComponentViewModel.swift */; };
		102D817321637E52003A3901 /* CheckBoxComponentViewModel.swift in Sources */ = {isa = PBXBuildFile; fileRef = 102D80B821637E52003A3901 /* CheckBoxComponentViewModel.swift */; };
		102D817421637E52003A3901 /* BaseStringComponentViewModel.swift in Sources */ = {isa = PBXBuildFile; fileRef = 102D80B921637E52003A3901 /* BaseStringComponentViewModel.swift */; };
		102D817521637E52003A3901 /* ComponentViewModelFactory.swift in Sources */ = {isa = PBXBuildFile; fileRef = 102D80BA21637E52003A3901 /* ComponentViewModelFactory.swift */; };
		102D817621637E52003A3901 /* ComponentViewModel.swift in Sources */ = {isa = PBXBuildFile; fileRef = 102D80BB21637E52003A3901 /* ComponentViewModel.swift */; };
		102D817721637E52003A3901 /* ParagraphComponentViewModel.swift in Sources */ = {isa = PBXBuildFile; fileRef = 102D80BC21637E52003A3901 /* ParagraphComponentViewModel.swift */; };
		102D817821637E52003A3901 /* EmailComponentViewModel.swift in Sources */ = {isa = PBXBuildFile; fileRef = 102D80BD21637E52003A3901 /* EmailComponentViewModel.swift */; };
		102D817921637E52003A3901 /* BaseOptionsComponentViewModel.swift in Sources */ = {isa = PBXBuildFile; fileRef = 102D80BE21637E52003A3901 /* BaseOptionsComponentViewModel.swift */; };
		102D817A21637E52003A3901 /* SliderComponentViewModel.swift in Sources */ = {isa = PBXBuildFile; fileRef = 102D80BF21637E52003A3901 /* SliderComponentViewModel.swift */; };
		102D817B21637E52003A3901 /* RadioComponentViewModel.swift in Sources */ = {isa = PBXBuildFile; fileRef = 102D80C021637E52003A3901 /* RadioComponentViewModel.swift */; };
		102D817C21637E52003A3901 /* ScreenshotComponentViewModel.swift in Sources */ = {isa = PBXBuildFile; fileRef = 102D80C121637E52003A3901 /* ScreenshotComponentViewModel.swift */; };
		102D817D21637E52003A3901 /* NPSComponentViewModel.swift in Sources */ = {isa = PBXBuildFile; fileRef = 102D80C221637E52003A3901 /* NPSComponentViewModel.swift */; };
		102D817E21637E52003A3901 /* MoodComponentViewModel.swift in Sources */ = {isa = PBXBuildFile; fileRef = 102D80C321637E52003A3901 /* MoodComponentViewModel.swift */; };
		102D817F21637E52003A3901 /* HeaderComponentViewModel.swift in Sources */ = {isa = PBXBuildFile; fileRef = 102D80C421637E52003A3901 /* HeaderComponentViewModel.swift */; };
		102D818021637E52003A3901 /* TextFieldComponentViewModel.swift in Sources */ = {isa = PBXBuildFile; fileRef = 102D80C521637E52003A3901 /* TextFieldComponentViewModel.swift */; };
		102D818121637E52003A3901 /* BaseImageComponentViewModel.swift in Sources */ = {isa = PBXBuildFile; fileRef = 102D80C621637E52003A3901 /* BaseImageComponentViewModel.swift */; };
		102D818221637E52003A3901 /* UBEndPageViewModel.swift in Sources */ = {isa = PBXBuildFile; fileRef = 102D80C821637E52003A3901 /* UBEndPageViewModel.swift */; };
		102D818321637E52003A3901 /* UBToastPageViewModel.swift in Sources */ = {isa = PBXBuildFile; fileRef = 102D80C921637E52003A3901 /* UBToastPageViewModel.swift */; };
		102D818421637E52003A3901 /* CampaignViewModel.swift in Sources */ = {isa = PBXBuildFile; fileRef = 102D80CA21637E52003A3901 /* CampaignViewModel.swift */; };
		102D818521637E52003A3901 /* IntroPageViewModel.swift in Sources */ = {isa = PBXBuildFile; fileRef = 102D80CB21637E52003A3901 /* IntroPageViewModel.swift */; };
		102D818621637E52003A3901 /* PageViewModel.swift in Sources */ = {isa = PBXBuildFile; fileRef = 102D80CC21637E52003A3901 /* PageViewModel.swift */; };
		102D818721637E52003A3901 /* UBFormViewModel.swift in Sources */ = {isa = PBXBuildFile; fileRef = 102D80CD21637E52003A3901 /* UBFormViewModel.swift */; };
		102D818821637E52003A3901 /* usa_localizable.strings in Resources */ = {isa = PBXBuildFile; fileRef = 102D80CE21637E52003A3901 /* usa_localizable.strings */; };
		102D818921637E52003A3901 /* SubmissionManager.swift in Sources */ = {isa = PBXBuildFile; fileRef = 102D80D021637E52003A3901 /* SubmissionManager.swift */; };
		102D818A21637E52003A3901 /* CampaignSubmissionRequestManager.swift in Sources */ = {isa = PBXBuildFile; fileRef = 102D80D121637E52003A3901 /* CampaignSubmissionRequestManager.swift */; };
		102D818B21637E52003A3901 /* CampaignSubmissionManager.swift in Sources */ = {isa = PBXBuildFile; fileRef = 102D80D221637E52003A3901 /* CampaignSubmissionManager.swift */; };
		102D818C21637E52003A3901 /* RequestBuilder.swift in Sources */ = {isa = PBXBuildFile; fileRef = 102D80D421637E52003A3901 /* RequestBuilder.swift */; };
		102D818D21637E52003A3901 /* FormService.swift in Sources */ = {isa = PBXBuildFile; fileRef = 102D80D621637E52003A3901 /* FormService.swift */; };
		102D818E21637E52003A3901 /* CampaignService.swift in Sources */ = {isa = PBXBuildFile; fileRef = 102D80D721637E52003A3901 /* CampaignService.swift */; };
		102D818F21637E52003A3901 /* Assets.xcassets in Resources */ = {isa = PBXBuildFile; fileRef = 102D80D821637E52003A3901 /* Assets.xcassets */; };
		102D819021637E52003A3901 /* UBFeedbackRequestDAO.swift in Sources */ = {isa = PBXBuildFile; fileRef = 102D80DA21637E52003A3901 /* UBFeedbackRequestDAO.swift */; };
		102D819121637E52003A3901 /* UBFormDAO.swift in Sources */ = {isa = PBXBuildFile; fileRef = 102D80DB21637E52003A3901 /* UBFormDAO.swift */; };
		102D819221637E52003A3901 /* UBCampaignDAO.swift in Sources */ = {isa = PBXBuildFile; fileRef = 102D80DC21637E52003A3901 /* UBCampaignDAO.swift */; };
		102D819321637E52003A3901 /* UBFeedbackIDDictionaryDAO.swift in Sources */ = {isa = PBXBuildFile; fileRef = 102D80DD21637E52003A3901 /* UBFeedbackIDDictionaryDAO.swift */; };
		102D819421637E52003A3901 /* UBFileStorageDAO.swift in Sources */ = {isa = PBXBuildFile; fileRef = 102D80DE21637E52003A3901 /* UBFileStorageDAO.swift */; };
		102D819521637E52003A3901 /* UBDAO.swift in Sources */ = {isa = PBXBuildFile; fileRef = 102D80DF21637E52003A3901 /* UBDAO.swift */; };
		102D819621637E52003A3901 /* UBCampaignFeedbackRequestDAO.swift in Sources */ = {isa = PBXBuildFile; fileRef = 102D80E021637E52003A3901 /* UBCampaignFeedbackRequestDAO.swift */; };
		102D819721637E52003A3901 /* UsabillaInternal.swift in Sources */ = {isa = PBXBuildFile; fileRef = 102D80E121637E52003A3901 /* UsabillaInternal.swift */; };
		102D819821637E52003A3901 /* FormStore.swift in Sources */ = {isa = PBXBuildFile; fileRef = 102D80E321637E52003A3901 /* FormStore.swift */; };
		102D819921637E52003A3901 /* UBCampaignStore.swift in Sources */ = {isa = PBXBuildFile; fileRef = 102D80E421637E52003A3901 /* UBCampaignStore.swift */; };
		102D819A21637E52003A3901 /* SwiftyJSON.swift in Sources */ = {isa = PBXBuildFile; fileRef = 102D80E621637E52003A3901 /* SwiftyJSON.swift */; };
		102D819B21637E52003A3901 /* Logging.swift in Sources */ = {isa = PBXBuildFile; fileRef = 102D80E721637E52003A3901 /* Logging.swift */; };
		102D819C21637E52003A3901 /* UBFileHelper.swift in Sources */ = {isa = PBXBuildFile; fileRef = 102D80E821637E52003A3901 /* UBFileHelper.swift */; };
		102D819D21637E52003A3901 /* LocalisationHandler.swift in Sources */ = {isa = PBXBuildFile; fileRef = 102D80E921637E52003A3901 /* LocalisationHandler.swift */; };
		102D819E21637E52003A3901 /* AnimationManager.swift in Sources */ = {isa = PBXBuildFile; fileRef = 102D80EA21637E52003A3901 /* AnimationManager.swift */; };
		102D819F21637E52003A3901 /* Reachability.swift in Sources */ = {isa = PBXBuildFile; fileRef = 102D80EB21637E52003A3901 /* Reachability.swift */; };
		102D81A021637E52003A3901 /* UsabillaTheme.swift in Sources */ = {isa = PBXBuildFile; fileRef = 102D80EC21637E52003A3901 /* UsabillaTheme.swift */; };
		102D81A121637E52003A3901 /* Date.swift in Sources */ = {isa = PBXBuildFile; fileRef = 102D80EE21637E52003A3901 /* Date.swift */; };
		102D81A221637E52003A3901 /* UIView.swift in Sources */ = {isa = PBXBuildFile; fileRef = 102D80EF21637E52003A3901 /* UIView.swift */; };
		102D81A321637E52003A3901 /* NSLayoutConstraint.swift in Sources */ = {isa = PBXBuildFile; fileRef = 102D80F021637E52003A3901 /* NSLayoutConstraint.swift */; };
		102D81A421637E52003A3901 /* UIBarButtonItem.swift in Sources */ = {isa = PBXBuildFile; fileRef = 102D80F121637E52003A3901 /* UIBarButtonItem.swift */; };
		102D81A521637E52003A3901 /* UIColor.swift in Sources */ = {isa = PBXBuildFile; fileRef = 102D80F221637E52003A3901 /* UIColor.swift */; };
		102D81A621637E52003A3901 /* UITableView.swift in Sources */ = {isa = PBXBuildFile; fileRef = 102D80F321637E52003A3901 /* UITableView.swift */; };
		102D81A721637E52003A3901 /* UIDevice.swift in Sources */ = {isa = PBXBuildFile; fileRef = 102D80F421637E52003A3901 /* UIDevice.swift */; };
		102D81A821637E52003A3901 /* String.swift in Sources */ = {isa = PBXBuildFile; fileRef = 102D80F521637E52003A3901 /* String.swift */; };
		102D81A921637E52003A3901 /* UIImage.swift in Sources */ = {isa = PBXBuildFile; fileRef = 102D80F621637E52003A3901 /* UIImage.swift */; };
		102D81AA21637E52003A3901 /* UIImageView.swift in Sources */ = {isa = PBXBuildFile; fileRef = 102D80F721637E52003A3901 /* UIImageView.swift */; };
		102D81AB21637E52003A3901 /* UIFont.swift in Sources */ = {isa = PBXBuildFile; fileRef = 102D80F821637E52003A3901 /* UIFont.swift */; };
		102D81AC21637E52003A3901 /* UILabel.swift in Sources */ = {isa = PBXBuildFile; fileRef = 102D80F921637E52003A3901 /* UILabel.swift */; };
		102D81AE21637E52003A3901 /* HTTPClient.swift in Sources */ = {isa = PBXBuildFile; fileRef = 102D80FB21637E52003A3901 /* HTTPClient.swift */; };
		102D81AF21637E52003A3901 /* StyleKit.swift in Sources */ = {isa = PBXBuildFile; fileRef = 102D80FC21637E52003A3901 /* StyleKit.swift */; };
		102D81B021637E52003A3901 /* Promise.swift in Sources */ = {isa = PBXBuildFile; fileRef = 102D80FD21637E52003A3901 /* Promise.swift */; };
		102D81B121637E52003A3901 /* JSONFormParser.swift in Sources */ = {isa = PBXBuildFile; fileRef = 102D80FE21637E52003A3901 /* JSONFormParser.swift */; };
		102D81B221637E52003A3901 /* TargetingFactory.swift in Sources */ = {isa = PBXBuildFile; fileRef = 102D80FF21637E52003A3901 /* TargetingFactory.swift */; };
		102D81B321637E52003A3901 /* DeviceInfo.swift in Sources */ = {isa = PBXBuildFile; fileRef = 102D810021637E52003A3901 /* DeviceInfo.swift */; };
		102D81B421637E52003A3901 /* SwiftEventBus.swift in Sources */ = {isa = PBXBuildFile; fileRef = 102D810121637E52003A3901 /* SwiftEventBus.swift */; };
		102D81B521637E52003A3901 /* SwiftCheckBox.swift in Sources */ = {isa = PBXBuildFile; fileRef = 102D810221637E52003A3901 /* SwiftCheckBox.swift */; };
		102D81B621637E52003A3901 /* PathManager.swift in Sources */ = {isa = PBXBuildFile; fileRef = 102D810321637E52003A3901 /* PathManager.swift */; };
		102D81B721637E52003A3901 /* UBAccessibility.swift in Sources */ = {isa = PBXBuildFile; fileRef = 102D810421637E52003A3901 /* UBAccessibility.swift */; };
		102D81B821637E52003A3901 /* UBEndPageModel.swift in Sources */ = {isa = PBXBuildFile; fileRef = 102D810621637E52003A3901 /* UBEndPageModel.swift */; };
		102D81B921637E52003A3901 /* BaseFieldModel.swift in Sources */ = {isa = PBXBuildFile; fileRef = 102D810721637E52003A3901 /* BaseFieldModel.swift */; };
		102D81BA21637E52003A3901 /* ParagraphFieldModel.swift in Sources */ = {isa = PBXBuildFile; fileRef = 102D810821637E52003A3901 /* ParagraphFieldModel.swift */; };
		102D81BB21637E52003A3901 /* EmailFieldModel.swift in Sources */ = {isa = PBXBuildFile; fileRef = 102D810921637E52003A3901 /* EmailFieldModel.swift */; };
		102D81BC21637E52003A3901 /* ScreenshotModel.swift in Sources */ = {isa = PBXBuildFile; fileRef = 102D810A21637E52003A3901 /* ScreenshotModel.swift */; };
		102D81BD21637E52003A3901 /* TextAreaFieldModel.swift in Sources */ = {isa = PBXBuildFile; fileRef = 102D810B21637E52003A3901 /* TextAreaFieldModel.swift */; };
		102D81BE21637E52003A3901 /* StringFieldModel.swift in Sources */ = {isa = PBXBuildFile; fileRef = 102D810C21637E52003A3901 /* StringFieldModel.swift */; };
		102D81BF21637E52003A3901 /* RatingFieldModel.swift in Sources */ = {isa = PBXBuildFile; fileRef = 102D810D21637E52003A3901 /* RatingFieldModel.swift */; };
		102D81C021637E52003A3901 /* RadioFieldModel.swift in Sources */ = {isa = PBXBuildFile; fileRef = 102D810E21637E52003A3901 /* RadioFieldModel.swift */; };
		102D81C121637E52003A3901 /* RootCellView.swift in Sources */ = {isa = PBXBuildFile; fileRef = 102D810F21637E52003A3901 /* RootCellView.swift */; };
		102D81C221637E52003A3901 /* CheckboxFieldModel.swift in Sources */ = {isa = PBXBuildFile; fileRef = 102D811021637E52003A3901 /* CheckboxFieldModel.swift */; };
		102D81C321637E52003A3901 /* CampaignModel.swift in Sources */ = {isa = PBXBuildFile; fileRef = 102D811121637E52003A3901 /* CampaignModel.swift */; };
		102D81C421637E52003A3901 /* PageModel.swift in Sources */ = {isa = PBXBuildFile; fileRef = 102D811221637E52003A3901 /* PageModel.swift */; };
		102D81C521637E52003A3901 /* TextFieldModel.swift in Sources */ = {isa = PBXBuildFile; fileRef = 102D811321637E52003A3901 /* TextFieldModel.swift */; };
		102D81C621637E52003A3901 /* HeaderFieldModel.swift in Sources */ = {isa = PBXBuildFile; fileRef = 102D811421637E52003A3901 /* HeaderFieldModel.swift */; };
		102D81C721637E52003A3901 /* FormModel.swift in Sources */ = {isa = PBXBuildFile; fileRef = 102D811521637E52003A3901 /* FormModel.swift */; };
		102D81C821637E52003A3901 /* TargetingOptionsModel.swift in Sources */ = {isa = PBXBuildFile; fileRef = 102D811621637E52003A3901 /* TargetingOptionsModel.swift */; };
		102D81C921637E52003A3901 /* FieldFactory.swift in Sources */ = {isa = PBXBuildFile; fileRef = 102D811721637E52003A3901 /* FieldFactory.swift */; };
		102D81CA21637E52003A3901 /* PickerFieldModel.swift in Sources */ = {isa = PBXBuildFile; fileRef = 102D811821637E52003A3901 /* PickerFieldModel.swift */; };
		102D81CB21637E52003A3901 /* OptionsFieldModel.swift in Sources */ = {isa = PBXBuildFile; fileRef = 102D811921637E52003A3901 /* OptionsFieldModel.swift */; };
		102D81CC21637E52003A3901 /* IntFieldModel.swift in Sources */ = {isa = PBXBuildFile; fileRef = 102D811A21637E52003A3901 /* IntFieldModel.swift */; };
		102D81CD21637E52003A3901 /* UBFeedbackRequest.swift in Sources */ = {isa = PBXBuildFile; fileRef = 102D811B21637E52003A3901 /* UBFeedbackRequest.swift */; };
		102D81CE21637E52003A3901 /* NPSFieldModel.swift in Sources */ = {isa = PBXBuildFile; fileRef = 102D811C21637E52003A3901 /* NPSFieldModel.swift */; };
		102D81CF21637E52003A3901 /* UBCampaignFeedbackRequest.swift in Sources */ = {isa = PBXBuildFile; fileRef = 102D811D21637E52003A3901 /* UBCampaignFeedbackRequest.swift */; };
		102D81D021637E52003A3901 /* JumpRule.swift in Sources */ = {isa = PBXBuildFile; fileRef = 102D811F21637E52003A3901 /* JumpRule.swift */; };
		102D81D121637E52003A3901 /* ShowHideRule.swift in Sources */ = {isa = PBXBuildFile; fileRef = 102D812021637E52003A3901 /* ShowHideRule.swift */; };
		102D81D221637E52003A3901 /* UBRule.swift in Sources */ = {isa = PBXBuildFile; fileRef = 102D812121637E52003A3901 /* UBRule.swift */; };
		102D81D321637E52003A3901 /* CopyModel.swift in Sources */ = {isa = PBXBuildFile; fileRef = 102D812221637E52003A3901 /* CopyModel.swift */; };
		102D81D421637E52003A3901 /* MoodFieldModel.swift in Sources */ = {isa = PBXBuildFile; fileRef = 102D812321637E52003A3901 /* MoodFieldModel.swift */; };
		102D81D521637E52003A3901 /* IntroPageModel.swift in Sources */ = {isa = PBXBuildFile; fileRef = 102D812421637E52003A3901 /* IntroPageModel.swift */; };
		102D81D621637E52003A3901 /* Usabilla.h in Headers */ = {isa = PBXBuildFile; fileRef = 102D812521637E52003A3901 /* Usabilla.h */; };
		102D81D721637E52003A3901 /* Usabilla.swift in Sources */ = {isa = PBXBuildFile; fileRef = 102D812621637E52003A3901 /* Usabilla.swift */; };
		102D81D821637E52003A3901 /* PercentageDecorator.swift in Sources */ = {isa = PBXBuildFile; fileRef = 102D812921637E52003A3901 /* PercentageDecorator.swift */; };
		102D81D921637E52003A3901 /* RepetitionDecorator.swift in Sources */ = {isa = PBXBuildFile; fileRef = 102D812A21637E52003A3901 /* RepetitionDecorator.swift */; };
		102D81DA21637E52003A3901 /* Decorator.swift in Sources */ = {isa = PBXBuildFile; fileRef = 102D812B21637E52003A3901 /* Decorator.swift */; };
		102D81DB21637E52003A3901 /* Event.swift in Sources */ = {isa = PBXBuildFile; fileRef = 102D812D21637E52003A3901 /* Event.swift */; };
		102D81DC21637E52003A3901 /* ActiveStatus.swift in Sources */ = {isa = PBXBuildFile; fileRef = 102D812E21637E52003A3901 /* ActiveStatus.swift */; };
		102D81DD21637E52003A3901 /* PassiveStatus.swift in Sources */ = {isa = PBXBuildFile; fileRef = 102D812F21637E52003A3901 /* PassiveStatus.swift */; };
		102D81DE21637E52003A3901 /* EventEngine.swift in Sources */ = {isa = PBXBuildFile; fileRef = 102D813021637E52003A3901 /* EventEngine.swift */; };
		102D81DF21637E52003A3901 /* SequenceRule.swift in Sources */ = {isa = PBXBuildFile; fileRef = 102D813221637E52003A3901 /* SequenceRule.swift */; };
		102D81E021637E52003A3901 /* LeafEvent.swift in Sources */ = {isa = PBXBuildFile; fileRef = 102D813321637E52003A3901 /* LeafEvent.swift */; };
		102D81E121637E52003A3901 /* LeafPassiveStatus.swift in Sources */ = {isa = PBXBuildFile; fileRef = 102D813421637E52003A3901 /* LeafPassiveStatus.swift */; };
		102D81E221637E52003A3901 /* Rules.swift in Sources */ = {isa = PBXBuildFile; fileRef = 102D813521637E52003A3901 /* Rules.swift */; };
		102D81E321637E52003A3901 /* AndRule.swift in Sources */ = {isa = PBXBuildFile; fileRef = 102D813621637E52003A3901 /* AndRule.swift */; };
		102D81E421637E52003A3901 /* OrRule.swift in Sources */ = {isa = PBXBuildFile; fileRef = 102D813721637E52003A3901 /* OrRule.swift */; };
		102D81E521637E52003A3901 /* LeafActiveStatus.swift in Sources */ = {isa = PBXBuildFile; fileRef = 102D813821637E52003A3901 /* LeafActiveStatus.swift */; };
		102D81E621637E52003A3901 /* CampaignManager.swift in Sources */ = {isa = PBXBuildFile; fileRef = 102D813921637E52003A3901 /* CampaignManager.swift */; };
		102D81E721637E52003A3901 /* formJson.json in Resources */ = {isa = PBXBuildFile; fileRef = 102D813A21637E52003A3901 /* formJson.json */; };
		102D81E821637E52003A3901 /* Debug.swift in Sources */ = {isa = PBXBuildFile; fileRef = 102D813B21637E52003A3901 /* Debug.swift */; };
		102D81E921637E52003A3901 /* PassiveFormController.swift in Sources */ = {isa = PBXBuildFile; fileRef = 102D813D21637E52003A3901 /* PassiveFormController.swift */; };
		102D81EA21637E52003A3901 /* FormViewController.swift in Sources */ = {isa = PBXBuildFile; fileRef = 102D813E21637E52003A3901 /* FormViewController.swift */; };
		102D81EB21637E52003A3901 /* ThankYouViewController.swift in Sources */ = {isa = PBXBuildFile; fileRef = 102D813F21637E52003A3901 /* ThankYouViewController.swift */; };
		102D81EC21637E52003A3901 /* PageViewController.swift in Sources */ = {isa = PBXBuildFile; fileRef = 102D814021637E52003A3901 /* PageViewController.swift */; };
		102D81ED21637E52003A3901 /* CampaignViewController.swift in Sources */ = {isa = PBXBuildFile; fileRef = 102D814121637E52003A3901 /* CampaignViewController.swift */; };
		102D81EE21637E52003A3901 /* FooterTableViewCell.swift in Sources */ = {isa = PBXBuildFile; fileRef = 102D814421637E52003A3901 /* FooterTableViewCell.swift */; };
		102D81EF21637E52003A3901 /* CheckBoxWithText.swift in Sources */ = {isa = PBXBuildFile; fileRef = 102D814521637E52003A3901 /* CheckBoxWithText.swift */; };
		102D81F021637E52003A3901 /* UBSlider.swift in Sources */ = {isa = PBXBuildFile; fileRef = 102D814621637E52003A3901 /* UBSlider.swift */; };
		102D81F121637E52003A3901 /* ScreenshotComponent.swift in Sources */ = {isa = PBXBuildFile; fileRef = 102D814821637E52003A3901 /* ScreenshotComponent.swift */; };
		102D81F221637E52003A3901 /* MoodComponent.swift in Sources */ = {isa = PBXBuildFile; fileRef = 102D814921637E52003A3901 /* MoodComponent.swift */; };
		102D81F321637E52003A3901 /* TextAreaComponent.swift in Sources */ = {isa = PBXBuildFile; fileRef = 102D814A21637E52003A3901 /* TextAreaComponent.swift */; };
		102D81F421637E52003A3901 /* NPSComponent.swift in Sources */ = {isa = PBXBuildFile; fileRef = 102D814B21637E52003A3901 /* NPSComponent.swift */; };
		102D81F521637E52003A3901 /* PickerComponent.swift in Sources */ = {isa = PBXBuildFile; fileRef = 102D814C21637E52003A3901 /* PickerComponent.swift */; };
		102D81F621637E52003A3901 /* RadioComponent.swift in Sources */ = {isa = PBXBuildFile; fileRef = 102D814D21637E52003A3901 /* RadioComponent.swift */; };
		102D81F721637E52003A3901 /* PickerIPadComponent.swift in Sources */ = {isa = PBXBuildFile; fileRef = 102D814E21637E52003A3901 /* PickerIPadComponent.swift */; };
		102D81F821637E52003A3901 /* CheckBoxComponent.swift in Sources */ = {isa = PBXBuildFile; fileRef = 102D814F21637E52003A3901 /* CheckBoxComponent.swift */; };
		102D81F921637E52003A3901 /* ParagraphComponent.swift in Sources */ = {isa = PBXBuildFile; fileRef = 102D815021637E52003A3901 /* ParagraphComponent.swift */; };
		102D81FA21637E52003A3901 /* NPSControl.swift in Sources */ = {isa = PBXBuildFile; fileRef = 102D815121637E52003A3901 /* NPSControl.swift */; };
		102D81FB21637E52003A3901 /* BaseComponent.swift in Sources */ = {isa = PBXBuildFile; fileRef = 102D815221637E52003A3901 /* BaseComponent.swift */; };
		102D81FC21637E52003A3901 /* ComponentFactory.swift in Sources */ = {isa = PBXBuildFile; fileRef = 102D815321637E52003A3901 /* ComponentFactory.swift */; };
		102D81FD21637E52003A3901 /* PickerParentComponent.swift in Sources */ = {isa = PBXBuildFile; fileRef = 102D815421637E52003A3901 /* PickerParentComponent.swift */; };
		102D81FE21637E52003A3901 /* BaseCheckBoxComponent.swift in Sources */ = {isa = PBXBuildFile; fileRef = 102D815521637E52003A3901 /* BaseCheckBoxComponent.swift */; };
		102D81FF21637E52003A3901 /* NPSToolTip.swift in Sources */ = {isa = PBXBuildFile; fileRef = 102D815621637E52003A3901 /* NPSToolTip.swift */; };
		102D820021637E52003A3901 /* SliderComponent.swift in Sources */ = {isa = PBXBuildFile; fileRef = 102D815721637E52003A3901 /* SliderComponent.swift */; };
		102D820121637E52003A3901 /* RatingControl.swift in Sources */ = {isa = PBXBuildFile; fileRef = 102D815821637E52003A3901 /* RatingControl.swift */; };
		102D820221637E52003A3901 /* BaseTextFieldComponent.swift in Sources */ = {isa = PBXBuildFile; fileRef = 102D815921637E52003A3901 /* BaseTextFieldComponent.swift */; };
		102D820321637E52003A3901 /* BaseTextAreaComponent.swift in Sources */ = {isa = PBXBuildFile; fileRef = 102D815A21637E52003A3901 /* BaseTextAreaComponent.swift */; };
		102D820421637E52003A3901 /* EmailComponent.swift in Sources */ = {isa = PBXBuildFile; fileRef = 102D815B21637E52003A3901 /* EmailComponent.swift */; };
		102D820521637E52003A3901 /* HeaderComponent.swift in Sources */ = {isa = PBXBuildFile; fileRef = 102D815C21637E52003A3901 /* HeaderComponent.swift */; };
		102D820621637E52003A3901 /* PoweredByUsabillaView.swift in Sources */ = {isa = PBXBuildFile; fileRef = 102D815E21637E52003A3901 /* PoweredByUsabillaView.swift */; };
		102D820721637E52003A3901 /* UBAlertDisplay.swift in Sources */ = {isa = PBXBuildFile; fileRef = 102D816021637E52003A3901 /* UBAlertDisplay.swift */; };
		102D820821637E52003A3901 /* UBBannerPresenter.swift in Sources */ = {isa = PBXBuildFile; fileRef = 102D816121637E52003A3901 /* UBBannerPresenter.swift */; };
		102D820921637E52003A3901 /* UBIntroOutroPresenter.swift in Sources */ = {isa = PBXBuildFile; fileRef = 102D816221637E52003A3901 /* UBIntroOutroPresenter.swift */; };
		102D820A21637E52003A3901 /* UBAlertPresenter.swift in Sources */ = {isa = PBXBuildFile; fileRef = 102D816321637E52003A3901 /* UBAlertPresenter.swift */; };
		102D820B21637E52003A3901 /* CampaignWindow.swift in Sources */ = {isa = PBXBuildFile; fileRef = 102D816421637E52003A3901 /* CampaignWindow.swift */; };
		102D820C21637E52003A3901 /* UBIntroOutroView.swift in Sources */ = {isa = PBXBuildFile; fileRef = 102D816521637E52003A3901 /* UBIntroOutroView.swift */; };
		102D820D21637E52003A3901 /* UBBannerDisplay.swift in Sources */ = {isa = PBXBuildFile; fileRef = 102D816621637E52003A3901 /* UBBannerDisplay.swift */; };
		102D820E21637E52003A3901 /* UBCustomTouchableView.swift in Sources */ = {isa = PBXBuildFile; fileRef = 102D816721637E52003A3901 /* UBCustomTouchableView.swift */; };
		102D820F21637E52003A3901 /* UBToast.swift in Sources */ = {isa = PBXBuildFile; fileRef = 102D816821637E52003A3901 /* UBToast.swift */; };
		102D821021637E52003A3901 /* FieldModel.swift in Sources */ = {isa = PBXBuildFile; fileRef = 102D816A21637E52003A3901 /* FieldModel.swift */; };
		102D821121637E52003A3901 /* HTTPClientProtocol.swift in Sources */ = {isa = PBXBuildFile; fileRef = 102D816B21637E52003A3901 /* HTTPClientProtocol.swift */; };
		102D821221637E52003A3901 /* Protocols.swift in Sources */ = {isa = PBXBuildFile; fileRef = 102D816C21637E52003A3901 /* Protocols.swift */; };
/* End PBXBuildFile section */

/* Begin PBXFileReference section */
		102D80A521637E1D003A3901 /* Usabilla.framework */ = {isa = PBXFileReference; explicitFileType = wrapper.framework; includeInIndex = 0; path = Usabilla.framework; sourceTree = BUILT_PRODUCTS_DIR; };
		102D80A821637E1D003A3901 /* Usabilla.h */ = {isa = PBXFileReference; lastKnownFileType = sourcecode.c.h; path = Usabilla.h; sourceTree = "<group>"; };
		102D80A921637E1D003A3901 /* Info.plist */ = {isa = PBXFileReference; lastKnownFileType = text.plist.xml; path = Info.plist; sourceTree = "<group>"; };
		102D80B221637E52003A3901 /* CellViewModel.swift */ = {isa = PBXFileReference; fileEncoding = 4; lastKnownFileType = sourcecode.swift; path = CellViewModel.swift; sourceTree = "<group>"; };
		102D80B421637E52003A3901 /* BaseEditableStringComponentViewModel.swift */ = {isa = PBXFileReference; fileEncoding = 4; lastKnownFileType = sourcecode.swift; path = BaseEditableStringComponentViewModel.swift; sourceTree = "<group>"; };
		102D80B521637E52003A3901 /* BaseIntComponentViewModel.swift */ = {isa = PBXFileReference; fileEncoding = 4; lastKnownFileType = sourcecode.swift; path = BaseIntComponentViewModel.swift; sourceTree = "<group>"; };
		102D80B621637E52003A3901 /* PickerComponentViewModel.swift */ = {isa = PBXFileReference; fileEncoding = 4; lastKnownFileType = sourcecode.swift; path = PickerComponentViewModel.swift; sourceTree = "<group>"; };
		102D80B721637E52003A3901 /* TextAreaComponentViewModel.swift */ = {isa = PBXFileReference; fileEncoding = 4; lastKnownFileType = sourcecode.swift; path = TextAreaComponentViewModel.swift; sourceTree = "<group>"; };
		102D80B821637E52003A3901 /* CheckBoxComponentViewModel.swift */ = {isa = PBXFileReference; fileEncoding = 4; lastKnownFileType = sourcecode.swift; path = CheckBoxComponentViewModel.swift; sourceTree = "<group>"; };
		102D80B921637E52003A3901 /* BaseStringComponentViewModel.swift */ = {isa = PBXFileReference; fileEncoding = 4; lastKnownFileType = sourcecode.swift; path = BaseStringComponentViewModel.swift; sourceTree = "<group>"; };
		102D80BA21637E52003A3901 /* ComponentViewModelFactory.swift */ = {isa = PBXFileReference; fileEncoding = 4; lastKnownFileType = sourcecode.swift; path = ComponentViewModelFactory.swift; sourceTree = "<group>"; };
		102D80BB21637E52003A3901 /* ComponentViewModel.swift */ = {isa = PBXFileReference; fileEncoding = 4; lastKnownFileType = sourcecode.swift; path = ComponentViewModel.swift; sourceTree = "<group>"; };
		102D80BC21637E52003A3901 /* ParagraphComponentViewModel.swift */ = {isa = PBXFileReference; fileEncoding = 4; lastKnownFileType = sourcecode.swift; path = ParagraphComponentViewModel.swift; sourceTree = "<group>"; };
		102D80BD21637E52003A3901 /* EmailComponentViewModel.swift */ = {isa = PBXFileReference; fileEncoding = 4; lastKnownFileType = sourcecode.swift; path = EmailComponentViewModel.swift; sourceTree = "<group>"; };
		102D80BE21637E52003A3901 /* BaseOptionsComponentViewModel.swift */ = {isa = PBXFileReference; fileEncoding = 4; lastKnownFileType = sourcecode.swift; path = BaseOptionsComponentViewModel.swift; sourceTree = "<group>"; };
		102D80BF21637E52003A3901 /* SliderComponentViewModel.swift */ = {isa = PBXFileReference; fileEncoding = 4; lastKnownFileType = sourcecode.swift; path = SliderComponentViewModel.swift; sourceTree = "<group>"; };
		102D80C021637E52003A3901 /* RadioComponentViewModel.swift */ = {isa = PBXFileReference; fileEncoding = 4; lastKnownFileType = sourcecode.swift; path = RadioComponentViewModel.swift; sourceTree = "<group>"; };
		102D80C121637E52003A3901 /* ScreenshotComponentViewModel.swift */ = {isa = PBXFileReference; fileEncoding = 4; lastKnownFileType = sourcecode.swift; path = ScreenshotComponentViewModel.swift; sourceTree = "<group>"; };
		102D80C221637E52003A3901 /* NPSComponentViewModel.swift */ = {isa = PBXFileReference; fileEncoding = 4; lastKnownFileType = sourcecode.swift; path = NPSComponentViewModel.swift; sourceTree = "<group>"; };
		102D80C321637E52003A3901 /* MoodComponentViewModel.swift */ = {isa = PBXFileReference; fileEncoding = 4; lastKnownFileType = sourcecode.swift; path = MoodComponentViewModel.swift; sourceTree = "<group>"; };
		102D80C421637E52003A3901 /* HeaderComponentViewModel.swift */ = {isa = PBXFileReference; fileEncoding = 4; lastKnownFileType = sourcecode.swift; path = HeaderComponentViewModel.swift; sourceTree = "<group>"; };
		102D80C521637E52003A3901 /* TextFieldComponentViewModel.swift */ = {isa = PBXFileReference; fileEncoding = 4; lastKnownFileType = sourcecode.swift; path = TextFieldComponentViewModel.swift; sourceTree = "<group>"; };
		102D80C621637E52003A3901 /* BaseImageComponentViewModel.swift */ = {isa = PBXFileReference; fileEncoding = 4; lastKnownFileType = sourcecode.swift; path = BaseImageComponentViewModel.swift; sourceTree = "<group>"; };
		102D80C821637E52003A3901 /* UBEndPageViewModel.swift */ = {isa = PBXFileReference; fileEncoding = 4; lastKnownFileType = sourcecode.swift; path = UBEndPageViewModel.swift; sourceTree = "<group>"; };
		102D80C921637E52003A3901 /* UBToastPageViewModel.swift */ = {isa = PBXFileReference; fileEncoding = 4; lastKnownFileType = sourcecode.swift; path = UBToastPageViewModel.swift; sourceTree = "<group>"; };
		102D80CA21637E52003A3901 /* CampaignViewModel.swift */ = {isa = PBXFileReference; fileEncoding = 4; lastKnownFileType = sourcecode.swift; path = CampaignViewModel.swift; sourceTree = "<group>"; };
		102D80CB21637E52003A3901 /* IntroPageViewModel.swift */ = {isa = PBXFileReference; fileEncoding = 4; lastKnownFileType = sourcecode.swift; path = IntroPageViewModel.swift; sourceTree = "<group>"; };
		102D80CC21637E52003A3901 /* PageViewModel.swift */ = {isa = PBXFileReference; fileEncoding = 4; lastKnownFileType = sourcecode.swift; path = PageViewModel.swift; sourceTree = "<group>"; };
		102D80CD21637E52003A3901 /* UBFormViewModel.swift */ = {isa = PBXFileReference; fileEncoding = 4; lastKnownFileType = sourcecode.swift; path = UBFormViewModel.swift; sourceTree = "<group>"; };
		102D80CE21637E52003A3901 /* usa_localizable.strings */ = {isa = PBXFileReference; fileEncoding = 4; lastKnownFileType = text.plist.strings; path = usa_localizable.strings; sourceTree = "<group>"; };
		102D80D021637E52003A3901 /* SubmissionManager.swift */ = {isa = PBXFileReference; fileEncoding = 4; lastKnownFileType = sourcecode.swift; path = SubmissionManager.swift; sourceTree = "<group>"; };
		102D80D121637E52003A3901 /* CampaignSubmissionRequestManager.swift */ = {isa = PBXFileReference; fileEncoding = 4; lastKnownFileType = sourcecode.swift; path = CampaignSubmissionRequestManager.swift; sourceTree = "<group>"; };
		102D80D221637E52003A3901 /* CampaignSubmissionManager.swift */ = {isa = PBXFileReference; fileEncoding = 4; lastKnownFileType = sourcecode.swift; path = CampaignSubmissionManager.swift; sourceTree = "<group>"; };
		102D80D421637E52003A3901 /* RequestBuilder.swift */ = {isa = PBXFileReference; fileEncoding = 4; lastKnownFileType = sourcecode.swift; path = RequestBuilder.swift; sourceTree = "<group>"; };
		102D80D621637E52003A3901 /* FormService.swift */ = {isa = PBXFileReference; fileEncoding = 4; lastKnownFileType = sourcecode.swift; path = FormService.swift; sourceTree = "<group>"; };
		102D80D721637E52003A3901 /* CampaignService.swift */ = {isa = PBXFileReference; fileEncoding = 4; lastKnownFileType = sourcecode.swift; path = CampaignService.swift; sourceTree = "<group>"; };
		102D80D821637E52003A3901 /* Assets.xcassets */ = {isa = PBXFileReference; lastKnownFileType = folder.assetcatalog; path = Assets.xcassets; sourceTree = "<group>"; };
		102D80DA21637E52003A3901 /* UBFeedbackRequestDAO.swift */ = {isa = PBXFileReference; fileEncoding = 4; lastKnownFileType = sourcecode.swift; path = UBFeedbackRequestDAO.swift; sourceTree = "<group>"; };
		102D80DB21637E52003A3901 /* UBFormDAO.swift */ = {isa = PBXFileReference; fileEncoding = 4; lastKnownFileType = sourcecode.swift; path = UBFormDAO.swift; sourceTree = "<group>"; };
		102D80DC21637E52003A3901 /* UBCampaignDAO.swift */ = {isa = PBXFileReference; fileEncoding = 4; lastKnownFileType = sourcecode.swift; path = UBCampaignDAO.swift; sourceTree = "<group>"; };
		102D80DD21637E52003A3901 /* UBFeedbackIDDictionaryDAO.swift */ = {isa = PBXFileReference; fileEncoding = 4; lastKnownFileType = sourcecode.swift; path = UBFeedbackIDDictionaryDAO.swift; sourceTree = "<group>"; };
		102D80DE21637E52003A3901 /* UBFileStorageDAO.swift */ = {isa = PBXFileReference; fileEncoding = 4; lastKnownFileType = sourcecode.swift; path = UBFileStorageDAO.swift; sourceTree = "<group>"; };
		102D80DF21637E52003A3901 /* UBDAO.swift */ = {isa = PBXFileReference; fileEncoding = 4; lastKnownFileType = sourcecode.swift; path = UBDAO.swift; sourceTree = "<group>"; };
		102D80E021637E52003A3901 /* UBCampaignFeedbackRequestDAO.swift */ = {isa = PBXFileReference; fileEncoding = 4; lastKnownFileType = sourcecode.swift; path = UBCampaignFeedbackRequestDAO.swift; sourceTree = "<group>"; };
		102D80E121637E52003A3901 /* UsabillaInternal.swift */ = {isa = PBXFileReference; fileEncoding = 4; lastKnownFileType = sourcecode.swift; path = UsabillaInternal.swift; sourceTree = "<group>"; };
		102D80E321637E52003A3901 /* FormStore.swift */ = {isa = PBXFileReference; fileEncoding = 4; lastKnownFileType = sourcecode.swift; path = FormStore.swift; sourceTree = "<group>"; };
		102D80E421637E52003A3901 /* UBCampaignStore.swift */ = {isa = PBXFileReference; fileEncoding = 4; lastKnownFileType = sourcecode.swift; path = UBCampaignStore.swift; sourceTree = "<group>"; };
		102D80E621637E52003A3901 /* SwiftyJSON.swift */ = {isa = PBXFileReference; fileEncoding = 4; lastKnownFileType = sourcecode.swift; path = SwiftyJSON.swift; sourceTree = "<group>"; };
		102D80E721637E52003A3901 /* Logging.swift */ = {isa = PBXFileReference; fileEncoding = 4; lastKnownFileType = sourcecode.swift; path = Logging.swift; sourceTree = "<group>"; };
		102D80E821637E52003A3901 /* UBFileHelper.swift */ = {isa = PBXFileReference; fileEncoding = 4; lastKnownFileType = sourcecode.swift; path = UBFileHelper.swift; sourceTree = "<group>"; };
		102D80E921637E52003A3901 /* LocalisationHandler.swift */ = {isa = PBXFileReference; fileEncoding = 4; lastKnownFileType = sourcecode.swift; path = LocalisationHandler.swift; sourceTree = "<group>"; };
		102D80EA21637E52003A3901 /* AnimationManager.swift */ = {isa = PBXFileReference; fileEncoding = 4; lastKnownFileType = sourcecode.swift; path = AnimationManager.swift; sourceTree = "<group>"; };
		102D80EB21637E52003A3901 /* Reachability.swift */ = {isa = PBXFileReference; fileEncoding = 4; lastKnownFileType = sourcecode.swift; path = Reachability.swift; sourceTree = "<group>"; };
		102D80EC21637E52003A3901 /* UsabillaTheme.swift */ = {isa = PBXFileReference; fileEncoding = 4; lastKnownFileType = sourcecode.swift; path = UsabillaTheme.swift; sourceTree = "<group>"; };
		102D80EE21637E52003A3901 /* Date.swift */ = {isa = PBXFileReference; fileEncoding = 4; lastKnownFileType = sourcecode.swift; path = Date.swift; sourceTree = "<group>"; };
		102D80EF21637E52003A3901 /* UIView.swift */ = {isa = PBXFileReference; fileEncoding = 4; lastKnownFileType = sourcecode.swift; path = UIView.swift; sourceTree = "<group>"; };
		102D80F021637E52003A3901 /* NSLayoutConstraint.swift */ = {isa = PBXFileReference; fileEncoding = 4; lastKnownFileType = sourcecode.swift; path = NSLayoutConstraint.swift; sourceTree = "<group>"; };
		102D80F121637E52003A3901 /* UIBarButtonItem.swift */ = {isa = PBXFileReference; fileEncoding = 4; lastKnownFileType = sourcecode.swift; path = UIBarButtonItem.swift; sourceTree = "<group>"; };
		102D80F221637E52003A3901 /* UIColor.swift */ = {isa = PBXFileReference; fileEncoding = 4; lastKnownFileType = sourcecode.swift; path = UIColor.swift; sourceTree = "<group>"; };
		102D80F321637E52003A3901 /* UITableView.swift */ = {isa = PBXFileReference; fileEncoding = 4; lastKnownFileType = sourcecode.swift; path = UITableView.swift; sourceTree = "<group>"; };
		102D80F421637E52003A3901 /* UIDevice.swift */ = {isa = PBXFileReference; fileEncoding = 4; lastKnownFileType = sourcecode.swift; path = UIDevice.swift; sourceTree = "<group>"; };
		102D80F521637E52003A3901 /* String.swift */ = {isa = PBXFileReference; fileEncoding = 4; lastKnownFileType = sourcecode.swift; path = String.swift; sourceTree = "<group>"; };
		102D80F621637E52003A3901 /* UIImage.swift */ = {isa = PBXFileReference; fileEncoding = 4; lastKnownFileType = sourcecode.swift; path = UIImage.swift; sourceTree = "<group>"; };
		102D80F721637E52003A3901 /* UIImageView.swift */ = {isa = PBXFileReference; fileEncoding = 4; lastKnownFileType = sourcecode.swift; path = UIImageView.swift; sourceTree = "<group>"; };
		102D80F821637E52003A3901 /* UIFont.swift */ = {isa = PBXFileReference; fileEncoding = 4; lastKnownFileType = sourcecode.swift; path = UIFont.swift; sourceTree = "<group>"; };
		102D80F921637E52003A3901 /* UILabel.swift */ = {isa = PBXFileReference; fileEncoding = 4; lastKnownFileType = sourcecode.swift; path = UILabel.swift; sourceTree = "<group>"; };
		102D80FA21637E52003A3901 /* Extension.swift */ = {isa = PBXFileReference; fileEncoding = 4; lastKnownFileType = sourcecode.swift; path = Extension.swift; sourceTree = "<group>"; };
		102D80FB21637E52003A3901 /* HTTPClient.swift */ = {isa = PBXFileReference; fileEncoding = 4; lastKnownFileType = sourcecode.swift; path = HTTPClient.swift; sourceTree = "<group>"; };
		102D80FC21637E52003A3901 /* StyleKit.swift */ = {isa = PBXFileReference; fileEncoding = 4; lastKnownFileType = sourcecode.swift; path = StyleKit.swift; sourceTree = "<group>"; };
		102D80FD21637E52003A3901 /* Promise.swift */ = {isa = PBXFileReference; fileEncoding = 4; lastKnownFileType = sourcecode.swift; path = Promise.swift; sourceTree = "<group>"; };
		102D80FE21637E52003A3901 /* JSONFormParser.swift */ = {isa = PBXFileReference; fileEncoding = 4; lastKnownFileType = sourcecode.swift; path = JSONFormParser.swift; sourceTree = "<group>"; };
		102D80FF21637E52003A3901 /* TargetingFactory.swift */ = {isa = PBXFileReference; fileEncoding = 4; lastKnownFileType = sourcecode.swift; path = TargetingFactory.swift; sourceTree = "<group>"; };
		102D810021637E52003A3901 /* DeviceInfo.swift */ = {isa = PBXFileReference; fileEncoding = 4; lastKnownFileType = sourcecode.swift; path = DeviceInfo.swift; sourceTree = "<group>"; };
		102D810121637E52003A3901 /* SwiftEventBus.swift */ = {isa = PBXFileReference; fileEncoding = 4; lastKnownFileType = sourcecode.swift; path = SwiftEventBus.swift; sourceTree = "<group>"; };
		102D810221637E52003A3901 /* SwiftCheckBox.swift */ = {isa = PBXFileReference; fileEncoding = 4; lastKnownFileType = sourcecode.swift; path = SwiftCheckBox.swift; sourceTree = "<group>"; };
		102D810321637E52003A3901 /* PathManager.swift */ = {isa = PBXFileReference; fileEncoding = 4; lastKnownFileType = sourcecode.swift; path = PathManager.swift; sourceTree = "<group>"; };
		102D810421637E52003A3901 /* UBAccessibility.swift */ = {isa = PBXFileReference; fileEncoding = 4; lastKnownFileType = sourcecode.swift; path = UBAccessibility.swift; sourceTree = "<group>"; };
		102D810621637E52003A3901 /* UBEndPageModel.swift */ = {isa = PBXFileReference; fileEncoding = 4; lastKnownFileType = sourcecode.swift; path = UBEndPageModel.swift; sourceTree = "<group>"; };
		102D810721637E52003A3901 /* BaseFieldModel.swift */ = {isa = PBXFileReference; fileEncoding = 4; lastKnownFileType = sourcecode.swift; path = BaseFieldModel.swift; sourceTree = "<group>"; };
		102D810821637E52003A3901 /* ParagraphFieldModel.swift */ = {isa = PBXFileReference; fileEncoding = 4; lastKnownFileType = sourcecode.swift; path = ParagraphFieldModel.swift; sourceTree = "<group>"; };
		102D810921637E52003A3901 /* EmailFieldModel.swift */ = {isa = PBXFileReference; fileEncoding = 4; lastKnownFileType = sourcecode.swift; path = EmailFieldModel.swift; sourceTree = "<group>"; };
		102D810A21637E52003A3901 /* ScreenshotModel.swift */ = {isa = PBXFileReference; fileEncoding = 4; lastKnownFileType = sourcecode.swift; path = ScreenshotModel.swift; sourceTree = "<group>"; };
		102D810B21637E52003A3901 /* TextAreaFieldModel.swift */ = {isa = PBXFileReference; fileEncoding = 4; lastKnownFileType = sourcecode.swift; path = TextAreaFieldModel.swift; sourceTree = "<group>"; };
		102D810C21637E52003A3901 /* StringFieldModel.swift */ = {isa = PBXFileReference; fileEncoding = 4; lastKnownFileType = sourcecode.swift; path = StringFieldModel.swift; sourceTree = "<group>"; };
		102D810D21637E52003A3901 /* RatingFieldModel.swift */ = {isa = PBXFileReference; fileEncoding = 4; lastKnownFileType = sourcecode.swift; path = RatingFieldModel.swift; sourceTree = "<group>"; };
		102D810E21637E52003A3901 /* RadioFieldModel.swift */ = {isa = PBXFileReference; fileEncoding = 4; lastKnownFileType = sourcecode.swift; path = RadioFieldModel.swift; sourceTree = "<group>"; };
		102D810F21637E52003A3901 /* RootCellView.swift */ = {isa = PBXFileReference; fileEncoding = 4; lastKnownFileType = sourcecode.swift; path = RootCellView.swift; sourceTree = "<group>"; };
		102D811021637E52003A3901 /* CheckboxFieldModel.swift */ = {isa = PBXFileReference; fileEncoding = 4; lastKnownFileType = sourcecode.swift; path = CheckboxFieldModel.swift; sourceTree = "<group>"; };
		102D811121637E52003A3901 /* CampaignModel.swift */ = {isa = PBXFileReference; fileEncoding = 4; lastKnownFileType = sourcecode.swift; path = CampaignModel.swift; sourceTree = "<group>"; };
		102D811221637E52003A3901 /* PageModel.swift */ = {isa = PBXFileReference; fileEncoding = 4; lastKnownFileType = sourcecode.swift; path = PageModel.swift; sourceTree = "<group>"; };
		102D811321637E52003A3901 /* TextFieldModel.swift */ = {isa = PBXFileReference; fileEncoding = 4; lastKnownFileType = sourcecode.swift; path = TextFieldModel.swift; sourceTree = "<group>"; };
		102D811421637E52003A3901 /* HeaderFieldModel.swift */ = {isa = PBXFileReference; fileEncoding = 4; lastKnownFileType = sourcecode.swift; path = HeaderFieldModel.swift; sourceTree = "<group>"; };
		102D811521637E52003A3901 /* FormModel.swift */ = {isa = PBXFileReference; fileEncoding = 4; lastKnownFileType = sourcecode.swift; path = FormModel.swift; sourceTree = "<group>"; };
		102D811621637E52003A3901 /* TargetingOptionsModel.swift */ = {isa = PBXFileReference; fileEncoding = 4; lastKnownFileType = sourcecode.swift; path = TargetingOptionsModel.swift; sourceTree = "<group>"; };
		102D811721637E52003A3901 /* FieldFactory.swift */ = {isa = PBXFileReference; fileEncoding = 4; lastKnownFileType = sourcecode.swift; path = FieldFactory.swift; sourceTree = "<group>"; };
		102D811821637E52003A3901 /* PickerFieldModel.swift */ = {isa = PBXFileReference; fileEncoding = 4; lastKnownFileType = sourcecode.swift; path = PickerFieldModel.swift; sourceTree = "<group>"; };
		102D811921637E52003A3901 /* OptionsFieldModel.swift */ = {isa = PBXFileReference; fileEncoding = 4; lastKnownFileType = sourcecode.swift; path = OptionsFieldModel.swift; sourceTree = "<group>"; };
		102D811A21637E52003A3901 /* IntFieldModel.swift */ = {isa = PBXFileReference; fileEncoding = 4; lastKnownFileType = sourcecode.swift; path = IntFieldModel.swift; sourceTree = "<group>"; };
		102D811B21637E52003A3901 /* UBFeedbackRequest.swift */ = {isa = PBXFileReference; fileEncoding = 4; lastKnownFileType = sourcecode.swift; path = UBFeedbackRequest.swift; sourceTree = "<group>"; };
		102D811C21637E52003A3901 /* NPSFieldModel.swift */ = {isa = PBXFileReference; fileEncoding = 4; lastKnownFileType = sourcecode.swift; path = NPSFieldModel.swift; sourceTree = "<group>"; };
		102D811D21637E52003A3901 /* UBCampaignFeedbackRequest.swift */ = {isa = PBXFileReference; fileEncoding = 4; lastKnownFileType = sourcecode.swift; path = UBCampaignFeedbackRequest.swift; sourceTree = "<group>"; };
		102D811F21637E52003A3901 /* JumpRule.swift */ = {isa = PBXFileReference; fileEncoding = 4; lastKnownFileType = sourcecode.swift; path = JumpRule.swift; sourceTree = "<group>"; };
		102D812021637E52003A3901 /* ShowHideRule.swift */ = {isa = PBXFileReference; fileEncoding = 4; lastKnownFileType = sourcecode.swift; path = ShowHideRule.swift; sourceTree = "<group>"; };
		102D812121637E52003A3901 /* UBRule.swift */ = {isa = PBXFileReference; fileEncoding = 4; lastKnownFileType = sourcecode.swift; path = UBRule.swift; sourceTree = "<group>"; };
		102D812221637E52003A3901 /* CopyModel.swift */ = {isa = PBXFileReference; fileEncoding = 4; lastKnownFileType = sourcecode.swift; path = CopyModel.swift; sourceTree = "<group>"; };
		102D812321637E52003A3901 /* MoodFieldModel.swift */ = {isa = PBXFileReference; fileEncoding = 4; lastKnownFileType = sourcecode.swift; path = MoodFieldModel.swift; sourceTree = "<group>"; };
		102D812421637E52003A3901 /* IntroPageModel.swift */ = {isa = PBXFileReference; fileEncoding = 4; lastKnownFileType = sourcecode.swift; path = IntroPageModel.swift; sourceTree = "<group>"; };
		102D812521637E52003A3901 /* Usabilla.h */ = {isa = PBXFileReference; fileEncoding = 4; lastKnownFileType = sourcecode.c.h; path = Usabilla.h; sourceTree = "<group>"; };
		102D812621637E52003A3901 /* Usabilla.swift */ = {isa = PBXFileReference; fileEncoding = 4; lastKnownFileType = sourcecode.swift; path = Usabilla.swift; sourceTree = "<group>"; };
		102D812921637E52003A3901 /* PercentageDecorator.swift */ = {isa = PBXFileReference; fileEncoding = 4; lastKnownFileType = sourcecode.swift; path = PercentageDecorator.swift; sourceTree = "<group>"; };
		102D812A21637E52003A3901 /* RepetitionDecorator.swift */ = {isa = PBXFileReference; fileEncoding = 4; lastKnownFileType = sourcecode.swift; path = RepetitionDecorator.swift; sourceTree = "<group>"; };
		102D812B21637E52003A3901 /* Decorator.swift */ = {isa = PBXFileReference; fileEncoding = 4; lastKnownFileType = sourcecode.swift; path = Decorator.swift; sourceTree = "<group>"; };
		102D812D21637E52003A3901 /* Event.swift */ = {isa = PBXFileReference; fileEncoding = 4; lastKnownFileType = sourcecode.swift; path = Event.swift; sourceTree = "<group>"; };
		102D812E21637E52003A3901 /* ActiveStatus.swift */ = {isa = PBXFileReference; fileEncoding = 4; lastKnownFileType = sourcecode.swift; path = ActiveStatus.swift; sourceTree = "<group>"; };
		102D812F21637E52003A3901 /* PassiveStatus.swift */ = {isa = PBXFileReference; fileEncoding = 4; lastKnownFileType = sourcecode.swift; path = PassiveStatus.swift; sourceTree = "<group>"; };
		102D813021637E52003A3901 /* EventEngine.swift */ = {isa = PBXFileReference; fileEncoding = 4; lastKnownFileType = sourcecode.swift; path = EventEngine.swift; sourceTree = "<group>"; };
		102D813221637E52003A3901 /* SequenceRule.swift */ = {isa = PBXFileReference; fileEncoding = 4; lastKnownFileType = sourcecode.swift; path = SequenceRule.swift; sourceTree = "<group>"; };
		102D813321637E52003A3901 /* LeafEvent.swift */ = {isa = PBXFileReference; fileEncoding = 4; lastKnownFileType = sourcecode.swift; path = LeafEvent.swift; sourceTree = "<group>"; };
		102D813421637E52003A3901 /* LeafPassiveStatus.swift */ = {isa = PBXFileReference; fileEncoding = 4; lastKnownFileType = sourcecode.swift; path = LeafPassiveStatus.swift; sourceTree = "<group>"; };
		102D813521637E52003A3901 /* Rules.swift */ = {isa = PBXFileReference; fileEncoding = 4; lastKnownFileType = sourcecode.swift; path = Rules.swift; sourceTree = "<group>"; };
		102D813621637E52003A3901 /* AndRule.swift */ = {isa = PBXFileReference; fileEncoding = 4; lastKnownFileType = sourcecode.swift; path = AndRule.swift; sourceTree = "<group>"; };
		102D813721637E52003A3901 /* OrRule.swift */ = {isa = PBXFileReference; fileEncoding = 4; lastKnownFileType = sourcecode.swift; path = OrRule.swift; sourceTree = "<group>"; };
		102D813821637E52003A3901 /* LeafActiveStatus.swift */ = {isa = PBXFileReference; fileEncoding = 4; lastKnownFileType = sourcecode.swift; path = LeafActiveStatus.swift; sourceTree = "<group>"; };
		102D813921637E52003A3901 /* CampaignManager.swift */ = {isa = PBXFileReference; fileEncoding = 4; lastKnownFileType = sourcecode.swift; path = CampaignManager.swift; sourceTree = "<group>"; };
		102D813A21637E52003A3901 /* formJson.json */ = {isa = PBXFileReference; fileEncoding = 4; lastKnownFileType = text.json; path = formJson.json; sourceTree = "<group>"; };
		102D813B21637E52003A3901 /* Debug.swift */ = {isa = PBXFileReference; fileEncoding = 4; lastKnownFileType = sourcecode.swift; path = Debug.swift; sourceTree = "<group>"; };
		102D813D21637E52003A3901 /* PassiveFormController.swift */ = {isa = PBXFileReference; fileEncoding = 4; lastKnownFileType = sourcecode.swift; path = PassiveFormController.swift; sourceTree = "<group>"; };
		102D813E21637E52003A3901 /* FormViewController.swift */ = {isa = PBXFileReference; fileEncoding = 4; lastKnownFileType = sourcecode.swift; path = FormViewController.swift; sourceTree = "<group>"; };
		102D813F21637E52003A3901 /* ThankYouViewController.swift */ = {isa = PBXFileReference; fileEncoding = 4; lastKnownFileType = sourcecode.swift; path = ThankYouViewController.swift; sourceTree = "<group>"; };
		102D814021637E52003A3901 /* PageViewController.swift */ = {isa = PBXFileReference; fileEncoding = 4; lastKnownFileType = sourcecode.swift; path = PageViewController.swift; sourceTree = "<group>"; };
		102D814121637E52003A3901 /* CampaignViewController.swift */ = {isa = PBXFileReference; fileEncoding = 4; lastKnownFileType = sourcecode.swift; path = CampaignViewController.swift; sourceTree = "<group>"; };
		102D814421637E52003A3901 /* FooterTableViewCell.swift */ = {isa = PBXFileReference; fileEncoding = 4; lastKnownFileType = sourcecode.swift; path = FooterTableViewCell.swift; sourceTree = "<group>"; };
		102D814521637E52003A3901 /* CheckBoxWithText.swift */ = {isa = PBXFileReference; fileEncoding = 4; lastKnownFileType = sourcecode.swift; path = CheckBoxWithText.swift; sourceTree = "<group>"; };
		102D814621637E52003A3901 /* UBSlider.swift */ = {isa = PBXFileReference; fileEncoding = 4; lastKnownFileType = sourcecode.swift; path = UBSlider.swift; sourceTree = "<group>"; };
		102D814821637E52003A3901 /* ScreenshotComponent.swift */ = {isa = PBXFileReference; fileEncoding = 4; lastKnownFileType = sourcecode.swift; path = ScreenshotComponent.swift; sourceTree = "<group>"; };
		102D814921637E52003A3901 /* MoodComponent.swift */ = {isa = PBXFileReference; fileEncoding = 4; lastKnownFileType = sourcecode.swift; path = MoodComponent.swift; sourceTree = "<group>"; };
		102D814A21637E52003A3901 /* TextAreaComponent.swift */ = {isa = PBXFileReference; fileEncoding = 4; lastKnownFileType = sourcecode.swift; path = TextAreaComponent.swift; sourceTree = "<group>"; };
		102D814B21637E52003A3901 /* NPSComponent.swift */ = {isa = PBXFileReference; fileEncoding = 4; lastKnownFileType = sourcecode.swift; path = NPSComponent.swift; sourceTree = "<group>"; };
		102D814C21637E52003A3901 /* PickerComponent.swift */ = {isa = PBXFileReference; fileEncoding = 4; lastKnownFileType = sourcecode.swift; path = PickerComponent.swift; sourceTree = "<group>"; };
		102D814D21637E52003A3901 /* RadioComponent.swift */ = {isa = PBXFileReference; fileEncoding = 4; lastKnownFileType = sourcecode.swift; path = RadioComponent.swift; sourceTree = "<group>"; };
		102D814E21637E52003A3901 /* PickerIPadComponent.swift */ = {isa = PBXFileReference; fileEncoding = 4; lastKnownFileType = sourcecode.swift; path = PickerIPadComponent.swift; sourceTree = "<group>"; };
		102D814F21637E52003A3901 /* CheckBoxComponent.swift */ = {isa = PBXFileReference; fileEncoding = 4; lastKnownFileType = sourcecode.swift; path = CheckBoxComponent.swift; sourceTree = "<group>"; };
		102D815021637E52003A3901 /* ParagraphComponent.swift */ = {isa = PBXFileReference; fileEncoding = 4; lastKnownFileType = sourcecode.swift; path = ParagraphComponent.swift; sourceTree = "<group>"; };
		102D815121637E52003A3901 /* NPSControl.swift */ = {isa = PBXFileReference; fileEncoding = 4; lastKnownFileType = sourcecode.swift; path = NPSControl.swift; sourceTree = "<group>"; };
		102D815221637E52003A3901 /* BaseComponent.swift */ = {isa = PBXFileReference; fileEncoding = 4; lastKnownFileType = sourcecode.swift; path = BaseComponent.swift; sourceTree = "<group>"; };
		102D815321637E52003A3901 /* ComponentFactory.swift */ = {isa = PBXFileReference; fileEncoding = 4; lastKnownFileType = sourcecode.swift; path = ComponentFactory.swift; sourceTree = "<group>"; };
		102D815421637E52003A3901 /* PickerParentComponent.swift */ = {isa = PBXFileReference; fileEncoding = 4; lastKnownFileType = sourcecode.swift; path = PickerParentComponent.swift; sourceTree = "<group>"; };
		102D815521637E52003A3901 /* BaseCheckBoxComponent.swift */ = {isa = PBXFileReference; fileEncoding = 4; lastKnownFileType = sourcecode.swift; path = BaseCheckBoxComponent.swift; sourceTree = "<group>"; };
		102D815621637E52003A3901 /* NPSToolTip.swift */ = {isa = PBXFileReference; fileEncoding = 4; lastKnownFileType = sourcecode.swift; path = NPSToolTip.swift; sourceTree = "<group>"; };
		102D815721637E52003A3901 /* SliderComponent.swift */ = {isa = PBXFileReference; fileEncoding = 4; lastKnownFileType = sourcecode.swift; path = SliderComponent.swift; sourceTree = "<group>"; };
		102D815821637E52003A3901 /* RatingControl.swift */ = {isa = PBXFileReference; fileEncoding = 4; lastKnownFileType = sourcecode.swift; path = RatingControl.swift; sourceTree = "<group>"; };
		102D815921637E52003A3901 /* BaseTextFieldComponent.swift */ = {isa = PBXFileReference; fileEncoding = 4; lastKnownFileType = sourcecode.swift; path = BaseTextFieldComponent.swift; sourceTree = "<group>"; };
		102D815A21637E52003A3901 /* BaseTextAreaComponent.swift */ = {isa = PBXFileReference; fileEncoding = 4; lastKnownFileType = sourcecode.swift; path = BaseTextAreaComponent.swift; sourceTree = "<group>"; };
		102D815B21637E52003A3901 /* EmailComponent.swift */ = {isa = PBXFileReference; fileEncoding = 4; lastKnownFileType = sourcecode.swift; path = EmailComponent.swift; sourceTree = "<group>"; };
		102D815C21637E52003A3901 /* HeaderComponent.swift */ = {isa = PBXFileReference; fileEncoding = 4; lastKnownFileType = sourcecode.swift; path = HeaderComponent.swift; sourceTree = "<group>"; };
		102D815E21637E52003A3901 /* PoweredByUsabillaView.swift */ = {isa = PBXFileReference; fileEncoding = 4; lastKnownFileType = sourcecode.swift; path = PoweredByUsabillaView.swift; sourceTree = "<group>"; };
		102D816021637E52003A3901 /* UBAlertDisplay.swift */ = {isa = PBXFileReference; fileEncoding = 4; lastKnownFileType = sourcecode.swift; path = UBAlertDisplay.swift; sourceTree = "<group>"; };
		102D816121637E52003A3901 /* UBBannerPresenter.swift */ = {isa = PBXFileReference; fileEncoding = 4; lastKnownFileType = sourcecode.swift; path = UBBannerPresenter.swift; sourceTree = "<group>"; };
		102D816221637E52003A3901 /* UBIntroOutroPresenter.swift */ = {isa = PBXFileReference; fileEncoding = 4; lastKnownFileType = sourcecode.swift; path = UBIntroOutroPresenter.swift; sourceTree = "<group>"; };
		102D816321637E52003A3901 /* UBAlertPresenter.swift */ = {isa = PBXFileReference; fileEncoding = 4; lastKnownFileType = sourcecode.swift; path = UBAlertPresenter.swift; sourceTree = "<group>"; };
		102D816421637E52003A3901 /* CampaignWindow.swift */ = {isa = PBXFileReference; fileEncoding = 4; lastKnownFileType = sourcecode.swift; path = CampaignWindow.swift; sourceTree = "<group>"; };
		102D816521637E52003A3901 /* UBIntroOutroView.swift */ = {isa = PBXFileReference; fileEncoding = 4; lastKnownFileType = sourcecode.swift; path = UBIntroOutroView.swift; sourceTree = "<group>"; };
		102D816621637E52003A3901 /* UBBannerDisplay.swift */ = {isa = PBXFileReference; fileEncoding = 4; lastKnownFileType = sourcecode.swift; path = UBBannerDisplay.swift; sourceTree = "<group>"; };
		102D816721637E52003A3901 /* UBCustomTouchableView.swift */ = {isa = PBXFileReference; fileEncoding = 4; lastKnownFileType = sourcecode.swift; path = UBCustomTouchableView.swift; sourceTree = "<group>"; };
		102D816821637E52003A3901 /* UBToast.swift */ = {isa = PBXFileReference; fileEncoding = 4; lastKnownFileType = sourcecode.swift; path = UBToast.swift; sourceTree = "<group>"; };
		102D816A21637E52003A3901 /* FieldModel.swift */ = {isa = PBXFileReference; fileEncoding = 4; lastKnownFileType = sourcecode.swift; path = FieldModel.swift; sourceTree = "<group>"; };
		102D816B21637E52003A3901 /* HTTPClientProtocol.swift */ = {isa = PBXFileReference; fileEncoding = 4; lastKnownFileType = sourcecode.swift; path = HTTPClientProtocol.swift; sourceTree = "<group>"; };
		102D816C21637E52003A3901 /* Protocols.swift */ = {isa = PBXFileReference; fileEncoding = 4; lastKnownFileType = sourcecode.swift; path = Protocols.swift; sourceTree = "<group>"; };
		102D816D21637E52003A3901 /* Info.plist */ = {isa = PBXFileReference; fileEncoding = 4; lastKnownFileType = text.plist.xml; path = Info.plist; sourceTree = "<group>"; };
/* End PBXFileReference section */

/* Begin PBXFrameworksBuildPhase section */
		102D80A221637E1D003A3901 /* Frameworks */ = {
			isa = PBXFrameworksBuildPhase;
			buildActionMask = 2147483647;
			files = (
			);
			runOnlyForDeploymentPostprocessing = 0;
		};
/* End PBXFrameworksBuildPhase section */

/* Begin PBXGroup section */
		102D809B21637E1C003A3901 = {
			isa = PBXGroup;
			children = (
				102D80B021637E52003A3901 /* Usabilla */,
				102D80A721637E1D003A3901 /* UsabillaLib */,
				102D80A621637E1D003A3901 /* Products */,
			);
			sourceTree = "<group>";
		};
		102D80A621637E1D003A3901 /* Products */ = {
			isa = PBXGroup;
			children = (
				102D80A521637E1D003A3901 /* Usabilla.framework */,
			);
			name = Products;
			sourceTree = "<group>";
		};
		102D80A721637E1D003A3901 /* UsabillaLib */ = {
			isa = PBXGroup;
			children = (
				102D80A821637E1D003A3901 /* Usabilla.h */,
				102D80A921637E1D003A3901 /* Info.plist */,
			);
			path = UsabillaLib;
			sourceTree = "<group>";
		};
		102D80B021637E52003A3901 /* Usabilla */ = {
			isa = PBXGroup;
			children = (
				102D80B121637E52003A3901 /* ViewModels */,
				102D80CE21637E52003A3901 /* usa_localizable.strings */,
				102D80CF21637E52003A3901 /* Managers */,
				102D80D321637E52003A3901 /* Network */,
				102D80D821637E52003A3901 /* Assets.xcassets */,
				102D80D921637E52003A3901 /* DAO */,
				102D80E121637E52003A3901 /* UsabillaInternal.swift */,
				102D80E221637E52003A3901 /* Stores */,
				102D80E521637E52003A3901 /* Utils */,
				102D810521637E52003A3901 /* Models */,
				102D812521637E52003A3901 /* Usabilla.h */,
				102D812621637E52003A3901 /* Usabilla.swift */,
				102D812721637E52003A3901 /* EventEngine */,
				102D813A21637E52003A3901 /* formJson.json */,
				102D813B21637E52003A3901 /* Debug.swift */,
				102D813C21637E52003A3901 /* Controllers */,
				102D814221637E52003A3901 /* Views */,
				102D816921637E52003A3901 /* Protocols */,
				102D816D21637E52003A3901 /* Info.plist */,
			);
			name = Usabilla;
			path = ../Usabilla;
			sourceTree = "<group>";
		};
		102D80B121637E52003A3901 /* ViewModels */ = {
			isa = PBXGroup;
			children = (
				102D80B221637E52003A3901 /* CellViewModel.swift */,
				102D80B321637E52003A3901 /* Components */,
				102D80C721637E52003A3901 /* Campaign */,
				102D80CC21637E52003A3901 /* PageViewModel.swift */,
				102D80CD21637E52003A3901 /* UBFormViewModel.swift */,
			);
			path = ViewModels;
			sourceTree = "<group>";
		};
		102D80B321637E52003A3901 /* Components */ = {
			isa = PBXGroup;
			children = (
				102D80B421637E52003A3901 /* BaseEditableStringComponentViewModel.swift */,
				102D80B521637E52003A3901 /* BaseIntComponentViewModel.swift */,
				102D80B621637E52003A3901 /* PickerComponentViewModel.swift */,
				102D80B721637E52003A3901 /* TextAreaComponentViewModel.swift */,
				102D80B821637E52003A3901 /* CheckBoxComponentViewModel.swift */,
				102D80B921637E52003A3901 /* BaseStringComponentViewModel.swift */,
				102D80BA21637E52003A3901 /* ComponentViewModelFactory.swift */,
				102D80BB21637E52003A3901 /* ComponentViewModel.swift */,
				102D80BC21637E52003A3901 /* ParagraphComponentViewModel.swift */,
				102D80BD21637E52003A3901 /* EmailComponentViewModel.swift */,
				102D80BE21637E52003A3901 /* BaseOptionsComponentViewModel.swift */,
				102D80BF21637E52003A3901 /* SliderComponentViewModel.swift */,
				102D80C021637E52003A3901 /* RadioComponentViewModel.swift */,
				102D80C121637E52003A3901 /* ScreenshotComponentViewModel.swift */,
				102D80C221637E52003A3901 /* NPSComponentViewModel.swift */,
				102D80C321637E52003A3901 /* MoodComponentViewModel.swift */,
				102D80C421637E52003A3901 /* HeaderComponentViewModel.swift */,
				102D80C521637E52003A3901 /* TextFieldComponentViewModel.swift */,
				102D80C621637E52003A3901 /* BaseImageComponentViewModel.swift */,
			);
			path = Components;
			sourceTree = "<group>";
		};
		102D80C721637E52003A3901 /* Campaign */ = {
			isa = PBXGroup;
			children = (
				102D80C821637E52003A3901 /* UBEndPageViewModel.swift */,
				102D80C921637E52003A3901 /* UBToastPageViewModel.swift */,
				102D80CA21637E52003A3901 /* CampaignViewModel.swift */,
				102D80CB21637E52003A3901 /* IntroPageViewModel.swift */,
			);
			path = Campaign;
			sourceTree = "<group>";
		};
		102D80CF21637E52003A3901 /* Managers */ = {
			isa = PBXGroup;
			children = (
				102D80D021637E52003A3901 /* SubmissionManager.swift */,
				102D80D121637E52003A3901 /* CampaignSubmissionRequestManager.swift */,
				102D80D221637E52003A3901 /* CampaignSubmissionManager.swift */,
			);
			path = Managers;
			sourceTree = "<group>";
		};
		102D80D321637E52003A3901 /* Network */ = {
			isa = PBXGroup;
			children = (
				102D80D421637E52003A3901 /* RequestBuilder.swift */,
				102D80D521637E52003A3901 /* Services */,
			);
			path = Network;
			sourceTree = "<group>";
		};
		102D80D521637E52003A3901 /* Services */ = {
			isa = PBXGroup;
			children = (
				102D80D621637E52003A3901 /* FormService.swift */,
				102D80D721637E52003A3901 /* CampaignService.swift */,
			);
			path = Services;
			sourceTree = "<group>";
		};
		102D80D921637E52003A3901 /* DAO */ = {
			isa = PBXGroup;
			children = (
				102D80DA21637E52003A3901 /* UBFeedbackRequestDAO.swift */,
				102D80DB21637E52003A3901 /* UBFormDAO.swift */,
				102D80DC21637E52003A3901 /* UBCampaignDAO.swift */,
				102D80DD21637E52003A3901 /* UBFeedbackIDDictionaryDAO.swift */,
				102D80DE21637E52003A3901 /* UBFileStorageDAO.swift */,
				102D80DF21637E52003A3901 /* UBDAO.swift */,
				102D80E021637E52003A3901 /* UBCampaignFeedbackRequestDAO.swift */,
			);
			path = DAO;
			sourceTree = "<group>";
		};
		102D80E221637E52003A3901 /* Stores */ = {
			isa = PBXGroup;
			children = (
				102D80E321637E52003A3901 /* FormStore.swift */,
				102D80E421637E52003A3901 /* UBCampaignStore.swift */,
			);
			path = Stores;
			sourceTree = "<group>";
		};
		102D80E521637E52003A3901 /* Utils */ = {
			isa = PBXGroup;
			children = (
				102D80E621637E52003A3901 /* SwiftyJSON.swift */,
				102D80E721637E52003A3901 /* Logging.swift */,
				102D80E821637E52003A3901 /* UBFileHelper.swift */,
				102D80E921637E52003A3901 /* LocalisationHandler.swift */,
				102D80EA21637E52003A3901 /* AnimationManager.swift */,
				102D80EB21637E52003A3901 /* Reachability.swift */,
				102D80EC21637E52003A3901 /* UsabillaTheme.swift */,
				102D80ED21637E52003A3901 /* Extensions */,
				102D80FA21637E52003A3901 /* Extension.swift */,
				102D80FB21637E52003A3901 /* HTTPClient.swift */,
				102D80FC21637E52003A3901 /* StyleKit.swift */,
				102D80FD21637E52003A3901 /* Promise.swift */,
				102D80FE21637E52003A3901 /* JSONFormParser.swift */,
				102D80FF21637E52003A3901 /* TargetingFactory.swift */,
				102D810021637E52003A3901 /* DeviceInfo.swift */,
				102D810121637E52003A3901 /* SwiftEventBus.swift */,
				102D810221637E52003A3901 /* SwiftCheckBox.swift */,
				102D810321637E52003A3901 /* PathManager.swift */,
				102D810421637E52003A3901 /* UBAccessibility.swift */,
			);
			path = Utils;
			sourceTree = "<group>";
		};
		102D80ED21637E52003A3901 /* Extensions */ = {
			isa = PBXGroup;
			children = (
				102D80EE21637E52003A3901 /* Date.swift */,
				102D80EF21637E52003A3901 /* UIView.swift */,
				102D80F021637E52003A3901 /* NSLayoutConstraint.swift */,
				102D80F121637E52003A3901 /* UIBarButtonItem.swift */,
				102D80F221637E52003A3901 /* UIColor.swift */,
				102D80F321637E52003A3901 /* UITableView.swift */,
				102D80F421637E52003A3901 /* UIDevice.swift */,
				102D80F521637E52003A3901 /* String.swift */,
				102D80F621637E52003A3901 /* UIImage.swift */,
				102D80F721637E52003A3901 /* UIImageView.swift */,
				102D80F821637E52003A3901 /* UIFont.swift */,
				102D80F921637E52003A3901 /* UILabel.swift */,
			);
			path = Extensions;
			sourceTree = "<group>";
		};
		102D810521637E52003A3901 /* Models */ = {
			isa = PBXGroup;
			children = (
				102D810621637E52003A3901 /* UBEndPageModel.swift */,
				102D810721637E52003A3901 /* BaseFieldModel.swift */,
				102D810821637E52003A3901 /* ParagraphFieldModel.swift */,
				102D810921637E52003A3901 /* EmailFieldModel.swift */,
				102D810A21637E52003A3901 /* ScreenshotModel.swift */,
				102D810B21637E52003A3901 /* TextAreaFieldModel.swift */,
				102D810C21637E52003A3901 /* StringFieldModel.swift */,
				102D810D21637E52003A3901 /* RatingFieldModel.swift */,
				102D810E21637E52003A3901 /* RadioFieldModel.swift */,
				102D810F21637E52003A3901 /* RootCellView.swift */,
				102D811021637E52003A3901 /* CheckboxFieldModel.swift */,
				102D811121637E52003A3901 /* CampaignModel.swift */,
				102D811221637E52003A3901 /* PageModel.swift */,
				102D811321637E52003A3901 /* TextFieldModel.swift */,
				102D811421637E52003A3901 /* HeaderFieldModel.swift */,
				102D811521637E52003A3901 /* FormModel.swift */,
				102D811621637E52003A3901 /* TargetingOptionsModel.swift */,
				102D811721637E52003A3901 /* FieldFactory.swift */,
				102D811821637E52003A3901 /* PickerFieldModel.swift */,
				102D811921637E52003A3901 /* OptionsFieldModel.swift */,
				102D811A21637E52003A3901 /* IntFieldModel.swift */,
				102D811B21637E52003A3901 /* UBFeedbackRequest.swift */,
				102D811C21637E52003A3901 /* NPSFieldModel.swift */,
				102D811D21637E52003A3901 /* UBCampaignFeedbackRequest.swift */,
				102D811E21637E52003A3901 /* Rules */,
				102D812221637E52003A3901 /* CopyModel.swift */,
				102D812321637E52003A3901 /* MoodFieldModel.swift */,
				102D812421637E52003A3901 /* IntroPageModel.swift */,
			);
			path = Models;
			sourceTree = "<group>";
		};
		102D811E21637E52003A3901 /* Rules */ = {
			isa = PBXGroup;
			children = (
				102D811F21637E52003A3901 /* JumpRule.swift */,
				102D812021637E52003A3901 /* ShowHideRule.swift */,
				102D812121637E52003A3901 /* UBRule.swift */,
			);
			path = Rules;
			sourceTree = "<group>";
		};
		102D812721637E52003A3901 /* EventEngine */ = {
			isa = PBXGroup;
			children = (
				102D812821637E52003A3901 /* Decorators */,
				102D812C21637E52003A3901 /* Leaves */,
				102D813021637E52003A3901 /* EventEngine.swift */,
				102D813121637E52003A3901 /* Rules */,
				102D813921637E52003A3901 /* CampaignManager.swift */,
			);
			path = EventEngine;
			sourceTree = "<group>";
		};
		102D812821637E52003A3901 /* Decorators */ = {
			isa = PBXGroup;
			children = (
				102D812921637E52003A3901 /* PercentageDecorator.swift */,
				102D812A21637E52003A3901 /* RepetitionDecorator.swift */,
				102D812B21637E52003A3901 /* Decorator.swift */,
			);
			path = Decorators;
			sourceTree = "<group>";
		};
		102D812C21637E52003A3901 /* Leaves */ = {
			isa = PBXGroup;
			children = (
				102D812D21637E52003A3901 /* Event.swift */,
				102D812E21637E52003A3901 /* ActiveStatus.swift */,
				102D812F21637E52003A3901 /* PassiveStatus.swift */,
			);
			path = Leaves;
			sourceTree = "<group>";
		};
		102D813121637E52003A3901 /* Rules */ = {
			isa = PBXGroup;
			children = (
				102D813221637E52003A3901 /* SequenceRule.swift */,
				102D813321637E52003A3901 /* LeafEvent.swift */,
				102D813421637E52003A3901 /* LeafPassiveStatus.swift */,
				102D813521637E52003A3901 /* Rules.swift */,
				102D813621637E52003A3901 /* AndRule.swift */,
				102D813721637E52003A3901 /* OrRule.swift */,
				102D813821637E52003A3901 /* LeafActiveStatus.swift */,
			);
			path = Rules;
			sourceTree = "<group>";
		};
		102D813C21637E52003A3901 /* Controllers */ = {
			isa = PBXGroup;
			children = (
				102D813D21637E52003A3901 /* PassiveFormController.swift */,
				102D813E21637E52003A3901 /* FormViewController.swift */,
				102D813F21637E52003A3901 /* ThankYouViewController.swift */,
				102D814021637E52003A3901 /* PageViewController.swift */,
				102D814121637E52003A3901 /* CampaignViewController.swift */,
			);
			path = Controllers;
			sourceTree = "<group>";
		};
		102D814221637E52003A3901 /* Views */ = {
			isa = PBXGroup;
			children = (
				102D814321637E52003A3901 /* Cells */,
				102D814521637E52003A3901 /* CheckBoxWithText.swift */,
				102D814621637E52003A3901 /* UBSlider.swift */,
				102D814721637E52003A3901 /* Components */,
				102D815D21637E52003A3901 /* CustomViews */,
				102D815F21637E52003A3901 /* Campaigns */,
			);
			path = Views;
			sourceTree = "<group>";
		};
		102D814321637E52003A3901 /* Cells */ = {
			isa = PBXGroup;
			children = (
				102D814421637E52003A3901 /* FooterTableViewCell.swift */,
			);
			path = Cells;
			sourceTree = "<group>";
		};
		102D814721637E52003A3901 /* Components */ = {
			isa = PBXGroup;
			children = (
				102D814821637E52003A3901 /* ScreenshotComponent.swift */,
				102D814921637E52003A3901 /* MoodComponent.swift */,
				102D814A21637E52003A3901 /* TextAreaComponent.swift */,
				102D814B21637E52003A3901 /* NPSComponent.swift */,
				102D814C21637E52003A3901 /* PickerComponent.swift */,
				102D814D21637E52003A3901 /* RadioComponent.swift */,
				102D814E21637E52003A3901 /* PickerIPadComponent.swift */,
				102D814F21637E52003A3901 /* CheckBoxComponent.swift */,
				102D815021637E52003A3901 /* ParagraphComponent.swift */,
				102D815121637E52003A3901 /* NPSControl.swift */,
				102D815221637E52003A3901 /* BaseComponent.swift */,
				102D815321637E52003A3901 /* ComponentFactory.swift */,
				102D815421637E52003A3901 /* PickerParentComponent.swift */,
				102D815521637E52003A3901 /* BaseCheckBoxComponent.swift */,
				102D815621637E52003A3901 /* NPSToolTip.swift */,
				102D815721637E52003A3901 /* SliderComponent.swift */,
				102D815821637E52003A3901 /* RatingControl.swift */,
				102D815921637E52003A3901 /* BaseTextFieldComponent.swift */,
				102D815A21637E52003A3901 /* BaseTextAreaComponent.swift */,
				102D815B21637E52003A3901 /* EmailComponent.swift */,
				102D815C21637E52003A3901 /* HeaderComponent.swift */,
			);
			path = Components;
			sourceTree = "<group>";
		};
		102D815D21637E52003A3901 /* CustomViews */ = {
			isa = PBXGroup;
			children = (
				102D815E21637E52003A3901 /* PoweredByUsabillaView.swift */,
			);
			path = CustomViews;
			sourceTree = "<group>";
		};
		102D815F21637E52003A3901 /* Campaigns */ = {
			isa = PBXGroup;
			children = (
				102D816021637E52003A3901 /* UBAlertDisplay.swift */,
				102D816121637E52003A3901 /* UBBannerPresenter.swift */,
				102D816221637E52003A3901 /* UBIntroOutroPresenter.swift */,
				102D816321637E52003A3901 /* UBAlertPresenter.swift */,
				102D816421637E52003A3901 /* CampaignWindow.swift */,
				102D816521637E52003A3901 /* UBIntroOutroView.swift */,
				102D816621637E52003A3901 /* UBBannerDisplay.swift */,
				102D816721637E52003A3901 /* UBCustomTouchableView.swift */,
				102D816821637E52003A3901 /* UBToast.swift */,
			);
			path = Campaigns;
			sourceTree = "<group>";
		};
		102D816921637E52003A3901 /* Protocols */ = {
			isa = PBXGroup;
			children = (
				102D816A21637E52003A3901 /* FieldModel.swift */,
				102D816B21637E52003A3901 /* HTTPClientProtocol.swift */,
				102D816C21637E52003A3901 /* Protocols.swift */,
			);
			path = Protocols;
			sourceTree = "<group>";
		};
/* End PBXGroup section */

/* Begin PBXHeadersBuildPhase section */
		102D80A021637E1D003A3901 /* Headers */ = {
			isa = PBXHeadersBuildPhase;
			buildActionMask = 2147483647;
			files = (
				102D80AA21637E1D003A3901 /* Usabilla.h in Headers */,
				102D81D621637E52003A3901 /* Usabilla.h in Headers */,
			);
			runOnlyForDeploymentPostprocessing = 0;
		};
/* End PBXHeadersBuildPhase section */

/* Begin PBXNativeTarget section */
		102D80A421637E1D003A3901 /* Usabilla */ = {
			isa = PBXNativeTarget;
			buildConfigurationList = 102D80AD21637E1D003A3901 /* Build configuration list for PBXNativeTarget "Usabilla" */;
			buildPhases = (
				102D80A021637E1D003A3901 /* Headers */,
				102D80A121637E1D003A3901 /* Sources */,
				102D80A221637E1D003A3901 /* Frameworks */,
				102D80A321637E1D003A3901 /* Resources */,
			);
			buildRules = (
			);
			dependencies = (
			);
			name = Usabilla;
			productName = UsabillaLib;
			productReference = 102D80A521637E1D003A3901 /* Usabilla.framework */;
			productType = "com.apple.product-type.framework";
		};
/* End PBXNativeTarget section */

/* Begin PBXProject section */
		102D809C21637E1C003A3901 /* Project object */ = {
			isa = PBXProject;
			attributes = {
				LastUpgradeCheck = 1000;
				ORGANIZATIONNAME = Usabilla;
				TargetAttributes = {
					102D80A421637E1D003A3901 = {
						CreatedOnToolsVersion = 10.0;
					};
				};
			};
			buildConfigurationList = 102D809F21637E1C003A3901 /* Build configuration list for PBXProject "UsabillaLib" */;
			compatibilityVersion = "Xcode 9.3";
			developmentRegion = en;
			hasScannedForEncodings = 0;
			knownRegions = (
				en,
			);
			mainGroup = 102D809B21637E1C003A3901;
			productRefGroup = 102D80A621637E1D003A3901 /* Products */;
			projectDirPath = "";
			projectRoot = "";
			targets = (
				102D80A421637E1D003A3901 /* Usabilla */,
			);
		};
/* End PBXProject section */

/* Begin PBXResourcesBuildPhase section */
		102D80A321637E1D003A3901 /* Resources */ = {
			isa = PBXResourcesBuildPhase;
			buildActionMask = 2147483647;
			files = (
				102D818F21637E52003A3901 /* Assets.xcassets in Resources */,
				102D818821637E52003A3901 /* usa_localizable.strings in Resources */,
				102D81E721637E52003A3901 /* formJson.json in Resources */,
			);
			runOnlyForDeploymentPostprocessing = 0;
		};
/* End PBXResourcesBuildPhase section */

/* Begin PBXSourcesBuildPhase section */
		102D80A121637E1D003A3901 /* Sources */ = {
			isa = PBXSourcesBuildPhase;
			buildActionMask = 2147483647;
			files = (
				102D81A821637E52003A3901 /* String.swift in Sources */,
				102D81EA21637E52003A3901 /* FormViewController.swift in Sources */,
				102D81E521637E52003A3901 /* LeafActiveStatus.swift in Sources */,
				102D819E21637E52003A3901 /* AnimationManager.swift in Sources */,
				102D820121637E52003A3901 /* RatingControl.swift in Sources */,
				102D81B821637E52003A3901 /* UBEndPageModel.swift in Sources */,
				102D818621637E52003A3901 /* PageViewModel.swift in Sources */,
				102D81C221637E52003A3901 /* CheckboxFieldModel.swift in Sources */,
				102D81F221637E52003A3901 /* MoodComponent.swift in Sources */,
				102D818E21637E52003A3901 /* CampaignService.swift in Sources */,
				102D81B521637E52003A3901 /* SwiftCheckBox.swift in Sources */,
				102D81A321637E52003A3901 /* NSLayoutConstraint.swift in Sources */,
				102D81DD21637E52003A3901 /* PassiveStatus.swift in Sources */,
				102D820821637E52003A3901 /* UBBannerPresenter.swift in Sources */,
				102D820421637E52003A3901 /* EmailComponent.swift in Sources */,
				102D818D21637E52003A3901 /* FormService.swift in Sources */,
				102D819B21637E52003A3901 /* Logging.swift in Sources */,
				102D81FE21637E52003A3901 /* BaseCheckBoxComponent.swift in Sources */,
				102D81BB21637E52003A3901 /* EmailFieldModel.swift in Sources */,
				102D81C621637E52003A3901 /* HeaderFieldModel.swift in Sources */,
				102D81B021637E52003A3901 /* Promise.swift in Sources */,
				102D820021637E52003A3901 /* SliderComponent.swift in Sources */,
				102D820F21637E52003A3901 /* UBToast.swift in Sources */,
				102D818A21637E52003A3901 /* CampaignSubmissionRequestManager.swift in Sources */,
				102D81E921637E52003A3901 /* PassiveFormController.swift in Sources */,
				102D81CB21637E52003A3901 /* OptionsFieldModel.swift in Sources */,
				102D81AB21637E52003A3901 /* UIFont.swift in Sources */,
				102D81A621637E52003A3901 /* UITableView.swift in Sources */,
				102D81BE21637E52003A3901 /* StringFieldModel.swift in Sources */,
				102D820A21637E52003A3901 /* UBAlertPresenter.swift in Sources */,
				102D81E021637E52003A3901 /* LeafEvent.swift in Sources */,
				102D81CA21637E52003A3901 /* PickerFieldModel.swift in Sources */,
				102D819421637E52003A3901 /* UBFileStorageDAO.swift in Sources */,
				102D817221637E52003A3901 /* TextAreaComponentViewModel.swift in Sources */,
				102D81DB21637E52003A3901 /* Event.swift in Sources */,
				102D81D321637E52003A3901 /* CopyModel.swift in Sources */,
				102D817521637E52003A3901 /* ComponentViewModelFactory.swift in Sources */,
				102D819A21637E52003A3901 /* SwiftyJSON.swift in Sources */,
				102D818321637E52003A3901 /* UBToastPageViewModel.swift in Sources */,
				102D81DE21637E52003A3901 /* EventEngine.swift in Sources */,
				102D81EB21637E52003A3901 /* ThankYouViewController.swift in Sources */,
				102D81BD21637E52003A3901 /* TextAreaFieldModel.swift in Sources */,
				102D818021637E52003A3901 /* TextFieldComponentViewModel.swift in Sources */,
				102D81F521637E52003A3901 /* PickerComponent.swift in Sources */,
				102D81E821637E52003A3901 /* Debug.swift in Sources */,
				102D819021637E52003A3901 /* UBFeedbackRequestDAO.swift in Sources */,
				102D81A221637E52003A3901 /* UIView.swift in Sources */,
				102D818121637E52003A3901 /* BaseImageComponentViewModel.swift in Sources */,
				102D820621637E52003A3901 /* PoweredByUsabillaView.swift in Sources */,
				102D81E221637E52003A3901 /* Rules.swift in Sources */,
				102D81CC21637E52003A3901 /* IntFieldModel.swift in Sources */,
				102D81FF21637E52003A3901 /* NPSToolTip.swift in Sources */,
				102D821021637E52003A3901 /* FieldModel.swift in Sources */,
				102D81FC21637E52003A3901 /* ComponentFactory.swift in Sources */,
				102D819F21637E52003A3901 /* Reachability.swift in Sources */,
				102D81FA21637E52003A3901 /* NPSControl.swift in Sources */,
				102D81A921637E52003A3901 /* UIImage.swift in Sources */,
				102D819721637E52003A3901 /* UsabillaInternal.swift in Sources */,
				102D816F21637E52003A3901 /* BaseEditableStringComponentViewModel.swift in Sources */,
				102D81C421637E52003A3901 /* PageModel.swift in Sources */,
				102D81D821637E52003A3901 /* PercentageDecorator.swift in Sources */,
				102D81F621637E52003A3901 /* RadioComponent.swift in Sources */,
				102D818B21637E52003A3901 /* CampaignSubmissionManager.swift in Sources */,
				102D816E21637E52003A3901 /* CellViewModel.swift in Sources */,
				102D820D21637E52003A3901 /* UBBannerDisplay.swift in Sources */,
				102D81FB21637E52003A3901 /* BaseComponent.swift in Sources */,
				102D81F021637E52003A3901 /* UBSlider.swift in Sources */,
				102D817B21637E52003A3901 /* RadioComponentViewModel.swift in Sources */,
				102D817F21637E52003A3901 /* HeaderComponentViewModel.swift in Sources */,
				102D81D521637E52003A3901 /* IntroPageModel.swift in Sources */,
				102D817921637E52003A3901 /* BaseOptionsComponentViewModel.swift in Sources */,
				102D81FD21637E52003A3901 /* PickerParentComponent.swift in Sources */,
				102D81ED21637E52003A3901 /* CampaignViewController.swift in Sources */,
				102D81DF21637E52003A3901 /* SequenceRule.swift in Sources */,
				102D81A421637E52003A3901 /* UIBarButtonItem.swift in Sources */,
				102D81E121637E52003A3901 /* LeafPassiveStatus.swift in Sources */,
				102D819521637E52003A3901 /* UBDAO.swift in Sources */,
				102D81D421637E52003A3901 /* MoodFieldModel.swift in Sources */,
				102D81C521637E52003A3901 /* TextFieldModel.swift in Sources */,
				102D818721637E52003A3901 /* UBFormViewModel.swift in Sources */,
				102D81EE21637E52003A3901 /* FooterTableViewCell.swift in Sources */,
				102D819C21637E52003A3901 /* UBFileHelper.swift in Sources */,
				102D81E321637E52003A3901 /* AndRule.swift in Sources */,
				102D81C021637E52003A3901 /* RadioFieldModel.swift in Sources */,
				102D81C121637E52003A3901 /* RootCellView.swift in Sources */,
				102D820C21637E52003A3901 /* UBIntroOutroView.swift in Sources */,
				102D817D21637E52003A3901 /* NPSComponentViewModel.swift in Sources */,
				102D81F121637E52003A3901 /* ScreenshotComponent.swift in Sources */,
				102D81AF21637E52003A3901 /* StyleKit.swift in Sources */,
				102D81C721637E52003A3901 /* FormModel.swift in Sources */,
				102D81DA21637E52003A3901 /* Decorator.swift in Sources */,
				102D81E621637E52003A3901 /* CampaignManager.swift in Sources */,
				102D821221637E52003A3901 /* Protocols.swift in Sources */,
				102D81D221637E52003A3901 /* UBRule.swift in Sources */,
				102D818C21637E52003A3901 /* RequestBuilder.swift in Sources */,
				102D81EC21637E52003A3901 /* PageViewController.swift in Sources */,
				102D81B421637E52003A3901 /* SwiftEventBus.swift in Sources */,
				102D81D921637E52003A3901 /* RepetitionDecorator.swift in Sources */,
				102D81BF21637E52003A3901 /* RatingFieldModel.swift in Sources */,
				102D81B721637E52003A3901 /* UBAccessibility.swift in Sources */,
				102D821121637E52003A3901 /* HTTPClientProtocol.swift in Sources */,
				102D819921637E52003A3901 /* UBCampaignStore.swift in Sources */,
				102D818221637E52003A3901 /* UBEndPageViewModel.swift in Sources */,
				102D81B321637E52003A3901 /* DeviceInfo.swift in Sources */,
				102D817621637E52003A3901 /* ComponentViewModel.swift in Sources */,
				102D817721637E52003A3901 /* ParagraphComponentViewModel.swift in Sources */,
				102D81F821637E52003A3901 /* CheckBoxComponent.swift in Sources */,
				102D81C921637E52003A3901 /* FieldFactory.swift in Sources */,
				102D81CD21637E52003A3901 /* UBFeedbackRequest.swift in Sources */,
				102D81F921637E52003A3901 /* ParagraphComponent.swift in Sources */,
				102D81A121637E52003A3901 /* Date.swift in Sources */,
				102D81CF21637E52003A3901 /* UBCampaignFeedbackRequest.swift in Sources */,
				102D820521637E52003A3901 /* HeaderComponent.swift in Sources */,
				102D81B121637E52003A3901 /* JSONFormParser.swift in Sources */,
				102D818421637E52003A3901 /* CampaignViewModel.swift in Sources */,
				102D81AC21637E52003A3901 /* UILabel.swift in Sources */,
				102D818921637E52003A3901 /* SubmissionManager.swift in Sources */,
				102D81AA21637E52003A3901 /* UIImageView.swift in Sources */,
				102D819221637E52003A3901 /* UBCampaignDAO.swift in Sources */,
				102D819D21637E52003A3901 /* LocalisationHandler.swift in Sources */,
				102D820E21637E52003A3901 /* UBCustomTouchableView.swift in Sources */,
				102D820921637E52003A3901 /* UBIntroOutroPresenter.swift in Sources */,
				102D81EF21637E52003A3901 /* CheckBoxWithText.swift in Sources */,
				102D820B21637E52003A3901 /* CampaignWindow.swift in Sources */,
				102D817E21637E52003A3901 /* MoodComponentViewModel.swift in Sources */,
				102D819621637E52003A3901 /* UBCampaignFeedbackRequestDAO.swift in Sources */,
				102D820221637E52003A3901 /* BaseTextFieldComponent.swift in Sources */,
				102D819821637E52003A3901 /* FormStore.swift in Sources */,
				102D81A021637E52003A3901 /* UsabillaTheme.swift in Sources */,
				102D818521637E52003A3901 /* IntroPageViewModel.swift in Sources */,
				102D81D121637E52003A3901 /* ShowHideRule.swift in Sources */,
				102D81DC21637E52003A3901 /* ActiveStatus.swift in Sources */,
				102D81B621637E52003A3901 /* PathManager.swift in Sources */,
				102D81C321637E52003A3901 /* CampaignModel.swift in Sources */,
				102D817121637E52003A3901 /* PickerComponentViewModel.swift in Sources */,
				102D81CE21637E52003A3901 /* NPSFieldModel.swift in Sources */,
				102D81D721637E52003A3901 /* Usabilla.swift in Sources */,
				102D817C21637E52003A3901 /* ScreenshotComponentViewModel.swift in Sources */,
				102D817421637E52003A3901 /* BaseStringComponentViewModel.swift in Sources */,
				102D817321637E52003A3901 /* CheckBoxComponentViewModel.swift in Sources */,
				102D817A21637E52003A3901 /* SliderComponentViewModel.swift in Sources */,
				102D81B921637E52003A3901 /* BaseFieldModel.swift in Sources */,
				102D81A521637E52003A3901 /* UIColor.swift in Sources */,
				102D81C821637E52003A3901 /* TargetingOptionsModel.swift in Sources */,
				102D817821637E52003A3901 /* EmailComponentViewModel.swift in Sources */,
				102D81F421637E52003A3901 /* NPSComponent.swift in Sources */,
				102D81F321637E52003A3901 /* TextAreaComponent.swift in Sources */,
				102D819321637E52003A3901 /* UBFeedbackIDDictionaryDAO.swift in Sources */,
				102D820721637E52003A3901 /* UBAlertDisplay.swift in Sources */,
				102D81AE21637E52003A3901 /* HTTPClient.swift in Sources */,
				102D81E421637E52003A3901 /* OrRule.swift in Sources */,
				102D81BA21637E52003A3901 /* ParagraphFieldModel.swift in Sources */,
				102D817021637E52003A3901 /* BaseIntComponentViewModel.swift in Sources */,
				102D81BC21637E52003A3901 /* ScreenshotModel.swift in Sources */,
				102D819121637E52003A3901 /* UBFormDAO.swift in Sources */,
				102D81A721637E52003A3901 /* UIDevice.swift in Sources */,
				102D820321637E52003A3901 /* BaseTextAreaComponent.swift in Sources */,
				102D81F721637E52003A3901 /* PickerIPadComponent.swift in Sources */,
				102D81B221637E52003A3901 /* TargetingFactory.swift in Sources */,
				102D81D021637E52003A3901 /* JumpRule.swift in Sources */,
			);
			runOnlyForDeploymentPostprocessing = 0;
		};
/* End PBXSourcesBuildPhase section */

/* Begin XCBuildConfiguration section */
		102D80AB21637E1D003A3901 /* Debug */ = {
			isa = XCBuildConfiguration;
			buildSettings = {
				ALWAYS_SEARCH_USER_PATHS = NO;
				CLANG_ANALYZER_NONNULL = YES;
				CLANG_ANALYZER_NUMBER_OBJECT_CONVERSION = YES_AGGRESSIVE;
				CLANG_CXX_LANGUAGE_STANDARD = "gnu++14";
				CLANG_CXX_LIBRARY = "libc++";
				CLANG_ENABLE_MODULES = YES;
				CLANG_ENABLE_OBJC_ARC = YES;
				CLANG_ENABLE_OBJC_WEAK = YES;
				CLANG_WARN_BLOCK_CAPTURE_AUTORELEASING = YES;
				CLANG_WARN_BOOL_CONVERSION = YES;
				CLANG_WARN_COMMA = YES;
				CLANG_WARN_CONSTANT_CONVERSION = YES;
				CLANG_WARN_DEPRECATED_OBJC_IMPLEMENTATIONS = YES;
				CLANG_WARN_DIRECT_OBJC_ISA_USAGE = YES_ERROR;
				CLANG_WARN_DOCUMENTATION_COMMENTS = YES;
				CLANG_WARN_EMPTY_BODY = YES;
				CLANG_WARN_ENUM_CONVERSION = YES;
				CLANG_WARN_INFINITE_RECURSION = YES;
				CLANG_WARN_INT_CONVERSION = YES;
				CLANG_WARN_NON_LITERAL_NULL_CONVERSION = YES;
				CLANG_WARN_OBJC_IMPLICIT_RETAIN_SELF = YES;
				CLANG_WARN_OBJC_LITERAL_CONVERSION = YES;
				CLANG_WARN_OBJC_ROOT_CLASS = YES_ERROR;
				CLANG_WARN_RANGE_LOOP_ANALYSIS = YES;
				CLANG_WARN_STRICT_PROTOTYPES = YES;
				CLANG_WARN_SUSPICIOUS_MOVE = YES;
				CLANG_WARN_UNGUARDED_AVAILABILITY = YES_AGGRESSIVE;
				CLANG_WARN_UNREACHABLE_CODE = YES;
				CLANG_WARN__DUPLICATE_METHOD_MATCH = YES;
				CODE_SIGN_IDENTITY = "iPhone Developer";
				COPY_PHASE_STRIP = NO;
				CURRENT_PROJECT_VERSION = 1;
				DEBUG_INFORMATION_FORMAT = dwarf;
				ENABLE_STRICT_OBJC_MSGSEND = YES;
				ENABLE_TESTABILITY = YES;
				GCC_C_LANGUAGE_STANDARD = gnu11;
				GCC_DYNAMIC_NO_PIC = NO;
				GCC_NO_COMMON_BLOCKS = YES;
				GCC_OPTIMIZATION_LEVEL = 0;
				GCC_PREPROCESSOR_DEFINITIONS = (
					"DEBUG=1",
					"$(inherited)",
				);
				GCC_WARN_64_TO_32_BIT_CONVERSION = YES;
				GCC_WARN_ABOUT_RETURN_TYPE = YES_ERROR;
				GCC_WARN_UNDECLARED_SELECTOR = YES;
				GCC_WARN_UNINITIALIZED_AUTOS = YES_AGGRESSIVE;
				GCC_WARN_UNUSED_FUNCTION = YES;
				GCC_WARN_UNUSED_VARIABLE = YES;
				IPHONEOS_DEPLOYMENT_TARGET = 12.0;
				MTL_ENABLE_DEBUG_INFO = INCLUDE_SOURCE;
				MTL_FAST_MATH = YES;
				ONLY_ACTIVE_ARCH = YES;
				SDKROOT = iphoneos;
				SWIFT_ACTIVE_COMPILATION_CONDITIONS = DEBUG;
				SWIFT_OPTIMIZATION_LEVEL = "-Onone";
				VERSIONING_SYSTEM = "apple-generic";
				VERSION_INFO_PREFIX = "";
			};
			name = Debug;
		};
		102D80AC21637E1D003A3901 /* Release */ = {
			isa = XCBuildConfiguration;
			buildSettings = {
				ALWAYS_SEARCH_USER_PATHS = NO;
				CLANG_ANALYZER_NONNULL = YES;
				CLANG_ANALYZER_NUMBER_OBJECT_CONVERSION = YES_AGGRESSIVE;
				CLANG_CXX_LANGUAGE_STANDARD = "gnu++14";
				CLANG_CXX_LIBRARY = "libc++";
				CLANG_ENABLE_MODULES = YES;
				CLANG_ENABLE_OBJC_ARC = YES;
				CLANG_ENABLE_OBJC_WEAK = YES;
				CLANG_WARN_BLOCK_CAPTURE_AUTORELEASING = YES;
				CLANG_WARN_BOOL_CONVERSION = YES;
				CLANG_WARN_COMMA = YES;
				CLANG_WARN_CONSTANT_CONVERSION = YES;
				CLANG_WARN_DEPRECATED_OBJC_IMPLEMENTATIONS = YES;
				CLANG_WARN_DIRECT_OBJC_ISA_USAGE = YES_ERROR;
				CLANG_WARN_DOCUMENTATION_COMMENTS = YES;
				CLANG_WARN_EMPTY_BODY = YES;
				CLANG_WARN_ENUM_CONVERSION = YES;
				CLANG_WARN_INFINITE_RECURSION = YES;
				CLANG_WARN_INT_CONVERSION = YES;
				CLANG_WARN_NON_LITERAL_NULL_CONVERSION = YES;
				CLANG_WARN_OBJC_IMPLICIT_RETAIN_SELF = YES;
				CLANG_WARN_OBJC_LITERAL_CONVERSION = YES;
				CLANG_WARN_OBJC_ROOT_CLASS = YES_ERROR;
				CLANG_WARN_RANGE_LOOP_ANALYSIS = YES;
				CLANG_WARN_STRICT_PROTOTYPES = YES;
				CLANG_WARN_SUSPICIOUS_MOVE = YES;
				CLANG_WARN_UNGUARDED_AVAILABILITY = YES_AGGRESSIVE;
				CLANG_WARN_UNREACHABLE_CODE = YES;
				CLANG_WARN__DUPLICATE_METHOD_MATCH = YES;
				CODE_SIGN_IDENTITY = "iPhone Developer";
				COPY_PHASE_STRIP = NO;
				CURRENT_PROJECT_VERSION = 1;
				DEBUG_INFORMATION_FORMAT = "dwarf-with-dsym";
				ENABLE_NS_ASSERTIONS = NO;
				ENABLE_STRICT_OBJC_MSGSEND = YES;
				GCC_C_LANGUAGE_STANDARD = gnu11;
				GCC_NO_COMMON_BLOCKS = YES;
				GCC_WARN_64_TO_32_BIT_CONVERSION = YES;
				GCC_WARN_ABOUT_RETURN_TYPE = YES_ERROR;
				GCC_WARN_UNDECLARED_SELECTOR = YES;
				GCC_WARN_UNINITIALIZED_AUTOS = YES_AGGRESSIVE;
				GCC_WARN_UNUSED_FUNCTION = YES;
				GCC_WARN_UNUSED_VARIABLE = YES;
				IPHONEOS_DEPLOYMENT_TARGET = 12.0;
				MTL_ENABLE_DEBUG_INFO = NO;
				MTL_FAST_MATH = YES;
				SDKROOT = iphoneos;
				SWIFT_COMPILATION_MODE = wholemodule;
				SWIFT_OPTIMIZATION_LEVEL = "-O";
				VALIDATE_PRODUCT = YES;
				VERSIONING_SYSTEM = "apple-generic";
				VERSION_INFO_PREFIX = "";
			};
			name = Release;
		};
		102D80AE21637E1D003A3901 /* Debug */ = {
			isa = XCBuildConfiguration;
			buildSettings = {
				CODE_SIGN_IDENTITY = "iPhone Developer";
				CODE_SIGN_STYLE = Automatic;
				DEFINES_MODULE = YES;
				DEVELOPMENT_TEAM = 24ZZS38JW5;
				DYLIB_COMPATIBILITY_VERSION = 1;
				DYLIB_CURRENT_VERSION = 1;
				DYLIB_INSTALL_NAME_BASE = "@rpath";
				INFOPLIST_FILE = UsabillaLib/Info.plist;
				INSTALL_PATH = "$(LOCAL_LIBRARY_DIR)/Frameworks";
				IPHONEOS_DEPLOYMENT_TARGET = 9.0;
				LD_RUNPATH_SEARCH_PATHS = (
					"$(inherited)",
					"@executable_path/Frameworks",
					"@loader_path/Frameworks",
				);
				PRODUCT_BUNDLE_IDENTIFIER = com.usabilla.Usabilla;
				PRODUCT_NAME = "$(TARGET_NAME:c99extidentifier)";
				SKIP_INSTALL = YES;
				SWIFT_VERSION = 3.0;
				TARGETED_DEVICE_FAMILY = "1,2";
				USABILLA_API_HOST = "https://api-staging.usabilla.com";
				USABILLA_CDN_HOST = "https://sdk.out-staging.usbla.net";
				USABILLA_SUBMIT_ENDPOINT = "https://w-staging.usabilla.com/incoming";
			};
			name = Debug;
		};
		102D80AF21637E1D003A3901 /* Release */ = {
			isa = XCBuildConfiguration;
			buildSettings = {
				CODE_SIGN_IDENTITY = "";
				CODE_SIGN_STYLE = Automatic;
				DEFINES_MODULE = YES;
				DEVELOPMENT_TEAM = 24ZZS38JW5;
				DYLIB_COMPATIBILITY_VERSION = 1;
				DYLIB_CURRENT_VERSION = 1;
				DYLIB_INSTALL_NAME_BASE = "@rpath";
				INFOPLIST_FILE = UsabillaLib/Info.plist;
				INSTALL_PATH = "$(LOCAL_LIBRARY_DIR)/Frameworks";
				IPHONEOS_DEPLOYMENT_TARGET = 9.0;
				LD_RUNPATH_SEARCH_PATHS = (
					"$(inherited)",
					"@executable_path/Frameworks",
					"@loader_path/Frameworks",
				);
				PRODUCT_BUNDLE_IDENTIFIER = com.usabilla.Usabilla;
				PRODUCT_NAME = "$(TARGET_NAME:c99extidentifier)";
				SKIP_INSTALL = YES;
				SWIFT_VERSION = 3.0;
				TARGETED_DEVICE_FAMILY = "1,2";
				USABILLA_API_HOST = "https://api.usabilla.com";
				USABILLA_CDN_HOST = "https://sdk.out.usbla.net";
				USABILLA_SUBMIT_ENDPOINT = "https://w.usabilla.com/incoming";
			};
			name = Release;
		};
/* End XCBuildConfiguration section */

/* Begin XCConfigurationList section */
		102D809F21637E1C003A3901 /* Build configuration list for PBXProject "UsabillaLib" */ = {
			isa = XCConfigurationList;
			buildConfigurations = (
				102D80AB21637E1D003A3901 /* Debug */,
				102D80AC21637E1D003A3901 /* Release */,
			);
			defaultConfigurationIsVisible = 0;
			defaultConfigurationName = Release;
		};
		102D80AD21637E1D003A3901 /* Build configuration list for PBXNativeTarget "Usabilla" */ = {
			isa = XCConfigurationList;
			buildConfigurations = (
				102D80AE21637E1D003A3901 /* Debug */,
				102D80AF21637E1D003A3901 /* Release */,
			);
			defaultConfigurationIsVisible = 0;
			defaultConfigurationName = Release;
		};
/* End XCConfigurationList section */
	};
	rootObject = 102D809C21637E1C003A3901 /* Project object */;
}
