// !$*UTF8*$!
{
	archiveVersion = 1;
	classes = {
	};
	objectVersion = 46;
	objects = {

/* Begin PBXBuildFile section */
		04F800FB1FEBF6FD005220D2 /* 02_PreventTriggeringCampaignMultipleTimes.swift in Sources */ = {isa = PBXBuildFile; fileRef = 04F800FA1FEBF6FD005220D2 /* 02_PreventTriggeringCampaignMultipleTimes.swift */; };
		433156E41FCC50000036F0A5 /* AppDelegate.swift in Sources */ = {isa = PBXBuildFile; fileRef = 433156E31FCC50000036F0A5 /* AppDelegate.swift */; };
		433156E61FCC50000036F0A5 /* ViewController.swift in Sources */ = {isa = PBXBuildFile; fileRef = 433156E51FCC50000036F0A5 /* ViewController.swift */; };
		433156E91FCC50000036F0A5 /* Main.storyboard in Resources */ = {isa = PBXBuildFile; fileRef = 433156E71FCC50000036F0A5 /* Main.storyboard */; };
		433156EB1FCC50000036F0A5 /* Assets.xcassets in Resources */ = {isa = PBXBuildFile; fileRef = 433156EA1FCC50000036F0A5 /* Assets.xcassets */; };
		433156EE1FCC50000036F0A5 /* LaunchScreen.storyboard in Resources */ = {isa = PBXBuildFile; fileRef = 433156EC1FCC50000036F0A5 /* LaunchScreen.storyboard */; };
		433156F91FCC50000036F0A5 /* 01_TriggerAndDisplayCampaign.swift in Sources */ = {isa = PBXBuildFile; fileRef = 433156F81FCC50000036F0A5 /* 01_TriggerAndDisplayCampaign.swift */; };
		4525C15A23324CBF0020B5AA /* Usabilla.framework in Frameworks */ = {isa = PBXBuildFile; fileRef = 103BE8D9215E278000349AC9 /* Usabilla.framework */; };
		4525C15B23324CBF0020B5AA /* Usabilla.framework in Embed Frameworks */ = {isa = PBXBuildFile; fileRef = 103BE8D9215E278000349AC9 /* Usabilla.framework */; settings = {ATTRIBUTES = (CodeSignOnCopy, RemoveHeadersOnCopy, ); }; };
		458F226D2388141700CCD48C /* 03_TestForMultipleCampaignsCrash.swift in Sources */ = {isa = PBXBuildFile; fileRef = 458F226C2388141700CCD48C /* 03_TestForMultipleCampaignsCrash.swift */; };
		F2A08B9D23D0B9D000A5F6F0 /* Staging.xcconfig in Resources */ = {isa = PBXBuildFile; fileRef = F2A08B9C23D0B9D000A5F6F0 /* Staging.xcconfig */; };
		F2A08B9F23D0B9E400A5F6F0 /* Production.xcconfig in Resources */ = {isa = PBXBuildFile; fileRef = F2A08B9E23D0B9E400A5F6F0 /* Production.xcconfig */; };
/* End PBXBuildFile section */

/* Begin PBXContainerItemProxy section */
		433156F51FCC50000036F0A5 /* PBXContainerItemProxy */ = {
			isa = PBXContainerItemProxy;
			containerPortal = 433156D81FCC4FFF0036F0A5 /* Project object */;
			proxyType = 1;
			remoteGlobalIDString = 433156DF1FCC4FFF0036F0A5;
			remoteInfo = UsabillaIntegrationTest;
		};
/* End PBXContainerItemProxy section */

/* Begin PBXCopyFilesBuildPhase section */
		4525C15C23324CC00020B5AA /* Embed Frameworks */ = {
			isa = PBXCopyFilesBuildPhase;
			buildActionMask = 2147483647;
			dstPath = "";
			dstSubfolderSpec = 10;
			files = (
				4525C15B23324CBF0020B5AA /* Usabilla.framework in Embed Frameworks */,
			);
			name = "Embed Frameworks";
			runOnlyForDeploymentPostprocessing = 0;
		};
/* End PBXCopyFilesBuildPhase section */

/* Begin PBXFileReference section */
		04F800FA1FEBF6FD005220D2 /* 02_PreventTriggeringCampaignMultipleTimes.swift */ = {isa = PBXFileReference; lastKnownFileType = sourcecode.swift; path = 02_PreventTriggeringCampaignMultipleTimes.swift; sourceTree = "<group>"; };
		103BE8D9215E278000349AC9 /* Usabilla.framework */ = {isa = PBXFileReference; lastKnownFileType = wrapper.framework; path = Usabilla.framework; sourceTree = "<group>"; };
		433156E01FCC50000036F0A5 /* UsabillaSystemTest.app */ = {isa = PBXFileReference; explicitFileType = wrapper.application; includeInIndex = 0; path = UsabillaSystemTest.app; sourceTree = BUILT_PRODUCTS_DIR; };
		433156E31FCC50000036F0A5 /* AppDelegate.swift */ = {isa = PBXFileReference; lastKnownFileType = sourcecode.swift; path = AppDelegate.swift; sourceTree = "<group>"; };
		433156E51FCC50000036F0A5 /* ViewController.swift */ = {isa = PBXFileReference; lastKnownFileType = sourcecode.swift; path = ViewController.swift; sourceTree = "<group>"; };
		433156E81FCC50000036F0A5 /* Base */ = {isa = PBXFileReference; lastKnownFileType = file.storyboard; name = Base; path = Base.lproj/Main.storyboard; sourceTree = "<group>"; };
		433156EA1FCC50000036F0A5 /* Assets.xcassets */ = {isa = PBXFileReference; lastKnownFileType = folder.assetcatalog; path = Assets.xcassets; sourceTree = "<group>"; };
		433156ED1FCC50000036F0A5 /* Base */ = {isa = PBXFileReference; lastKnownFileType = file.storyboard; name = Base; path = Base.lproj/LaunchScreen.storyboard; sourceTree = "<group>"; };
		433156EF1FCC50000036F0A5 /* Info.plist */ = {isa = PBXFileReference; lastKnownFileType = text.plist.xml; path = Info.plist; sourceTree = "<group>"; };
		433156F41FCC50000036F0A5 /* UsabillaSystemTestUITests.xctest */ = {isa = PBXFileReference; explicitFileType = wrapper.cfbundle; includeInIndex = 0; path = UsabillaSystemTestUITests.xctest; sourceTree = BUILT_PRODUCTS_DIR; };
		433156F81FCC50000036F0A5 /* 01_TriggerAndDisplayCampaign.swift */ = {isa = PBXFileReference; lastKnownFileType = sourcecode.swift; path = 01_TriggerAndDisplayCampaign.swift; sourceTree = "<group>"; };
		433156FA1FCC50000036F0A5 /* Info.plist */ = {isa = PBXFileReference; lastKnownFileType = text.plist.xml; path = Info.plist; sourceTree = "<group>"; };
		458F226C2388141700CCD48C /* 03_TestForMultipleCampaignsCrash.swift */ = {isa = PBXFileReference; lastKnownFileType = sourcecode.swift; path = 03_TestForMultipleCampaignsCrash.swift; sourceTree = "<group>"; };
		F2A08B9C23D0B9D000A5F6F0 /* Staging.xcconfig */ = {isa = PBXFileReference; lastKnownFileType = text.xcconfig; path = Staging.xcconfig; sourceTree = "<group>"; };
		F2A08B9E23D0B9E400A5F6F0 /* Production.xcconfig */ = {isa = PBXFileReference; lastKnownFileType = text.xcconfig; path = Production.xcconfig; sourceTree = "<group>"; };
/* End PBXFileReference section */

/* Begin PBXFrameworksBuildPhase section */
		433156DD1FCC4FFF0036F0A5 /* Frameworks */ = {
			isa = PBXFrameworksBuildPhase;
			buildActionMask = 2147483647;
			files = (
				4525C15A23324CBF0020B5AA /* Usabilla.framework in Frameworks */,
			);
			runOnlyForDeploymentPostprocessing = 0;
		};
		433156F11FCC50000036F0A5 /* Frameworks */ = {
			isa = PBXFrameworksBuildPhase;
			buildActionMask = 2147483647;
			files = (
			);
			runOnlyForDeploymentPostprocessing = 0;
		};
/* End PBXFrameworksBuildPhase section */

/* Begin PBXGroup section */
		433156D71FCC4FFF0036F0A5 = {
			isa = PBXGroup;
			children = (
				F2A08B9B23D0B96F00A5F6F0 /* Configurations */,
				433156E21FCC50000036F0A5 /* UsabillaSystemTest */,
				433156F71FCC50000036F0A5 /* UsabillaSystemTestUITests */,
				433156E11FCC50000036F0A5 /* Products */,
			);
			sourceTree = "<group>";
		};
		433156E11FCC50000036F0A5 /* Products */ = {
			isa = PBXGroup;
			children = (
				433156E01FCC50000036F0A5 /* UsabillaSystemTest.app */,
				433156F41FCC50000036F0A5 /* UsabillaSystemTestUITests.xctest */,
			);
			name = Products;
			sourceTree = "<group>";
		};
		433156E21FCC50000036F0A5 /* UsabillaSystemTest */ = {
			isa = PBXGroup;
			children = (
				103BE8D9215E278000349AC9 /* Usabilla.framework */,
				433156E31FCC50000036F0A5 /* AppDelegate.swift */,
				433156E51FCC50000036F0A5 /* ViewController.swift */,
				433156E71FCC50000036F0A5 /* Main.storyboard */,
				433156EA1FCC50000036F0A5 /* Assets.xcassets */,
				433156EC1FCC50000036F0A5 /* LaunchScreen.storyboard */,
				433156EF1FCC50000036F0A5 /* Info.plist */,
			);
			path = UsabillaSystemTest;
			sourceTree = "<group>";
		};
		433156F71FCC50000036F0A5 /* UsabillaSystemTestUITests */ = {
			isa = PBXGroup;
			children = (
				433156F81FCC50000036F0A5 /* 01_TriggerAndDisplayCampaign.swift */,
				04F800FA1FEBF6FD005220D2 /* 02_PreventTriggeringCampaignMultipleTimes.swift */,
				458F226C2388141700CCD48C /* 03_TestForMultipleCampaignsCrash.swift */,
				433156FA1FCC50000036F0A5 /* Info.plist */,
			);
			path = UsabillaSystemTestUITests;
			sourceTree = "<group>";
		};
		F2A08B9B23D0B96F00A5F6F0 /* Configurations */ = {
			isa = PBXGroup;
			children = (
				F2A08B9C23D0B9D000A5F6F0 /* Staging.xcconfig */,
				F2A08B9E23D0B9E400A5F6F0 /* Production.xcconfig */,
			);
			path = Configurations;
			sourceTree = "<group>";
		};
/* End PBXGroup section */

/* Begin PBXNativeTarget section */
		433156DF1FCC4FFF0036F0A5 /* UsabillaSystemTest */ = {
			isa = PBXNativeTarget;
			buildConfigurationList = 433156FD1FCC50000036F0A5 /* Build configuration list for PBXNativeTarget "UsabillaSystemTest" */;
			buildPhases = (
				433156DC1FCC4FFF0036F0A5 /* Sources */,
				433156DD1FCC4FFF0036F0A5 /* Frameworks */,
				433156DE1FCC4FFF0036F0A5 /* Resources */,
				4525C15C23324CC00020B5AA /* Embed Frameworks */,
			);
			buildRules = (
			);
			dependencies = (
			);
			name = UsabillaSystemTest;
			productName = UsabillaIntegrationTest;
			productReference = 433156E01FCC50000036F0A5 /* UsabillaSystemTest.app */;
			productType = "com.apple.product-type.application";
		};
		433156F31FCC50000036F0A5 /* UsabillaSystemTestUITests */ = {
			isa = PBXNativeTarget;
			buildConfigurationList = 433157001FCC50000036F0A5 /* Build configuration list for PBXNativeTarget "UsabillaSystemTestUITests" */;
			buildPhases = (
				433156F01FCC50000036F0A5 /* Sources */,
				433156F11FCC50000036F0A5 /* Frameworks */,
				433156F21FCC50000036F0A5 /* Resources */,
			);
			buildRules = (
			);
			dependencies = (
				433156F61FCC50000036F0A5 /* PBXTargetDependency */,
			);
			name = UsabillaSystemTestUITests;
			productName = UsabillaIntegrationTestUITests;
			productReference = 433156F41FCC50000036F0A5 /* UsabillaSystemTestUITests.xctest */;
			productType = "com.apple.product-type.bundle.ui-testing";
		};
/* End PBXNativeTarget section */

/* Begin PBXProject section */
		433156D81FCC4FFF0036F0A5 /* Project object */ = {
			isa = PBXProject;
			attributes = {
				LastSwiftUpdateCheck = 0830;
				LastUpgradeCheck = 1000;
				ORGANIZATIONNAME = Usabilla;
				TargetAttributes = {
					433156DF1FCC4FFF0036F0A5 = {
						CreatedOnToolsVersion = 8.3.3;
						DevelopmentTeam = 24ZZS38JW5;
						ProvisioningStyle = Automatic;
					};
					433156F31FCC50000036F0A5 = {
						CreatedOnToolsVersion = 8.3.3;
						DevelopmentTeam = 24ZZS38JW5;
						ProvisioningStyle = Automatic;
						TestTargetID = 433156DF1FCC4FFF0036F0A5;
					};
				};
			};
			buildConfigurationList = 433156DB1FCC4FFF0036F0A5 /* Build configuration list for PBXProject "UsabillaSystemTest" */;
			compatibilityVersion = "Xcode 3.2";
			developmentRegion = English;
			hasScannedForEncodings = 0;
			knownRegions = (
				English,
				en,
				Base,
			);
			mainGroup = 433156D71FCC4FFF0036F0A5;
			productRefGroup = 433156E11FCC50000036F0A5 /* Products */;
			projectDirPath = "";
			projectRoot = "";
			targets = (
				433156DF1FCC4FFF0036F0A5 /* UsabillaSystemTest */,
				433156F31FCC50000036F0A5 /* UsabillaSystemTestUITests */,
			);
		};
/* End PBXProject section */

/* Begin PBXResourcesBuildPhase section */
		433156DE1FCC4FFF0036F0A5 /* Resources */ = {
			isa = PBXResourcesBuildPhase;
			buildActionMask = 2147483647;
			files = (
				F2A08B9D23D0B9D000A5F6F0 /* Staging.xcconfig in Resources */,
				F2A08B9F23D0B9E400A5F6F0 /* Production.xcconfig in Resources */,
				433156EE1FCC50000036F0A5 /* LaunchScreen.storyboard in Resources */,
				433156EB1FCC50000036F0A5 /* Assets.xcassets in Resources */,
				433156E91FCC50000036F0A5 /* Main.storyboard in Resources */,
			);
			runOnlyForDeploymentPostprocessing = 0;
		};
		433156F21FCC50000036F0A5 /* Resources */ = {
			isa = PBXResourcesBuildPhase;
			buildActionMask = 2147483647;
			files = (
			);
			runOnlyForDeploymentPostprocessing = 0;
		};
/* End PBXResourcesBuildPhase section */

/* Begin PBXSourcesBuildPhase section */
		433156DC1FCC4FFF0036F0A5 /* Sources */ = {
			isa = PBXSourcesBuildPhase;
			buildActionMask = 2147483647;
			files = (
				433156E61FCC50000036F0A5 /* ViewController.swift in Sources */,
				433156E41FCC50000036F0A5 /* AppDelegate.swift in Sources */,
			);
			runOnlyForDeploymentPostprocessing = 0;
		};
		433156F01FCC50000036F0A5 /* Sources */ = {
			isa = PBXSourcesBuildPhase;
			buildActionMask = 2147483647;
			files = (
				433156F91FCC50000036F0A5 /* 01_TriggerAndDisplayCampaign.swift in Sources */,
				458F226D2388141700CCD48C /* 03_TestForMultipleCampaignsCrash.swift in Sources */,
				04F800FB1FEBF6FD005220D2 /* 02_PreventTriggeringCampaignMultipleTimes.swift in Sources */,
			);
			runOnlyForDeploymentPostprocessing = 0;
		};
/* End PBXSourcesBuildPhase section */

/* Begin PBXTargetDependency section */
		433156F61FCC50000036F0A5 /* PBXTargetDependency */ = {
			isa = PBXTargetDependency;
			target = 433156DF1FCC4FFF0036F0A5 /* UsabillaSystemTest */;
			targetProxy = 433156F51FCC50000036F0A5 /* PBXContainerItemProxy */;
		};
/* End PBXTargetDependency section */

/* Begin PBXVariantGroup section */
		433156E71FCC50000036F0A5 /* Main.storyboard */ = {
			isa = PBXVariantGroup;
			children = (
				433156E81FCC50000036F0A5 /* Base */,
			);
			name = Main.storyboard;
			sourceTree = "<group>";
		};
		433156EC1FCC50000036F0A5 /* LaunchScreen.storyboard */ = {
			isa = PBXVariantGroup;
			children = (
				433156ED1FCC50000036F0A5 /* Base */,
			);
			name = LaunchScreen.storyboard;
			sourceTree = "<group>";
		};
/* End PBXVariantGroup section */

/* Begin XCBuildConfiguration section */
		433156FB1FCC50000036F0A5 /* Debug */ = {
			isa = XCBuildConfiguration;
			buildSettings = {
				ALWAYS_SEARCH_USER_PATHS = NO;
				CLANG_ANALYZER_NONNULL = YES;
				CLANG_ANALYZER_NUMBER_OBJECT_CONVERSION = YES_AGGRESSIVE;
				CLANG_CXX_LANGUAGE_STANDARD = "gnu++0x";
				CLANG_CXX_LIBRARY = "libc++";
				CLANG_ENABLE_MODULES = YES;
				CLANG_ENABLE_OBJC_ARC = YES;
				CLANG_WARN_BLOCK_CAPTURE_AUTORELEASING = YES;
				CLANG_WARN_BOOL_CONVERSION = YES;
				CLANG_WARN_COMMA = YES;
				CLANG_WARN_CONSTANT_CONVERSION = YES;
				CLANG_WARN_DEPRECATED_OBJC_IMPLEMENTATIONS = YES;
				CLANG_WARN_DIRECT_OBJC_ISA_USAGE = YES_ERROR;
				CLANG_WARN_DOCUMENTATION_COMMENTS = YES;
				CLANG_WARN_EMPTY_BODY = YES;
				CLANG_WARN_ENUM_CONVERSION = YES;
				CLANG_WARN_INFINITE_RECURSION = YES;
				CLANG_WARN_INT_CONVERSION = YES;
				CLANG_WARN_NON_LITERAL_NULL_CONVERSION = YES;
				CLANG_WARN_OBJC_IMPLICIT_RETAIN_SELF = YES;
				CLANG_WARN_OBJC_LITERAL_CONVERSION = YES;
				CLANG_WARN_OBJC_ROOT_CLASS = YES_ERROR;
				CLANG_WARN_RANGE_LOOP_ANALYSIS = YES;
				CLANG_WARN_STRICT_PROTOTYPES = YES;
				CLANG_WARN_SUSPICIOUS_MOVE = YES;
				CLANG_WARN_UNREACHABLE_CODE = YES;
				CLANG_WARN__DUPLICATE_METHOD_MATCH = YES;
				"CODE_SIGN_IDENTITY[sdk=iphoneos*]" = "iPhone Developer";
				COPY_PHASE_STRIP = NO;
				DEBUG_INFORMATION_FORMAT = dwarf;
				ENABLE_STRICT_OBJC_MSGSEND = YES;
				ENABLE_TESTABILITY = YES;
				GCC_C_LANGUAGE_STANDARD = gnu99;
				GCC_DYNAMIC_NO_PIC = NO;
				GCC_NO_COMMON_BLOCKS = YES;
				GCC_OPTIMIZATION_LEVEL = 0;
				GCC_PREPROCESSOR_DEFINITIONS = (
					"DEBUG=1",
					"$(inherited)",
				);
				GCC_WARN_64_TO_32_BIT_CONVERSION = YES;
				GCC_WARN_ABOUT_RETURN_TYPE = YES_ERROR;
				GCC_WARN_UNDECLARED_SELECTOR = YES;
				GCC_WARN_UNINITIALIZED_AUTOS = YES_AGGRESSIVE;
				GCC_WARN_UNUSED_FUNCTION = YES;
				GCC_WARN_UNUSED_VARIABLE = YES;
				IPHONEOS_DEPLOYMENT_TARGET = 10.3;
				MTL_ENABLE_DEBUG_INFO = YES;
				ONLY_ACTIVE_ARCH = YES;
				SDKROOT = iphoneos;
				SWIFT_ACTIVE_COMPILATION_CONDITIONS = DEBUG;
				SWIFT_OPTIMIZATION_LEVEL = "-Onone";
				TARGETED_DEVICE_FAMILY = "1,2";
				VALID_ARCHS = "arm64 armv7 armv7s x86_64";
			};
			name = Debug;
		};
		433156FC1FCC50000036F0A5 /* Release */ = {
			isa = XCBuildConfiguration;
			buildSettings = {
				ALWAYS_SEARCH_USER_PATHS = NO;
				CLANG_ANALYZER_NONNULL = YES;
				CLANG_ANALYZER_NUMBER_OBJECT_CONVERSION = YES_AGGRESSIVE;
				CLANG_CXX_LANGUAGE_STANDARD = "gnu++0x";
				CLANG_CXX_LIBRARY = "libc++";
				CLANG_ENABLE_MODULES = YES;
				CLANG_ENABLE_OBJC_ARC = YES;
				CLANG_WARN_BLOCK_CAPTURE_AUTORELEASING = YES;
				CLANG_WARN_BOOL_CONVERSION = YES;
				CLANG_WARN_COMMA = YES;
				CLANG_WARN_CONSTANT_CONVERSION = YES;
				CLANG_WARN_DEPRECATED_OBJC_IMPLEMENTATIONS = YES;
				CLANG_WARN_DIRECT_OBJC_ISA_USAGE = YES_ERROR;
				CLANG_WARN_DOCUMENTATION_COMMENTS = YES;
				CLANG_WARN_EMPTY_BODY = YES;
				CLANG_WARN_ENUM_CONVERSION = YES;
				CLANG_WARN_INFINITE_RECURSION = YES;
				CLANG_WARN_INT_CONVERSION = YES;
				CLANG_WARN_NON_LITERAL_NULL_CONVERSION = YES;
				CLANG_WARN_OBJC_IMPLICIT_RETAIN_SELF = YES;
				CLANG_WARN_OBJC_LITERAL_CONVERSION = YES;
				CLANG_WARN_OBJC_ROOT_CLASS = YES_ERROR;
				CLANG_WARN_RANGE_LOOP_ANALYSIS = YES;
				CLANG_WARN_STRICT_PROTOTYPES = YES;
				CLANG_WARN_SUSPICIOUS_MOVE = YES;
				CLANG_WARN_UNREACHABLE_CODE = YES;
				CLANG_WARN__DUPLICATE_METHOD_MATCH = YES;
				"CODE_SIGN_IDENTITY[sdk=iphoneos*]" = "iPhone Developer";
				COPY_PHASE_STRIP = NO;
				DEBUG_INFORMATION_FORMAT = "dwarf-with-dsym";
				ENABLE_NS_ASSERTIONS = NO;
				ENABLE_STRICT_OBJC_MSGSEND = YES;
				GCC_C_LANGUAGE_STANDARD = gnu99;
				GCC_NO_COMMON_BLOCKS = YES;
				GCC_WARN_64_TO_32_BIT_CONVERSION = YES;
				GCC_WARN_ABOUT_RETURN_TYPE = YES_ERROR;
				GCC_WARN_UNDECLARED_SELECTOR = YES;
				GCC_WARN_UNINITIALIZED_AUTOS = YES_AGGRESSIVE;
				GCC_WARN_UNUSED_FUNCTION = YES;
				GCC_WARN_UNUSED_VARIABLE = YES;
				IPHONEOS_DEPLOYMENT_TARGET = 10.3;
				MTL_ENABLE_DEBUG_INFO = NO;
				SDKROOT = iphoneos;
				SWIFT_OPTIMIZATION_LEVEL = "-Owholemodule";
				TARGETED_DEVICE_FAMILY = "1,2";
				VALIDATE_PRODUCT = YES;
				VALID_ARCHS = "arm64 armv7 armv7s x86_64";
			};
			name = Release;
		};
		433156FE1FCC50000036F0A5 /* Debug */ = {
			isa = XCBuildConfiguration;
			baseConfigurationReference = F2A08B9C23D0B9D000A5F6F0 /* Staging.xcconfig */;
			buildSettings = {
				ARCHS = x86_64;
				ASSETCATALOG_COMPILER_APPICON_NAME = AppIcon;
				DEVELOPMENT_TEAM = 24ZZS38JW5;
				FRAMEWORK_SEARCH_PATHS = (
					"$(inherited)",
					"$(PROJECT_DIR)",
					"$(PROJECT_DIR)/UsabillaSystemTest",
				);
				INFOPLIST_FILE = UsabillaSystemTest/Info.plist;
				IPHONEOS_DEPLOYMENT_TARGET = 9.0;
				LD_RUNPATH_SEARCH_PATHS = "$(inherited) @executable_path/Frameworks";
				PRODUCT_BUNDLE_IDENTIFIER = com.usabilla.UsabillaSystemTest;
				PRODUCT_NAME = "$(TARGET_NAME)";
				SWIFT_VERSION = 4.0;
				USER_HEADER_SEARCH_PATHS = "";
				VALID_ARCHS = "x86_64 arm64";
			};
			name = Debug;
		};
		433156FF1FCC50000036F0A5 /* Release */ = {
			isa = XCBuildConfiguration;
			baseConfigurationReference = F2A08B9E23D0B9E400A5F6F0 /* Production.xcconfig */;
			buildSettings = {
				ARCHS = x86_64;
				ASSETCATALOG_COMPILER_APPICON_NAME = AppIcon;
				DEVELOPMENT_TEAM = 24ZZS38JW5;
				FRAMEWORK_SEARCH_PATHS = (
					"$(inherited)",
					"$(PROJECT_DIR)",
					"$(PROJECT_DIR)/UsabillaSystemTest",
				);
				INFOPLIST_FILE = UsabillaSystemTest/Info.plist;
				IPHONEOS_DEPLOYMENT_TARGET = 9.0;
				LD_RUNPATH_SEARCH_PATHS = "$(inherited) @executable_path/Frameworks";
				PRODUCT_BUNDLE_IDENTIFIER = com.usabilla.UsabillaSystemTest;
				PRODUCT_NAME = "$(TARGET_NAME)";
				SWIFT_VERSION = 4.0;
				USER_HEADER_SEARCH_PATHS = "";
				VALID_ARCHS = "x86_64 arm64";
			};
			name = Release;
		};
		433157011FCC50000036F0A5 /* Debug */ = {
			isa = XCBuildConfiguration;
			buildSettings = {
				ALWAYS_EMBED_SWIFT_STANDARD_LIBRARIES = YES;
				ARCHS = x86_64;
				DEVELOPMENT_TEAM = 24ZZS38JW5;
				INFOPLIST_FILE = UsabillaSystemTestUITests/Info.plist;
				LD_RUNPATH_SEARCH_PATHS = "$(inherited) @executable_path/Frameworks @loader_path/Frameworks";
				PRODUCT_BUNDLE_IDENTIFIER = com.usabilla.UsabillaSystemTestUITests;
				PRODUCT_NAME = "$(TARGET_NAME)";
				SWIFT_VERSION = 4.0;
				TEST_TARGET_NAME = UsabillaSystemTest;
				VALID_ARCHS = "arm64 x86_64";
			};
			name = Debug;
		};
		433157021FCC50000036F0A5 /* Release */ = {
			isa = XCBuildConfiguration;
			buildSettings = {
				ALWAYS_EMBED_SWIFT_STANDARD_LIBRARIES = YES;
				ARCHS = x86_64;
				DEVELOPMENT_TEAM = 24ZZS38JW5;
				INFOPLIST_FILE = UsabillaSystemTestUITests/Info.plist;
				LD_RUNPATH_SEARCH_PATHS = "$(inherited) @executable_path/Frameworks @loader_path/Frameworks";
				PRODUCT_BUNDLE_IDENTIFIER = com.usabilla.UsabillaSystemTestUITests;
				PRODUCT_NAME = "$(TARGET_NAME)";
				SWIFT_VERSION = 4.0;
				TEST_TARGET_NAME = UsabillaSystemTest;
				VALID_ARCHS = "arm64 x86_64";
			};
			name = Release;
		};
/* End XCBuildConfiguration section */

/* Begin XCConfigurationList section */
		433156DB1FCC4FFF0036F0A5 /* Build configuration list for PBXProject "UsabillaSystemTest" */ = {
			isa = XCConfigurationList;
			buildConfigurations = (
				433156FB1FCC50000036F0A5 /* Debug */,
				433156FC1FCC50000036F0A5 /* Release */,
			);
			defaultConfigurationIsVisible = 0;
			defaultConfigurationName = Release;
		};
		433156FD1FCC50000036F0A5 /* Build configuration list for PBXNativeTarget "UsabillaSystemTest" */ = {
			isa = XCConfigurationList;
			buildConfigurations = (
				433156FE1FCC50000036F0A5 /* Debug */,
				433156FF1FCC50000036F0A5 /* Release */,
			);
			defaultConfigurationIsVisible = 0;
			defaultConfigurationName = Release;
		};
		433157001FCC50000036F0A5 /* Build configuration list for PBXNativeTarget "UsabillaSystemTestUITests" */ = {
			isa = XCConfigurationList;
			buildConfigurations = (
				433157011FCC50000036F0A5 /* Debug */,
				433157021FCC50000036F0A5 /* Release */,
			);
			defaultConfigurationIsVisible = 0;
			defaultConfigurationName = Release;
		};
/* End XCConfigurationList section */
	};
	rootObject = 433156D81FCC4FFF0036F0A5 /* Project object */;
}
