// !$*UTF8*$!
{
	archiveVersion = 1;
	classes = {
	};
	objectVersion = 46;
	objects = {

/* Begin PBXBuildFile section */
		04073AF220482576008D5AA8 /* 27_AccessibilityPicker.json in Resources */ = {isa = PBXBuildFile; fileRef = 04073AF120482576008D5AA8 /* 27_AccessibilityPicker.json */; };
		044A93472018F37A00D3420F /* TestExtensions.swift in Sources */ = {isa = PBXBuildFile; fileRef = 044A93452018F37A00D3420F /* TestExtensions.swift */; };
		43120C9E1F027E5800802141 /* 01_FormAppearance.json in Resources */ = {isa = PBXBuildFile; fileRef = 43120C9D1F027E5800802141 /* 01_FormAppearance.json */; };
		4356E98A1FBD828800B761CA /* 20_AccessibilityRequiredField.swift in Sources */ = {isa = PBXBuildFile; fileRef = 4356E9891FBD828800B761CA /* 20_AccessibilityRequiredField.swift */; };
		4356E98B1FBD832C00B761CA /* 20_AccessibilityRequiredField.json in Resources */ = {isa = PBXBuildFile; fileRef = 4356E9861FBD827100B761CA /* 20_AccessibilityRequiredField.json */; };
		435D06ED1FA879E400D5A2F4 /* 12_BannerNoControl.json in Resources */ = {isa = PBXBuildFile; fileRef = 435D06EC1FA879E400D5A2F4 /* 12_BannerNoControl.json */; };
		435D06EF1FA87A0100D5A2F4 /* 12_BannerNoControl.swift in Sources */ = {isa = PBXBuildFile; fileRef = 435D06EE1FA87A0100D5A2F4 /* 12_BannerNoControl.swift */; };
		435D06F31FA884DC00D5A2F4 /* 13_CampaignPageToastNoControls.swift in Sources */ = {isa = PBXBuildFile; fileRef = 435D06F21FA884DC00D5A2F4 /* 13_CampaignPageToastNoControls.swift */; };
		435D06F41FA8868D00D5A2F4 /* 13_CampaignPageToastNoControls.json in Resources */ = {isa = PBXBuildFile; fileRef = 435D06F01FA884A900D5A2F4 /* 13_CampaignPageToastNoControls.json */; };
		437B96D11E266A8F00AA0A25 /* AppDelegate.swift in Sources */ = {isa = PBXBuildFile; fileRef = 437B96D01E266A8F00AA0A25 /* AppDelegate.swift */; };
		437B96D31E266A8F00AA0A25 /* ViewController.swift in Sources */ = {isa = PBXBuildFile; fileRef = 437B96D21E266A8F00AA0A25 /* ViewController.swift */; };
		437B96D61E266A8F00AA0A25 /* Main.storyboard in Resources */ = {isa = PBXBuildFile; fileRef = 437B96D41E266A8F00AA0A25 /* Main.storyboard */; };
		437B96D81E266A8F00AA0A25 /* Assets.xcassets in Resources */ = {isa = PBXBuildFile; fileRef = 437B96D71E266A8F00AA0A25 /* Assets.xcassets */; };
		437B96DB1E266A8F00AA0A25 /* LaunchScreen.storyboard in Resources */ = {isa = PBXBuildFile; fileRef = 437B96D91E266A8F00AA0A25 /* LaunchScreen.storyboard */; };
		43D31DB61FAB117600D46F2F /* 14_BannerNoControlNoButtons.json in Resources */ = {isa = PBXBuildFile; fileRef = 43D31DB51FAB117600D46F2F /* 14_BannerNoControlNoButtons.json */; };
		43D31DB81FAB118D00D46F2F /* 14_BannerNoControlNoButtons.swift in Sources */ = {isa = PBXBuildFile; fileRef = 43D31DB71FAB118D00D46F2F /* 14_BannerNoControlNoButtons.swift */; };
		43D31DBC1FAB161900D46F2F /* 15_PassivePagesNoControls.swift in Sources */ = {isa = PBXBuildFile; fileRef = 43D31DBB1FAB161900D46F2F /* 15_PassivePagesNoControls.swift */; };
		43D31DBD1FAB176000D46F2F /* 15_PassivePagesNoControls.json in Resources */ = {isa = PBXBuildFile; fileRef = 43D31DB91FAB160300D46F2F /* 15_PassivePagesNoControls.json */; };
		43F57A741F9DEDF1005BFA80 /* 06_BannerMoodNoJumpRulesGoesToNextPage.json in Resources */ = {isa = PBXBuildFile; fileRef = 43F57A6E1F9DEDF0005BFA80 /* 06_BannerMoodNoJumpRulesGoesToNextPage.json */; };
		43F57A751F9DEDF1005BFA80 /* 08_BannerMoodJumpRuleToPages.json in Resources */ = {isa = PBXBuildFile; fileRef = 43F57A6F1F9DEDF0005BFA80 /* 08_BannerMoodJumpRuleToPages.json */; };
		43F57A761F9DEDF1005BFA80 /* 07_BannerMoodNoJumpRulesNoPagesGoesToToast.json in Resources */ = {isa = PBXBuildFile; fileRef = 43F57A701F9DEDF0005BFA80 /* 07_BannerMoodNoJumpRulesNoPagesGoesToToast.json */; };
		43F57A771F9DEDF1005BFA80 /* 05_PassiveCheckboxJumpRules.json in Resources */ = {isa = PBXBuildFile; fileRef = 43F57A711F9DEDF0005BFA80 /* 05_PassiveCheckboxJumpRules.json */; };
		43F57A781F9DEDF1005BFA80 /* 10_BannerMoodJumpRulesPageGoesToToast.json in Resources */ = {isa = PBXBuildFile; fileRef = 43F57A721F9DEDF0005BFA80 /* 10_BannerMoodJumpRulesPageGoesToToast.json */; };
		43F57A791F9DEDF1005BFA80 /* 09_BannerMoodJumpRulesNoPagesToToast.json in Resources */ = {isa = PBXBuildFile; fileRef = 43F57A731F9DEDF1005BFA80 /* 09_BannerMoodJumpRulesNoPagesToToast.json */; };
		43F57A7B1F9DEE23005BFA80 /* TestSetup.swift in Sources */ = {isa = PBXBuildFile; fileRef = 43F57A7A1F9DEE23005BFA80 /* TestSetup.swift */; };
		43F57A7D1F9DF540005BFA80 /* 05_PassiveCheckboxJumpRules.swift in Sources */ = {isa = PBXBuildFile; fileRef = 43F57A7C1F9DF540005BFA80 /* 05_PassiveCheckboxJumpRules.swift */; };
		43F57A811F9E0518005BFA80 /* 06_BannerMoodNoJumpRulesGoesToNextPage.swift in Sources */ = {isa = PBXBuildFile; fileRef = 43F57A801F9E0518005BFA80 /* 06_BannerMoodNoJumpRulesGoesToNextPage.swift */; };
		43F57A831F9E14A8005BFA80 /* 07_BannerMoodNoJumpRulesNoPagesGoesToToast.swift in Sources */ = {isa = PBXBuildFile; fileRef = 43F57A821F9E14A8005BFA80 /* 07_BannerMoodNoJumpRulesNoPagesGoesToToast.swift */; };
		43F57A851F9E1831005BFA80 /* 08_BannerMoodJumpRuleToPages.swift in Sources */ = {isa = PBXBuildFile; fileRef = 43F57A841F9E1831005BFA80 /* 08_BannerMoodJumpRuleToPages.swift */; };
		43F57A871F9E1CC9005BFA80 /* 09_BannerMoodJumpRulesNoPagesToToast.swift in Sources */ = {isa = PBXBuildFile; fileRef = 43F57A861F9E1CC9005BFA80 /* 09_BannerMoodJumpRulesNoPagesToToast.swift */; };
		43F57A891F9E2646005BFA80 /* 10_BannerMoodJumpRulesPageGoesToToast.swift in Sources */ = {isa = PBXBuildFile; fileRef = 43F57A881F9E2646005BFA80 /* 10_BannerMoodJumpRulesPageGoesToToast.swift */; };
		43F9516E1F01116500FE23F8 /* 02_JumpRulesOneControl.json in Resources */ = {isa = PBXBuildFile; fileRef = 43F951641F01116500FE23F8 /* 02_JumpRulesOneControl.json */; };
		43F9516F1F01116500FE23F8 /* 03_JumpRulesManyControls.json in Resources */ = {isa = PBXBuildFile; fileRef = 43F951651F01116500FE23F8 /* 03_JumpRulesManyControls.json */; };
		43F951701F01116500FE23F8 /* 04_VisibilityControl.json in Resources */ = {isa = PBXBuildFile; fileRef = 43F951661F01116500FE23F8 /* 04_VisibilityControl.json */; };
		43F951771F0111F000FE23F8 /* 02_JumpRulesOneControl.swift in Sources */ = {isa = PBXBuildFile; fileRef = 43F951761F0111F000FE23F8 /* 02_JumpRulesOneControl.swift */; };
		43F9517D1F01633300FE23F8 /* 03_JumpRulesManyControls.swift in Sources */ = {isa = PBXBuildFile; fileRef = 43F9517C1F01633300FE23F8 /* 03_JumpRulesManyControls.swift */; };
		43F9517F1F024EAF00FE23F8 /* 04_VisibilityControl.swift in Sources */ = {isa = PBXBuildFile; fileRef = 43F9517E1F024EAF00FE23F8 /* 04_VisibilityControl.swift */; };
		C538939B1FA35A8F009941E8 /* UBXCScenario.swift in Sources */ = {isa = PBXBuildFile; fileRef = C538939A1FA35A8F009941E8 /* UBXCScenario.swift */; };
		C555E9A01EE0120900F84B51 /* 01_FormAppearance.swift in Sources */ = {isa = PBXBuildFile; fileRef = C555E99F1EE0120900F84B51 /* 01_FormAppearance.swift */; };
		C58489B51FA0CDBC00DEC2F1 /* 11_BannerNPSJumpRulesGoesToPagesAndToasts.swift in Sources */ = {isa = PBXBuildFile; fileRef = C58489B41FA0CDBC00DEC2F1 /* 11_BannerNPSJumpRulesGoesToPagesAndToasts.swift */; };
		C58489B71FA0CE8900DEC2F1 /* UBComponents.swift in Sources */ = {isa = PBXBuildFile; fileRef = C58489B61FA0CE8900DEC2F1 /* UBComponents.swift */; };
		C58489B91FA2143400DEC2F1 /* 11_BannerNPSJumpRulesGoesToPagesAndToasts.json in Resources */ = {isa = PBXBuildFile; fileRef = C58489B31FA0CBD600DEC2F1 /* 11_BannerNPSJumpRulesGoesToPagesAndToasts.json */; };
		C58BE4AF1FD969EB009FC821 /* 22_AccessibilityRadioButton.json in Resources */ = {isa = PBXBuildFile; fileRef = C58BE4AD1FD969EB009FC821 /* 22_AccessibilityRadioButton.json */; };
		C58BE4B11FD96A50009FC821 /* 21_AccessibilityCheckbox.swift in Sources */ = {isa = PBXBuildFile; fileRef = C58BE4B01FD96A50009FC821 /* 21_AccessibilityCheckbox.swift */; };
		C5967CE52048572200190121 /* 24_PlayStoreButtonVisibility.json in Resources */ = {isa = PBXBuildFile; fileRef = C5967CE12048572100190121 /* 24_PlayStoreButtonVisibility.json */; };
		C5967CE62048572200190121 /* 25_PlayStorePromptVisibility.json in Resources */ = {isa = PBXBuildFile; fileRef = C5967CE22048572100190121 /* 25_PlayStorePromptVisibility.json */; };
		C5967CE72048572200190121 /* 23_RadioButtonJumpRules.json in Resources */ = {isa = PBXBuildFile; fileRef = C5967CE32048572100190121 /* 23_RadioButtonJumpRules.json */; };
		C5967CE82048572200190121 /* 26_AccessibilityScreenshot.json in Resources */ = {isa = PBXBuildFile; fileRef = C5967CE42048572100190121 /* 26_AccessibilityScreenshot.json */; };
		C5967CEA204858D800190121 /* 26_AccessibilityScreenshot.swift in Sources */ = {isa = PBXBuildFile; fileRef = C5967CE9204858D800190121 /* 26_AccessibilityScreenshot.swift */; };
		C5A083841FBB301300152060 /* 16_AccessibilityRatingControl2Moods.json in Resources */ = {isa = PBXBuildFile; fileRef = C5A083801FBB301200152060 /* 16_AccessibilityRatingControl2Moods.json */; };
		C5A083851FBB301300152060 /* 18_AccessibilityRatingControl5Moods.json in Resources */ = {isa = PBXBuildFile; fileRef = C5A083811FBB301200152060 /* 18_AccessibilityRatingControl5Moods.json */; };
		C5A083861FBB301300152060 /* 19_AccessibilityRatingControl5Stars.json in Resources */ = {isa = PBXBuildFile; fileRef = C5A083821FBB301200152060 /* 19_AccessibilityRatingControl5Stars.json */; };
		C5A083871FBB301300152060 /* 17_AccessibilityRatingControl3Moods.json in Resources */ = {isa = PBXBuildFile; fileRef = C5A083831FBB301200152060 /* 17_AccessibilityRatingControl3Moods.json */; };
		C5A0838A1FBB3BA900152060 /* 16_AccessibilityRatingControl2Moods.swift in Sources */ = {isa = PBXBuildFile; fileRef = C5A083891FBB3BA900152060 /* 16_AccessibilityRatingControl2Moods.swift */; };
		C5A0838C1FBB3E0200152060 /* 17_AccessibilityRatingControl3Moods.swift in Sources */ = {isa = PBXBuildFile; fileRef = C5A0838B1FBB3E0200152060 /* 17_AccessibilityRatingControl3Moods.swift */; };
		C5A0838E1FBB3F6300152060 /* 18_AccessibilityRatingControl5Moods.swift in Sources */ = {isa = PBXBuildFile; fileRef = C5A0838D1FBB3F6300152060 /* 18_AccessibilityRatingControl5Moods.swift */; };
		C5A083901FBB3F7700152060 /* 19_AccessibilityRatingControl5Stars.swift in Sources */ = {isa = PBXBuildFile; fileRef = C5A0838F1FBB3F7700152060 /* 19_AccessibilityRatingControl5Stars.swift */; };
		C5AFA9321FD99E59002A2011 /* 21_AccessibilityCheckbox.json in Resources */ = {isa = PBXBuildFile; fileRef = C5AFA9311FD99E59002A2011 /* 21_AccessibilityCheckbox.json */; };
		C5AFA9341FD99EF3002A2011 /* 22_AccessibilityRadioButton.swift in Sources */ = {isa = PBXBuildFile; fileRef = C5AFA9331FD99EF3002A2011 /* 22_AccessibilityRadioButton.swift */; };
/* End PBXBuildFile section */

/* Begin PBXContainerItemProxy section */
		437B96E21E266A8F00AA0A25 /* PBXContainerItemProxy */ = {
			isa = PBXContainerItemProxy;
			containerPortal = 437B96C51E266A8F00AA0A25 /* Project object */;
			proxyType = 1;
			remoteGlobalIDString = 437B96CC1E266A8F00AA0A25;
			remoteInfo = UsabillaUITestApp;
		};
/* End PBXContainerItemProxy section */

/* Begin PBXCopyFilesBuildPhase section */
		04C464F61F799FB200FE43DB /* Embed Frameworks */ = {
			isa = PBXCopyFilesBuildPhase;
			buildActionMask = 2147483647;
			dstPath = "";
			dstSubfolderSpec = 10;
			files = (
			);
			name = "Embed Frameworks";
			runOnlyForDeploymentPostprocessing = 0;
		};
/* End PBXCopyFilesBuildPhase section */

/* Begin PBXFileReference section */
		04073AF120482576008D5AA8 /* 27_AccessibilityPicker.json */ = {isa = PBXFileReference; fileEncoding = 4; lastKnownFileType = text.json; path = 27_AccessibilityPicker.json; sourceTree = "<group>"; };
		044A93452018F37A00D3420F /* TestExtensions.swift */ = {isa = PBXFileReference; lastKnownFileType = sourcecode.swift; path = TestExtensions.swift; sourceTree = "<group>"; };
		0460AD472046FD1000721BB5 /* 25_PlayStorePromptVisibility.json */ = {isa = PBXFileReference; fileEncoding = 4; lastKnownFileType = text.json; path = 25_PlayStorePromptVisibility.json; sourceTree = "<group>"; };
		0460AD482046FD1000721BB5 /* 24_PlayStoreButtonVisibility.json */ = {isa = PBXFileReference; fileEncoding = 4; lastKnownFileType = text.json; path = 24_PlayStoreButtonVisibility.json; sourceTree = "<group>"; };
		0460AD4A2046FD1000721BB5 /* 23_RadioButtonJumpRules.json */ = {isa = PBXFileReference; fileEncoding = 4; lastKnownFileType = text.json; path = 23_RadioButtonJumpRules.json; sourceTree = "<group>"; };
		43120C9D1F027E5800802141 /* 01_FormAppearance.json */ = {isa = PBXFileReference; fileEncoding = 4; lastKnownFileType = text.json; path = 01_FormAppearance.json; sourceTree = "<group>"; };
		4356E9861FBD827100B761CA /* 20_AccessibilityRequiredField.json */ = {isa = PBXFileReference; fileEncoding = 4; lastKnownFileType = text.json; path = 20_AccessibilityRequiredField.json; sourceTree = "<group>"; };
		4356E9891FBD828800B761CA /* 20_AccessibilityRequiredField.swift */ = {isa = PBXFileReference; lastKnownFileType = sourcecode.swift; path = 20_AccessibilityRequiredField.swift; sourceTree = "<group>"; };
		435D06EC1FA879E400D5A2F4 /* 12_BannerNoControl.json */ = {isa = PBXFileReference; fileEncoding = 4; lastKnownFileType = text.json; path = 12_BannerNoControl.json; sourceTree = "<group>"; };
		435D06EE1FA87A0100D5A2F4 /* 12_BannerNoControl.swift */ = {isa = PBXFileReference; lastKnownFileType = sourcecode.swift; path = 12_BannerNoControl.swift; sourceTree = "<group>"; };
		435D06F01FA884A900D5A2F4 /* 13_CampaignPageToastNoControls.json */ = {isa = PBXFileReference; fileEncoding = 4; lastKnownFileType = text.json; path = 13_CampaignPageToastNoControls.json; sourceTree = "<group>"; };
		435D06F21FA884DC00D5A2F4 /* 13_CampaignPageToastNoControls.swift */ = {isa = PBXFileReference; lastKnownFileType = sourcecode.swift; path = 13_CampaignPageToastNoControls.swift; sourceTree = "<group>"; };
		437B96CD1E266A8F00AA0A25 /* UsabillaUITestApp.app */ = {isa = PBXFileReference; explicitFileType = wrapper.application; includeInIndex = 0; path = UsabillaUITestApp.app; sourceTree = BUILT_PRODUCTS_DIR; };
		437B96D01E266A8F00AA0A25 /* AppDelegate.swift */ = {isa = PBXFileReference; lastKnownFileType = sourcecode.swift; path = AppDelegate.swift; sourceTree = "<group>"; };
		437B96D21E266A8F00AA0A25 /* ViewController.swift */ = {isa = PBXFileReference; lastKnownFileType = sourcecode.swift; path = ViewController.swift; sourceTree = "<group>"; };
		437B96D51E266A8F00AA0A25 /* Base */ = {isa = PBXFileReference; lastKnownFileType = file.storyboard; name = Base; path = Base.lproj/Main.storyboard; sourceTree = "<group>"; };
		437B96D71E266A8F00AA0A25 /* Assets.xcassets */ = {isa = PBXFileReference; lastKnownFileType = folder.assetcatalog; path = Assets.xcassets; sourceTree = "<group>"; };
		437B96DA1E266A8F00AA0A25 /* Base */ = {isa = PBXFileReference; lastKnownFileType = file.storyboard; name = Base; path = Base.lproj/LaunchScreen.storyboard; sourceTree = "<group>"; };
		437B96DC1E266A8F00AA0A25 /* Info.plist */ = {isa = PBXFileReference; lastKnownFileType = text.plist.xml; path = Info.plist; sourceTree = "<group>"; };
		437B96E11E266A8F00AA0A25 /* UsabillaUITestAppUITests.xctest */ = {isa = PBXFileReference; explicitFileType = wrapper.cfbundle; includeInIndex = 0; path = UsabillaUITestAppUITests.xctest; sourceTree = BUILT_PRODUCTS_DIR; };
		437B96E71E266A8F00AA0A25 /* Info.plist */ = {isa = PBXFileReference; lastKnownFileType = text.plist.xml; path = Info.plist; sourceTree = "<group>"; };
		437C60D91E269FC5003E6F70 /* Usabilla.framework */ = {isa = PBXFileReference; explicitFileType = wrapper.framework; path = Usabilla.framework; sourceTree = BUILT_PRODUCTS_DIR; };
		43D31DB51FAB117600D46F2F /* 14_BannerNoControlNoButtons.json */ = {isa = PBXFileReference; fileEncoding = 4; lastKnownFileType = text.json; path = 14_BannerNoControlNoButtons.json; sourceTree = "<group>"; };
		43D31DB71FAB118D00D46F2F /* 14_BannerNoControlNoButtons.swift */ = {isa = PBXFileReference; lastKnownFileType = sourcecode.swift; path = 14_BannerNoControlNoButtons.swift; sourceTree = "<group>"; };
		43D31DB91FAB160300D46F2F /* 15_PassivePagesNoControls.json */ = {isa = PBXFileReference; fileEncoding = 4; lastKnownFileType = text.json; path = 15_PassivePagesNoControls.json; sourceTree = "<group>"; };
		43D31DBB1FAB161900D46F2F /* 15_PassivePagesNoControls.swift */ = {isa = PBXFileReference; lastKnownFileType = sourcecode.swift; path = 15_PassivePagesNoControls.swift; sourceTree = "<group>"; };
		43F57A6E1F9DEDF0005BFA80 /* 06_BannerMoodNoJumpRulesGoesToNextPage.json */ = {isa = PBXFileReference; fileEncoding = 4; lastKnownFileType = text.json; path = 06_BannerMoodNoJumpRulesGoesToNextPage.json; sourceTree = "<group>"; };
		43F57A6F1F9DEDF0005BFA80 /* 08_BannerMoodJumpRuleToPages.json */ = {isa = PBXFileReference; fileEncoding = 4; lastKnownFileType = text.json; path = 08_BannerMoodJumpRuleToPages.json; sourceTree = "<group>"; };
		43F57A701F9DEDF0005BFA80 /* 07_BannerMoodNoJumpRulesNoPagesGoesToToast.json */ = {isa = PBXFileReference; fileEncoding = 4; lastKnownFileType = text.json; path = 07_BannerMoodNoJumpRulesNoPagesGoesToToast.json; sourceTree = "<group>"; };
		43F57A711F9DEDF0005BFA80 /* 05_PassiveCheckboxJumpRules.json */ = {isa = PBXFileReference; fileEncoding = 4; lastKnownFileType = text.json; path = 05_PassiveCheckboxJumpRules.json; sourceTree = "<group>"; };
		43F57A721F9DEDF0005BFA80 /* 10_BannerMoodJumpRulesPageGoesToToast.json */ = {isa = PBXFileReference; fileEncoding = 4; lastKnownFileType = text.json; path = 10_BannerMoodJumpRulesPageGoesToToast.json; sourceTree = "<group>"; };
		43F57A731F9DEDF1005BFA80 /* 09_BannerMoodJumpRulesNoPagesToToast.json */ = {isa = PBXFileReference; fileEncoding = 4; lastKnownFileType = text.json; path = 09_BannerMoodJumpRulesNoPagesToToast.json; sourceTree = "<group>"; };
		43F57A7A1F9DEE23005BFA80 /* TestSetup.swift */ = {isa = PBXFileReference; lastKnownFileType = sourcecode.swift; path = TestSetup.swift; sourceTree = "<group>"; };
		43F57A7C1F9DF540005BFA80 /* 05_PassiveCheckboxJumpRules.swift */ = {isa = PBXFileReference; lastKnownFileType = sourcecode.swift; path = 05_PassiveCheckboxJumpRules.swift; sourceTree = "<group>"; };
		43F57A801F9E0518005BFA80 /* 06_BannerMoodNoJumpRulesGoesToNextPage.swift */ = {isa = PBXFileReference; lastKnownFileType = sourcecode.swift; path = 06_BannerMoodNoJumpRulesGoesToNextPage.swift; sourceTree = "<group>"; };
		43F57A821F9E14A8005BFA80 /* 07_BannerMoodNoJumpRulesNoPagesGoesToToast.swift */ = {isa = PBXFileReference; lastKnownFileType = sourcecode.swift; path = 07_BannerMoodNoJumpRulesNoPagesGoesToToast.swift; sourceTree = "<group>"; };
		43F57A841F9E1831005BFA80 /* 08_BannerMoodJumpRuleToPages.swift */ = {isa = PBXFileReference; lastKnownFileType = sourcecode.swift; path = 08_BannerMoodJumpRuleToPages.swift; sourceTree = "<group>"; };
		43F57A861F9E1CC9005BFA80 /* 09_BannerMoodJumpRulesNoPagesToToast.swift */ = {isa = PBXFileReference; lastKnownFileType = sourcecode.swift; path = 09_BannerMoodJumpRulesNoPagesToToast.swift; sourceTree = "<group>"; };
		43F57A881F9E2646005BFA80 /* 10_BannerMoodJumpRulesPageGoesToToast.swift */ = {isa = PBXFileReference; lastKnownFileType = sourcecode.swift; path = 10_BannerMoodJumpRulesPageGoesToToast.swift; sourceTree = "<group>"; };
		43F951641F01116500FE23F8 /* 02_JumpRulesOneControl.json */ = {isa = PBXFileReference; fileEncoding = 4; lastKnownFileType = text.json; path = 02_JumpRulesOneControl.json; sourceTree = "<group>"; };
		43F951651F01116500FE23F8 /* 03_JumpRulesManyControls.json */ = {isa = PBXFileReference; fileEncoding = 4; lastKnownFileType = text.json; path = 03_JumpRulesManyControls.json; sourceTree = "<group>"; };
		43F951661F01116500FE23F8 /* 04_VisibilityControl.json */ = {isa = PBXFileReference; fileEncoding = 4; lastKnownFileType = text.json; path = 04_VisibilityControl.json; sourceTree = "<group>"; };
		43F951761F0111F000FE23F8 /* 02_JumpRulesOneControl.swift */ = {isa = PBXFileReference; fileEncoding = 4; lastKnownFileType = sourcecode.swift; path = 02_JumpRulesOneControl.swift; sourceTree = "<group>"; };
		43F9517C1F01633300FE23F8 /* 03_JumpRulesManyControls.swift */ = {isa = PBXFileReference; fileEncoding = 4; lastKnownFileType = sourcecode.swift; path = 03_JumpRulesManyControls.swift; sourceTree = "<group>"; };
		43F9517E1F024EAF00FE23F8 /* 04_VisibilityControl.swift */ = {isa = PBXFileReference; fileEncoding = 4; lastKnownFileType = sourcecode.swift; path = 04_VisibilityControl.swift; sourceTree = "<group>"; };
		C538939A1FA35A8F009941E8 /* UBXCScenario.swift */ = {isa = PBXFileReference; lastKnownFileType = sourcecode.swift; path = UBXCScenario.swift; sourceTree = "<group>"; };
		C555E99F1EE0120900F84B51 /* 01_FormAppearance.swift */ = {isa = PBXFileReference; fileEncoding = 4; lastKnownFileType = sourcecode.swift; path = 01_FormAppearance.swift; sourceTree = "<group>"; };
		C58489B31FA0CBD600DEC2F1 /* 11_BannerNPSJumpRulesGoesToPagesAndToasts.json */ = {isa = PBXFileReference; lastKnownFileType = text.json; path = 11_BannerNPSJumpRulesGoesToPagesAndToasts.json; sourceTree = "<group>"; };
		C58489B41FA0CDBC00DEC2F1 /* 11_BannerNPSJumpRulesGoesToPagesAndToasts.swift */ = {isa = PBXFileReference; lastKnownFileType = sourcecode.swift; path = 11_BannerNPSJumpRulesGoesToPagesAndToasts.swift; sourceTree = "<group>"; };
		C58489B61FA0CE8900DEC2F1 /* UBComponents.swift */ = {isa = PBXFileReference; lastKnownFileType = sourcecode.swift; path = UBComponents.swift; sourceTree = "<group>"; };
		C58BE4AD1FD969EB009FC821 /* 22_AccessibilityRadioButton.json */ = {isa = PBXFileReference; fileEncoding = 4; lastKnownFileType = text.json; path = 22_AccessibilityRadioButton.json; sourceTree = "<group>"; };
		C58BE4B01FD96A50009FC821 /* 21_AccessibilityCheckbox.swift */ = {isa = PBXFileReference; lastKnownFileType = sourcecode.swift; path = 21_AccessibilityCheckbox.swift; sourceTree = "<group>"; };
		C5967CE12048572100190121 /* 24_PlayStoreButtonVisibility.json */ = {isa = PBXFileReference; fileEncoding = 4; lastKnownFileType = text.json; path = 24_PlayStoreButtonVisibility.json; sourceTree = "<group>"; };
		C5967CE22048572100190121 /* 25_PlayStorePromptVisibility.json */ = {isa = PBXFileReference; fileEncoding = 4; lastKnownFileType = text.json; path = 25_PlayStorePromptVisibility.json; sourceTree = "<group>"; };
		C5967CE32048572100190121 /* 23_RadioButtonJumpRules.json */ = {isa = PBXFileReference; fileEncoding = 4; lastKnownFileType = text.json; path = 23_RadioButtonJumpRules.json; sourceTree = "<group>"; };
		C5967CE42048572100190121 /* 26_AccessibilityScreenshot.json */ = {isa = PBXFileReference; fileEncoding = 4; lastKnownFileType = text.json; path = 26_AccessibilityScreenshot.json; sourceTree = "<group>"; };
		C5967CE9204858D800190121 /* 26_AccessibilityScreenshot.swift */ = {isa = PBXFileReference; lastKnownFileType = sourcecode.swift; name = 26_AccessibilityScreenshot.swift; path = UsabillaUITestAppUITests/26_AccessibilityScreenshot.swift; sourceTree = SOURCE_ROOT; };
		C5A083801FBB301200152060 /* 16_AccessibilityRatingControl2Moods.json */ = {isa = PBXFileReference; fileEncoding = 4; lastKnownFileType = text.json; path = 16_AccessibilityRatingControl2Moods.json; sourceTree = "<group>"; };
		C5A083811FBB301200152060 /* 18_AccessibilityRatingControl5Moods.json */ = {isa = PBXFileReference; fileEncoding = 4; lastKnownFileType = text.json; path = 18_AccessibilityRatingControl5Moods.json; sourceTree = "<group>"; };
		C5A083821FBB301200152060 /* 19_AccessibilityRatingControl5Stars.json */ = {isa = PBXFileReference; fileEncoding = 4; lastKnownFileType = text.json; path = 19_AccessibilityRatingControl5Stars.json; sourceTree = "<group>"; };
		C5A083831FBB301200152060 /* 17_AccessibilityRatingControl3Moods.json */ = {isa = PBXFileReference; fileEncoding = 4; lastKnownFileType = text.json; path = 17_AccessibilityRatingControl3Moods.json; sourceTree = "<group>"; };
		C5A083891FBB3BA900152060 /* 16_AccessibilityRatingControl2Moods.swift */ = {isa = PBXFileReference; lastKnownFileType = sourcecode.swift; path = 16_AccessibilityRatingControl2Moods.swift; sourceTree = "<group>"; };
		C5A0838B1FBB3E0200152060 /* 17_AccessibilityRatingControl3Moods.swift */ = {isa = PBXFileReference; lastKnownFileType = sourcecode.swift; path = 17_AccessibilityRatingControl3Moods.swift; sourceTree = "<group>"; };
		C5A0838D1FBB3F6300152060 /* 18_AccessibilityRatingControl5Moods.swift */ = {isa = PBXFileReference; lastKnownFileType = sourcecode.swift; path = 18_AccessibilityRatingControl5Moods.swift; sourceTree = "<group>"; };
		C5A0838F1FBB3F7700152060 /* 19_AccessibilityRatingControl5Stars.swift */ = {isa = PBXFileReference; lastKnownFileType = sourcecode.swift; path = 19_AccessibilityRatingControl5Stars.swift; sourceTree = "<group>"; };
		C5AFA9311FD99E59002A2011 /* 21_AccessibilityCheckbox.json */ = {isa = PBXFileReference; fileEncoding = 4; lastKnownFileType = text.json; path = 21_AccessibilityCheckbox.json; sourceTree = "<group>"; };
		C5AFA9331FD99EF3002A2011 /* 22_AccessibilityRadioButton.swift */ = {isa = PBXFileReference; lastKnownFileType = sourcecode.swift; path = 22_AccessibilityRadioButton.swift; sourceTree = "<group>"; };
/* End PBXFileReference section */

/* Begin PBXFrameworksBuildPhase section */
		437B96CA1E266A8F00AA0A25 /* Frameworks */ = {
			isa = PBXFrameworksBuildPhase;
			buildActionMask = 2147483647;
			files = (
			);
			runOnlyForDeploymentPostprocessing = 0;
		};
		437B96DE1E266A8F00AA0A25 /* Frameworks */ = {
			isa = PBXFrameworksBuildPhase;
			buildActionMask = 2147483647;
			files = (
			);
			runOnlyForDeploymentPostprocessing = 0;
		};
/* End PBXFrameworksBuildPhase section */

/* Begin PBXGroup section */
		437B96C41E266A8F00AA0A25 = {
			isa = PBXGroup;
			children = (
				43F951611F01116500FE23F8 /* SDK-UI-Scenarios */,
				437B96CF1E266A8F00AA0A25 /* UsabillaUITestApp */,
				437B96E41E266A8F00AA0A25 /* UsabillaUITestAppUITests */,
				437B96CE1E266A8F00AA0A25 /* Products */,
				9B799909DBB261666DE0010F /* Frameworks */,
				C5967CEC204D4F9200190121 /* Recovered References */,
			);
			sourceTree = "<group>";
		};
		437B96CE1E266A8F00AA0A25 /* Products */ = {
			isa = PBXGroup;
			children = (
				437B96CD1E266A8F00AA0A25 /* UsabillaUITestApp.app */,
				437B96E11E266A8F00AA0A25 /* UsabillaUITestAppUITests.xctest */,
			);
			name = Products;
			sourceTree = "<group>";
		};
		437B96CF1E266A8F00AA0A25 /* UsabillaUITestApp */ = {
			isa = PBXGroup;
			children = (
				437B96D01E266A8F00AA0A25 /* AppDelegate.swift */,
				437B96D21E266A8F00AA0A25 /* ViewController.swift */,
				437B96D41E266A8F00AA0A25 /* Main.storyboard */,
				437B96D71E266A8F00AA0A25 /* Assets.xcassets */,
				437B96D91E266A8F00AA0A25 /* LaunchScreen.storyboard */,
				437B96DC1E266A8F00AA0A25 /* Info.plist */,
				044A93452018F37A00D3420F /* TestExtensions.swift */,
			);
			path = UsabillaUITestApp;
			sourceTree = "<group>";
		};
		437B96E41E266A8F00AA0A25 /* UsabillaUITestAppUITests */ = {
			isa = PBXGroup;
			children = (
				437B96E71E266A8F00AA0A25 /* Info.plist */,
				438E37331F7BC26E00FA61FE /* Helpers */,
				C555E99F1EE0120900F84B51 /* 01_FormAppearance.swift */,
				43F951761F0111F000FE23F8 /* 02_JumpRulesOneControl.swift */,
				43F9517C1F01633300FE23F8 /* 03_JumpRulesManyControls.swift */,
				43F9517E1F024EAF00FE23F8 /* 04_VisibilityControl.swift */,
				43F57A7C1F9DF540005BFA80 /* 05_PassiveCheckboxJumpRules.swift */,
				43F57A801F9E0518005BFA80 /* 06_BannerMoodNoJumpRulesGoesToNextPage.swift */,
				43F57A821F9E14A8005BFA80 /* 07_BannerMoodNoJumpRulesNoPagesGoesToToast.swift */,
				43F57A841F9E1831005BFA80 /* 08_BannerMoodJumpRuleToPages.swift */,
				43F57A861F9E1CC9005BFA80 /* 09_BannerMoodJumpRulesNoPagesToToast.swift */,
				43F57A881F9E2646005BFA80 /* 10_BannerMoodJumpRulesPageGoesToToast.swift */,
				C58489B41FA0CDBC00DEC2F1 /* 11_BannerNPSJumpRulesGoesToPagesAndToasts.swift */,
				435D06EE1FA87A0100D5A2F4 /* 12_BannerNoControl.swift */,
				435D06F21FA884DC00D5A2F4 /* 13_CampaignPageToastNoControls.swift */,
				43D31DB71FAB118D00D46F2F /* 14_BannerNoControlNoButtons.swift */,
				43D31DBB1FAB161900D46F2F /* 15_PassivePagesNoControls.swift */,
				C5A083891FBB3BA900152060 /* 16_AccessibilityRatingControl2Moods.swift */,
				C5A0838B1FBB3E0200152060 /* 17_AccessibilityRatingControl3Moods.swift */,
				C5A0838D1FBB3F6300152060 /* 18_AccessibilityRatingControl5Moods.swift */,
				C5A0838F1FBB3F7700152060 /* 19_AccessibilityRatingControl5Stars.swift */,
				4356E9891FBD828800B761CA /* 20_AccessibilityRequiredField.swift */,
				C58BE4B01FD96A50009FC821 /* 21_AccessibilityCheckbox.swift */,
				C5AFA9331FD99EF3002A2011 /* 22_AccessibilityRadioButton.swift */,
				C5967CE9204858D800190121 /* 26_AccessibilityScreenshot.swift */,
			);
			path = UsabillaUITestAppUITests;
			sourceTree = "<group>";
		};
		438E37331F7BC26E00FA61FE /* Helpers */ = {
			isa = PBXGroup;
			children = (
				43F57A7A1F9DEE23005BFA80 /* TestSetup.swift */,
				C58489B61FA0CE8900DEC2F1 /* UBComponents.swift */,
				C538939A1FA35A8F009941E8 /* UBXCScenario.swift */,
			);
			path = Helpers;
			sourceTree = "<group>";
		};
		43F951611F01116500FE23F8 /* SDK-UI-Scenarios */ = {
			isa = PBXGroup;
			children = (
				43F951621F01116500FE23F8 /* JSON */,
			);
			path = "SDK-UI-Scenarios";
			sourceTree = "<group>";
		};
		43F951621F01116500FE23F8 /* JSON */ = {
			isa = PBXGroup;
			children = (
				43120C9D1F027E5800802141 /* 01_FormAppearance.json */,
				43F951641F01116500FE23F8 /* 02_JumpRulesOneControl.json */,
				43F951651F01116500FE23F8 /* 03_JumpRulesManyControls.json */,
				43F951661F01116500FE23F8 /* 04_VisibilityControl.json */,
				43F57A711F9DEDF0005BFA80 /* 05_PassiveCheckboxJumpRules.json */,
				43F57A6E1F9DEDF0005BFA80 /* 06_BannerMoodNoJumpRulesGoesToNextPage.json */,
				43F57A701F9DEDF0005BFA80 /* 07_BannerMoodNoJumpRulesNoPagesGoesToToast.json */,
				43F57A6F1F9DEDF0005BFA80 /* 08_BannerMoodJumpRuleToPages.json */,
				43F57A731F9DEDF1005BFA80 /* 09_BannerMoodJumpRulesNoPagesToToast.json */,
				43F57A721F9DEDF0005BFA80 /* 10_BannerMoodJumpRulesPageGoesToToast.json */,
				C58489B31FA0CBD600DEC2F1 /* 11_BannerNPSJumpRulesGoesToPagesAndToasts.json */,
				435D06EC1FA879E400D5A2F4 /* 12_BannerNoControl.json */,
				435D06F01FA884A900D5A2F4 /* 13_CampaignPageToastNoControls.json */,
				43D31DB51FAB117600D46F2F /* 14_BannerNoControlNoButtons.json */,
				43D31DB91FAB160300D46F2F /* 15_PassivePagesNoControls.json */,
				C5A083801FBB301200152060 /* 16_AccessibilityRatingControl2Moods.json */,
				C5A083831FBB301200152060 /* 17_AccessibilityRatingControl3Moods.json */,
				C5A083811FBB301200152060 /* 18_AccessibilityRatingControl5Moods.json */,
				C5A083821FBB301200152060 /* 19_AccessibilityRatingControl5Stars.json */,
				4356E9861FBD827100B761CA /* 20_AccessibilityRequiredField.json */,
				C5AFA9311FD99E59002A2011 /* 21_AccessibilityCheckbox.json */,
				C58BE4AD1FD969EB009FC821 /* 22_AccessibilityRadioButton.json */,
				C5967CE32048572100190121 /* 23_RadioButtonJumpRules.json */,
				C5967CE12048572100190121 /* 24_PlayStoreButtonVisibility.json */,
				C5967CE22048572100190121 /* 25_PlayStorePromptVisibility.json */,
				C5967CE42048572100190121 /* 26_AccessibilityScreenshot.json */,
				04073AF120482576008D5AA8 /* 27_AccessibilityPicker.json */,
			);
			path = JSON;
			sourceTree = "<group>";
		};
		9B799909DBB261666DE0010F /* Frameworks */ = {
			isa = PBXGroup;
			children = (
				437C60D91E269FC5003E6F70 /* Usabilla.framework */,
			);
			name = Frameworks;
			sourceTree = "<group>";
		};
		C5967CEC204D4F9200190121 /* Recovered References */ = {
			isa = PBXGroup;
			children = (
				0460AD482046FD1000721BB5 /* 24_PlayStoreButtonVisibility.json */,
				0460AD4A2046FD1000721BB5 /* 23_RadioButtonJumpRules.json */,
				0460AD472046FD1000721BB5 /* 25_PlayStorePromptVisibility.json */,
			);
			name = "Recovered References";
			sourceTree = "<group>";
		};
/* End PBXGroup section */

/* Begin PBXNativeTarget section */
		437B96CC1E266A8F00AA0A25 /* UsabillaUITestApp */ = {
			isa = PBXNativeTarget;
			buildConfigurationList = 437B96EA1E266A8F00AA0A25 /* Build configuration list for PBXNativeTarget "UsabillaUITestApp" */;
			buildPhases = (
				437B96C91E266A8F00AA0A25 /* Sources */,
				437B96CA1E266A8F00AA0A25 /* Frameworks */,
				437B96CB1E266A8F00AA0A25 /* Resources */,
				04C464F61F799FB200FE43DB /* Embed Frameworks */,
			);
			buildRules = (
			);
			dependencies = (
			);
			name = UsabillaUITestApp;
			productName = UsabillaUITestApp;
			productReference = 437B96CD1E266A8F00AA0A25 /* UsabillaUITestApp.app */;
			productType = "com.apple.product-type.application";
		};
		437B96E01E266A8F00AA0A25 /* UsabillaUITestAppUITests */ = {
			isa = PBXNativeTarget;
			buildConfigurationList = 437B96ED1E266A8F00AA0A25 /* Build configuration list for PBXNativeTarget "UsabillaUITestAppUITests" */;
			buildPhases = (
				437B96DD1E266A8F00AA0A25 /* Sources */,
				437B96DE1E266A8F00AA0A25 /* Frameworks */,
				437B96DF1E266A8F00AA0A25 /* Resources */,
			);
			buildRules = (
			);
			dependencies = (
				437B96E31E266A8F00AA0A25 /* PBXTargetDependency */,
			);
			name = UsabillaUITestAppUITests;
			productName = UsabillaUITestAppUITests;
			productReference = 437B96E11E266A8F00AA0A25 /* UsabillaUITestAppUITests.xctest */;
			productType = "com.apple.product-type.bundle.ui-testing";
		};
/* End PBXNativeTarget section */

/* Begin PBXProject section */
		437B96C51E266A8F00AA0A25 /* Project object */ = {
			isa = PBXProject;
			attributes = {
				LastSwiftUpdateCheck = 0820;
				LastUpgradeCheck = 0900;
				ORGANIZATIONNAME = Usabilla;
				TargetAttributes = {
					437B96CC1E266A8F00AA0A25 = {
						CreatedOnToolsVersion = 8.2.1;
						ProvisioningStyle = Manual;
					};
					437B96E01E266A8F00AA0A25 = {
						CreatedOnToolsVersion = 8.2.1;
						ProvisioningStyle = Automatic;
						TestTargetID = 437B96CC1E266A8F00AA0A25;
					};
				};
			};
			buildConfigurationList = 437B96C81E266A8F00AA0A25 /* Build configuration list for PBXProject "UsabillaUITestApp" */;
			compatibilityVersion = "Xcode 3.2";
			developmentRegion = English;
			hasScannedForEncodings = 0;
			knownRegions = (
				en,
				Base,
			);
			mainGroup = 437B96C41E266A8F00AA0A25;
			productRefGroup = 437B96CE1E266A8F00AA0A25 /* Products */;
			projectDirPath = "";
			projectRoot = "";
			targets = (
				437B96CC1E266A8F00AA0A25 /* UsabillaUITestApp */,
				437B96E01E266A8F00AA0A25 /* UsabillaUITestAppUITests */,
			);
		};
/* End PBXProject section */

/* Begin PBXResourcesBuildPhase section */
		437B96CB1E266A8F00AA0A25 /* Resources */ = {
			isa = PBXResourcesBuildPhase;
			buildActionMask = 2147483647;
			files = (
				43F57A751F9DEDF1005BFA80 /* 08_BannerMoodJumpRuleToPages.json in Resources */,
				43F951701F01116500FE23F8 /* 04_VisibilityControl.json in Resources */,
				43F9516F1F01116500FE23F8 /* 03_JumpRulesManyControls.json in Resources */,
				43D31DBD1FAB176000D46F2F /* 15_PassivePagesNoControls.json in Resources */,
				C5A083871FBB301300152060 /* 17_AccessibilityRatingControl3Moods.json in Resources */,
				435D06ED1FA879E400D5A2F4 /* 12_BannerNoControl.json in Resources */,
				C5967CE72048572200190121 /* 23_RadioButtonJumpRules.json in Resources */,
				C5A083851FBB301300152060 /* 18_AccessibilityRatingControl5Moods.json in Resources */,
				43D31DB61FAB117600D46F2F /* 14_BannerNoControlNoButtons.json in Resources */,
				C5AFA9321FD99E59002A2011 /* 21_AccessibilityCheckbox.json in Resources */,
				4356E98B1FBD832C00B761CA /* 20_AccessibilityRequiredField.json in Resources */,
				43F57A761F9DEDF1005BFA80 /* 07_BannerMoodNoJumpRulesNoPagesGoesToToast.json in Resources */,
				C5967CE82048572200190121 /* 26_AccessibilityScreenshot.json in Resources */,
				C5967CE62048572200190121 /* 25_PlayStorePromptVisibility.json in Resources */,
				43F57A771F9DEDF1005BFA80 /* 05_PassiveCheckboxJumpRules.json in Resources */,
				437B96DB1E266A8F00AA0A25 /* LaunchScreen.storyboard in Resources */,
				43F9516E1F01116500FE23F8 /* 02_JumpRulesOneControl.json in Resources */,
				C5A083861FBB301300152060 /* 19_AccessibilityRatingControl5Stars.json in Resources */,
				C5967CE52048572200190121 /* 24_PlayStoreButtonVisibility.json in Resources */,
				C58BE4AF1FD969EB009FC821 /* 22_AccessibilityRadioButton.json in Resources */,
				437B96D81E266A8F00AA0A25 /* Assets.xcassets in Resources */,
				C5A083841FBB301300152060 /* 16_AccessibilityRatingControl2Moods.json in Resources */,
				437B96D61E266A8F00AA0A25 /* Main.storyboard in Resources */,
				43F57A741F9DEDF1005BFA80 /* 06_BannerMoodNoJumpRulesGoesToNextPage.json in Resources */,
				43120C9E1F027E5800802141 /* 01_FormAppearance.json in Resources */,
				C58489B91FA2143400DEC2F1 /* 11_BannerNPSJumpRulesGoesToPagesAndToasts.json in Resources */,
				43F57A791F9DEDF1005BFA80 /* 09_BannerMoodJumpRulesNoPagesToToast.json in Resources */,
				43F57A781F9DEDF1005BFA80 /* 10_BannerMoodJumpRulesPageGoesToToast.json in Resources */,
				04073AF220482576008D5AA8 /* 27_AccessibilityPicker.json in Resources */,
				435D06F41FA8868D00D5A2F4 /* 13_CampaignPageToastNoControls.json in Resources */,
			);
			runOnlyForDeploymentPostprocessing = 0;
		};
		437B96DF1E266A8F00AA0A25 /* Resources */ = {
			isa = PBXResourcesBuildPhase;
			buildActionMask = 2147483647;
			files = (
			);
			runOnlyForDeploymentPostprocessing = 0;
		};
/* End PBXResourcesBuildPhase section */

/* Begin PBXSourcesBuildPhase section */
		437B96C91E266A8F00AA0A25 /* Sources */ = {
			isa = PBXSourcesBuildPhase;
			buildActionMask = 2147483647;
			files = (
				437B96D31E266A8F00AA0A25 /* ViewController.swift in Sources */,
				437B96D11E266A8F00AA0A25 /* AppDelegate.swift in Sources */,
			);
			runOnlyForDeploymentPostprocessing = 0;
		};
		437B96DD1E266A8F00AA0A25 /* Sources */ = {
			isa = PBXSourcesBuildPhase;
			buildActionMask = 2147483647;
			files = (
				C58489B71FA0CE8900DEC2F1 /* UBComponents.swift in Sources */,
				C5967CEA204858D800190121 /* 26_AccessibilityScreenshot.swift in Sources */,
				43F57A851F9E1831005BFA80 /* 08_BannerMoodJumpRuleToPages.swift in Sources */,
				43D31DB81FAB118D00D46F2F /* 14_BannerNoControlNoButtons.swift in Sources */,
				43F57A831F9E14A8005BFA80 /* 07_BannerMoodNoJumpRulesNoPagesGoesToToast.swift in Sources */,
				43F9517F1F024EAF00FE23F8 /* 04_VisibilityControl.swift in Sources */,
				43F57A871F9E1CC9005BFA80 /* 09_BannerMoodJumpRulesNoPagesToToast.swift in Sources */,
				43F57A7B1F9DEE23005BFA80 /* TestSetup.swift in Sources */,
				044A93472018F37A00D3420F /* TestExtensions.swift in Sources */,
				43F57A811F9E0518005BFA80 /* 06_BannerMoodNoJumpRulesGoesToNextPage.swift in Sources */,
				C555E9A01EE0120900F84B51 /* 01_FormAppearance.swift in Sources */,
				43F57A7D1F9DF540005BFA80 /* 05_PassiveCheckboxJumpRules.swift in Sources */,
				435D06EF1FA87A0100D5A2F4 /* 12_BannerNoControl.swift in Sources */,
				C5AFA9341FD99EF3002A2011 /* 22_AccessibilityRadioButton.swift in Sources */,
				435D06F31FA884DC00D5A2F4 /* 13_CampaignPageToastNoControls.swift in Sources */,
				C5A0838C1FBB3E0200152060 /* 17_AccessibilityRatingControl3Moods.swift in Sources */,
				43F951771F0111F000FE23F8 /* 02_JumpRulesOneControl.swift in Sources */,
				43D31DBC1FAB161900D46F2F /* 15_PassivePagesNoControls.swift in Sources */,
				C58489B51FA0CDBC00DEC2F1 /* 11_BannerNPSJumpRulesGoesToPagesAndToasts.swift in Sources */,
				C5A0838E1FBB3F6300152060 /* 18_AccessibilityRatingControl5Moods.swift in Sources */,
				C58BE4B11FD96A50009FC821 /* 21_AccessibilityCheckbox.swift in Sources */,
				C5A0838A1FBB3BA900152060 /* 16_AccessibilityRatingControl2Moods.swift in Sources */,
				C538939B1FA35A8F009941E8 /* UBXCScenario.swift in Sources */,
				4356E98A1FBD828800B761CA /* 20_AccessibilityRequiredField.swift in Sources */,
				C5A083901FBB3F7700152060 /* 19_AccessibilityRatingControl5Stars.swift in Sources */,
				43F9517D1F01633300FE23F8 /* 03_JumpRulesManyControls.swift in Sources */,
				43F57A891F9E2646005BFA80 /* 10_BannerMoodJumpRulesPageGoesToToast.swift in Sources */,
			);
			runOnlyForDeploymentPostprocessing = 0;
		};
/* End PBXSourcesBuildPhase section */

/* Begin PBXTargetDependency section */
		437B96E31E266A8F00AA0A25 /* PBXTargetDependency */ = {
			isa = PBXTargetDependency;
			target = 437B96CC1E266A8F00AA0A25 /* UsabillaUITestApp */;
			targetProxy = 437B96E21E266A8F00AA0A25 /* PBXContainerItemProxy */;
		};
/* End PBXTargetDependency section */

/* Begin PBXVariantGroup section */
		437B96D41E266A8F00AA0A25 /* Main.storyboard */ = {
			isa = PBXVariantGroup;
			children = (
				437B96D51E266A8F00AA0A25 /* Base */,
			);
			name = Main.storyboard;
			sourceTree = "<group>";
		};
		437B96D91E266A8F00AA0A25 /* LaunchScreen.storyboard */ = {
			isa = PBXVariantGroup;
			children = (
				437B96DA1E266A8F00AA0A25 /* Base */,
			);
			name = LaunchScreen.storyboard;
			sourceTree = "<group>";
		};
/* End PBXVariantGroup section */

/* Begin XCBuildConfiguration section */
		437B96E81E266A8F00AA0A25 /* Debug */ = {
			isa = XCBuildConfiguration;
			buildSettings = {
				ALWAYS_SEARCH_USER_PATHS = NO;
				CLANG_ANALYZER_NONNULL = YES;
				CLANG_CXX_LANGUAGE_STANDARD = "gnu++0x";
				CLANG_CXX_LIBRARY = "libc++";
				CLANG_ENABLE_MODULES = YES;
				CLANG_ENABLE_OBJC_ARC = YES;
				CLANG_WARN_BLOCK_CAPTURE_AUTORELEASING = YES;
				CLANG_WARN_BOOL_CONVERSION = YES;
				CLANG_WARN_COMMA = YES;
				CLANG_WARN_CONSTANT_CONVERSION = YES;
				CLANG_WARN_DIRECT_OBJC_ISA_USAGE = YES_ERROR;
				CLANG_WARN_DOCUMENTATION_COMMENTS = YES;
				CLANG_WARN_EMPTY_BODY = YES;
				CLANG_WARN_ENUM_CONVERSION = YES;
				CLANG_WARN_INFINITE_RECURSION = YES;
				CLANG_WARN_INT_CONVERSION = YES;
				CLANG_WARN_NON_LITERAL_NULL_CONVERSION = YES;
				CLANG_WARN_OBJC_LITERAL_CONVERSION = YES;
				CLANG_WARN_OBJC_ROOT_CLASS = YES_ERROR;
				CLANG_WARN_RANGE_LOOP_ANALYSIS = YES;
				CLANG_WARN_STRICT_PROTOTYPES = YES;
				CLANG_WARN_SUSPICIOUS_MOVE = YES;
				CLANG_WARN_UNREACHABLE_CODE = YES;
				CLANG_WARN__DUPLICATE_METHOD_MATCH = YES;
				"CODE_SIGN_IDENTITY[sdk=iphoneos*]" = "iPhone Developer";
				COPY_PHASE_STRIP = NO;
				DEBUG_INFORMATION_FORMAT = dwarf;
				ENABLE_STRICT_OBJC_MSGSEND = YES;
				ENABLE_TESTABILITY = YES;
				GCC_C_LANGUAGE_STANDARD = gnu99;
				GCC_DYNAMIC_NO_PIC = NO;
				GCC_NO_COMMON_BLOCKS = YES;
				GCC_OPTIMIZATION_LEVEL = 0;
				GCC_PREPROCESSOR_DEFINITIONS = (
					"DEBUG=1",
					"$(inherited)",
				);
				GCC_WARN_64_TO_32_BIT_CONVERSION = YES;
				GCC_WARN_ABOUT_RETURN_TYPE = YES_ERROR;
				GCC_WARN_UNDECLARED_SELECTOR = YES;
				GCC_WARN_UNINITIALIZED_AUTOS = YES_AGGRESSIVE;
				GCC_WARN_UNUSED_FUNCTION = YES;
				GCC_WARN_UNUSED_VARIABLE = YES;
				IPHONEOS_DEPLOYMENT_TARGET = 9.0;
				MTL_ENABLE_DEBUG_INFO = YES;
				ONLY_ACTIVE_ARCH = YES;
				SDKROOT = iphoneos;
				SWIFT_ACTIVE_COMPILATION_CONDITIONS = DEBUG;
				SWIFT_OPTIMIZATION_LEVEL = "-Onone";
				TARGETED_DEVICE_FAMILY = "1,2";
			};
			name = Debug;
		};
		437B96E91E266A8F00AA0A25 /* Release */ = {
			isa = XCBuildConfiguration;
			buildSettings = {
				ALWAYS_SEARCH_USER_PATHS = NO;
				CLANG_ANALYZER_NONNULL = YES;
				CLANG_CXX_LANGUAGE_STANDARD = "gnu++0x";
				CLANG_CXX_LIBRARY = "libc++";
				CLANG_ENABLE_MODULES = YES;
				CLANG_ENABLE_OBJC_ARC = YES;
				CLANG_WARN_BLOCK_CAPTURE_AUTORELEASING = YES;
				CLANG_WARN_BOOL_CONVERSION = YES;
				CLANG_WARN_COMMA = YES;
				CLANG_WARN_CONSTANT_CONVERSION = YES;
				CLANG_WARN_DIRECT_OBJC_ISA_USAGE = YES_ERROR;
				CLANG_WARN_DOCUMENTATION_COMMENTS = YES;
				CLANG_WARN_EMPTY_BODY = YES;
				CLANG_WARN_ENUM_CONVERSION = YES;
				CLANG_WARN_INFINITE_RECURSION = YES;
				CLANG_WARN_INT_CONVERSION = YES;
				CLANG_WARN_NON_LITERAL_NULL_CONVERSION = YES;
				CLANG_WARN_OBJC_LITERAL_CONVERSION = YES;
				CLANG_WARN_OBJC_ROOT_CLASS = YES_ERROR;
				CLANG_WARN_RANGE_LOOP_ANALYSIS = YES;
				CLANG_WARN_STRICT_PROTOTYPES = YES;
				CLANG_WARN_SUSPICIOUS_MOVE = YES;
				CLANG_WARN_UNREACHABLE_CODE = YES;
				CLANG_WARN__DUPLICATE_METHOD_MATCH = YES;
				"CODE_SIGN_IDENTITY[sdk=iphoneos*]" = "iPhone Developer";
				COPY_PHASE_STRIP = NO;
				DEBUG_INFORMATION_FORMAT = "dwarf-with-dsym";
				ENABLE_NS_ASSERTIONS = NO;
				ENABLE_STRICT_OBJC_MSGSEND = YES;
				GCC_C_LANGUAGE_STANDARD = gnu99;
				GCC_NO_COMMON_BLOCKS = YES;
				GCC_WARN_64_TO_32_BIT_CONVERSION = YES;
				GCC_WARN_ABOUT_RETURN_TYPE = YES_ERROR;
				GCC_WARN_UNDECLARED_SELECTOR = YES;
				GCC_WARN_UNINITIALIZED_AUTOS = YES_AGGRESSIVE;
				GCC_WARN_UNUSED_FUNCTION = YES;
				GCC_WARN_UNUSED_VARIABLE = YES;
				IPHONEOS_DEPLOYMENT_TARGET = 9.0;
				MTL_ENABLE_DEBUG_INFO = NO;
				SDKROOT = iphoneos;
				SWIFT_OPTIMIZATION_LEVEL = "-Owholemodule";
				TARGETED_DEVICE_FAMILY = "1,2";
				VALIDATE_PRODUCT = YES;
			};
			name = Release;
		};
		437B96EB1E266A8F00AA0A25 /* Debug */ = {
			isa = XCBuildConfiguration;
			buildSettings = {
				ASSETCATALOG_COMPILER_APPICON_NAME = AppIcon;
				CODE_SIGN_STYLE = Manual;
				DEVELOPMENT_TEAM = "";
				FRAMEWORK_SEARCH_PATHS = (
					"$(inherited)",
					"$(PROJECT_DIR)/UsabillaUITestApp",
					"$(PROJECT_DIR)",
				);
				INFOPLIST_FILE = "$(SRCROOT)/UsabillaUITestApp/Info.plist";
				IPHONEOS_DEPLOYMENT_TARGET = 9.0;
				LD_RUNPATH_SEARCH_PATHS = "$(inherited) @executable_path/Frameworks";
				PRODUCT_BUNDLE_IDENTIFIER = com.usabilla.UsabillaUITestApp;
				PRODUCT_NAME = "$(TARGET_NAME)";
				PROVISIONING_PROFILE_SPECIFIER = "";
				SWIFT_VERSION = 3.0;
				VALID_ARCHS = "x86_64 arm64";
			};
			name = Debug;
		};
		437B96EC1E266A8F00AA0A25 /* Release */ = {
			isa = XCBuildConfiguration;
			buildSettings = {
				ASSETCATALOG_COMPILER_APPICON_NAME = AppIcon;
				CODE_SIGN_STYLE = Manual;
				DEVELOPMENT_TEAM = "";
				FRAMEWORK_SEARCH_PATHS = (
					"$(inherited)",
					"$(PROJECT_DIR)/UsabillaUITestApp",
					"$(PROJECT_DIR)",
				);
				INFOPLIST_FILE = "$(SRCROOT)/UsabillaUITestApp/Info.plist";
				IPHONEOS_DEPLOYMENT_TARGET = 9.0;
				LD_RUNPATH_SEARCH_PATHS = "$(inherited) @executable_path/Frameworks";
				PRODUCT_BUNDLE_IDENTIFIER = com.usabilla.UsabillaUITestApp;
				PRODUCT_NAME = "$(TARGET_NAME)";
				PROVISIONING_PROFILE_SPECIFIER = "";
				SWIFT_VERSION = 3.0;
				VALID_ARCHS = "x86_64 arm64";
			};
			name = Release;
		};
		437B96EE1E266A8F00AA0A25 /* Debug */ = {
			isa = XCBuildConfiguration;
			buildSettings = {
				ALWAYS_EMBED_SWIFT_STANDARD_LIBRARIES = YES;
				INFOPLIST_FILE = UsabillaUITestAppUITests/Info.plist;
				LD_RUNPATH_SEARCH_PATHS = "$(inherited) @executable_path/Frameworks @loader_path/Frameworks";
				PRODUCT_BUNDLE_IDENTIFIER = com.usabilla.UsabillaUITestAppUITests;
				PRODUCT_NAME = "$(TARGET_NAME)";
				SWIFT_VERSION = 3.0;
				TEST_TARGET_NAME = UsabillaUITestApp;
			};
			name = Debug;
		};
		437B96EF1E266A8F00AA0A25 /* Release */ = {
			isa = XCBuildConfiguration;
			buildSettings = {
				ALWAYS_EMBED_SWIFT_STANDARD_LIBRARIES = YES;
				INFOPLIST_FILE = UsabillaUITestAppUITests/Info.plist;
				LD_RUNPATH_SEARCH_PATHS = "$(inherited) @executable_path/Frameworks @loader_path/Frameworks";
				PRODUCT_BUNDLE_IDENTIFIER = com.usabilla.UsabillaUITestAppUITests;
				PRODUCT_NAME = "$(TARGET_NAME)";
				SWIFT_VERSION = 3.0;
				TEST_TARGET_NAME = UsabillaUITestApp;
			};
			name = Release;
		};
/* End XCBuildConfiguration section */

/* Begin XCConfigurationList section */
		437B96C81E266A8F00AA0A25 /* Build configuration list for PBXProject "UsabillaUITestApp" */ = {
			isa = XCConfigurationList;
			buildConfigurations = (
				437B96E81E266A8F00AA0A25 /* Debug */,
				437B96E91E266A8F00AA0A25 /* Release */,
			);
			defaultConfigurationIsVisible = 0;
			defaultConfigurationName = Release;
		};
		437B96EA1E266A8F00AA0A25 /* Build configuration list for PBXNativeTarget "UsabillaUITestApp" */ = {
			isa = XCConfigurationList;
			buildConfigurations = (
				437B96EB1E266A8F00AA0A25 /* Debug */,
				437B96EC1E266A8F00AA0A25 /* Release */,
			);
			defaultConfigurationIsVisible = 0;
			defaultConfigurationName = Release;
		};
		437B96ED1E266A8F00AA0A25 /* Build configuration list for PBXNativeTarget "UsabillaUITestAppUITests" */ = {
			isa = XCConfigurationList;
			buildConfigurations = (
				437B96EE1E266A8F00AA0A25 /* Debug */,
				437B96EF1E266A8F00AA0A25 /* Release */,
			);
			defaultConfigurationIsVisible = 0;
			defaultConfigurationName = Release;
		};
/* End XCConfigurationList section */
	};
	rootObject = 437B96C51E266A8F00AA0A25 /* Project object */;
}
