// !$*UTF8*$!
{
	archiveVersion = 1;
	classes = {
	};
	objectVersion = 46;
	objects = {

/* Begin PBXBuildFile section */
		043298EE1D92B542003E8304 /* derpottero.ttf in Resources */ = {isa = PBXBuildFile; fileRef = 043298E21D9273D3003E8304 /* derpottero.ttf */; };
		04A5168E1D92DD2100B9E4E2 /* batang.ttc in Resources */ = {isa = PBXBuildFile; fileRef = 04A5168D1D92DCDD00B9E4E2 /* batang.ttc */; };
		04E228E21D2A95D8009BEA65 /* asd.strings in Resources */ = {isa = PBXBuildFile; fileRef = 04E228E11D2A95D8009BEA65 /* asd.strings */; };
		04E95FF41D1998D90041E4CA /* AppDelegate.swift in Sources */ = {isa = PBXBuildFile; fileRef = 04E95FF31D1998D90041E4CA /* AppDelegate.swift */; };
		04E95FF61D1998D90041E4CA /* ViewController.swift in Sources */ = {isa = PBXBuildFile; fileRef = 04E95FF51D1998D90041E4CA /* ViewController.swift */; };
		04E95FF91D1998DA0041E4CA /* Main.storyboard in Resources */ = {isa = PBXBuildFile; fileRef = 04E95FF71D1998DA0041E4CA /* Main.storyboard */; };
		04E95FFB1D1998DA0041E4CA /* Assets.xcassets in Resources */ = {isa = PBXBuildFile; fileRef = 04E95FFA1D1998DA0041E4CA /* Assets.xcassets */; };
		04E95FFE1D1998DA0041E4CA /* LaunchScreen.storyboard in Resources */ = {isa = PBXBuildFile; fileRef = 04E95FFC1D1998DA0041E4CA /* LaunchScreen.storyboard */; };
		C5DC407B1F7BCF9E00FA89B8 /* Usabilla.framework in Frameworks */ = {isa = PBXBuildFile; fileRef = C5DC407A1F7BCF9E00FA89B8 /* Usabilla.framework */; };
		C5DC407C1F7BCF9E00FA89B8 /* Usabilla.framework in Embed Frameworks */ = {isa = PBXBuildFile; fileRef = C5DC407A1F7BCF9E00FA89B8 /* Usabilla.framework */; settings = {ATTRIBUTES = (CodeSignOnCopy, RemoveHeadersOnCopy, ); }; };
/* End PBXBuildFile section */

/* Begin PBXCopyFilesBuildPhase section */
		C5DC407D1F7BCF9E00FA89B8 /* Embed Frameworks */ = {
			isa = PBXCopyFilesBuildPhase;
			buildActionMask = 2147483647;
			dstPath = "";
			dstSubfolderSpec = 10;
			files = (
				C5DC407C1F7BCF9E00FA89B8 /* Usabilla.framework in Embed Frameworks */,
			);
			name = "Embed Frameworks";
			runOnlyForDeploymentPostprocessing = 0;
		};
/* End PBXCopyFilesBuildPhase section */

/* Begin PBXFileReference section */
		043298E21D9273D3003E8304 /* derpottero.ttf */ = {isa = PBXFileReference; lastKnownFileType = file; path = derpottero.ttf; sourceTree = "<group>"; };
		04A5168D1D92DCDD00B9E4E2 /* batang.ttc */ = {isa = PBXFileReference; lastKnownFileType = file; path = batang.ttc; sourceTree = "<group>"; };
		04E228E11D2A95D8009BEA65 /* asd.strings */ = {isa = PBXFileReference; fileEncoding = 4; lastKnownFileType = text.plist.strings; path = asd.strings; sourceTree = "<group>"; };
		04E95FF01D1998D90041E4CA /* SwiftDevApp.app */ = {isa = PBXFileReference; explicitFileType = wrapper.application; includeInIndex = 0; path = SwiftDevApp.app; sourceTree = BUILT_PRODUCTS_DIR; };
		04E95FF31D1998D90041E4CA /* AppDelegate.swift */ = {isa = PBXFileReference; lastKnownFileType = sourcecode.swift; path = AppDelegate.swift; sourceTree = "<group>"; };
		04E95FF51D1998D90041E4CA /* ViewController.swift */ = {isa = PBXFileReference; lastKnownFileType = sourcecode.swift; path = ViewController.swift; sourceTree = "<group>"; };
		04E95FF81D1998DA0041E4CA /* Base */ = {isa = PBXFileReference; lastKnownFileType = file.storyboard; name = Base; path = Base.lproj/Main.storyboard; sourceTree = "<group>"; };
		04E95FFA1D1998DA0041E4CA /* Assets.xcassets */ = {isa = PBXFileReference; lastKnownFileType = folder.assetcatalog; path = Assets.xcassets; sourceTree = "<group>"; };
		04E95FFD1D1998DA0041E4CA /* Base */ = {isa = PBXFileReference; lastKnownFileType = file.storyboard; name = Base; path = Base.lproj/LaunchScreen.storyboard; sourceTree = "<group>"; };
		04E95FFF1D1998DA0041E4CA /* Info.plist */ = {isa = PBXFileReference; lastKnownFileType = text.plist.xml; path = Info.plist; sourceTree = "<group>"; };
		43D50D891E1D204D0080BCB8 /* Usabilla.framework */ = {isa = PBXFileReference; lastKnownFileType = wrapper.framework; name = Usabilla.framework; path = "../../../Library/Developer/Xcode/DerivedData/Usabilla-ejtpauaijovhbygiqwsbhknyrkna/Build/Products/Debug-iphonesimulator/Usabilla.framework"; sourceTree = "<group>"; };
		C5DC407A1F7BCF9E00FA89B8 /* Usabilla.framework */ = {isa = PBXFileReference; explicitFileType = wrapper.framework; path = Usabilla.framework; sourceTree = BUILT_PRODUCTS_DIR; };
/* End PBXFileReference section */

/* Begin PBXFrameworksBuildPhase section */
		04E95FED1D1998D90041E4CA /* Frameworks */ = {
			isa = PBXFrameworksBuildPhase;
			buildActionMask = 2147483647;
			files = (
				C5DC407B1F7BCF9E00FA89B8 /* Usabilla.framework in Frameworks */,
			);
			runOnlyForDeploymentPostprocessing = 0;
		};
/* End PBXFrameworksBuildPhase section */

/* Begin PBXGroup section */
		040F854C1D893C0500E4A360 /* Frameworks */ = {
			isa = PBXGroup;
			children = (
				43D50D891E1D204D0080BCB8 /* Usabilla.framework */,
			);
			name = Frameworks;
			sourceTree = "<group>";
		};
		04E95FE71D1998D90041E4CA = {
			isa = PBXGroup;
			children = (
				C5DC407A1F7BCF9E00FA89B8 /* Usabilla.framework */,
				04E95FF21D1998D90041E4CA /* SwiftDevApp */,
				04E95FF11D1998D90041E4CA /* Products */,
				040F854C1D893C0500E4A360 /* Frameworks */,
			);
			sourceTree = "<group>";
		};
		04E95FF11D1998D90041E4CA /* Products */ = {
			isa = PBXGroup;
			children = (
				04E95FF01D1998D90041E4CA /* SwiftDevApp.app */,
			);
			name = Products;
			sourceTree = "<group>";
		};
		04E95FF21D1998D90041E4CA /* SwiftDevApp */ = {
			isa = PBXGroup;
			children = (
				04E95FF31D1998D90041E4CA /* AppDelegate.swift */,
				04E95FF51D1998D90041E4CA /* ViewController.swift */,
				04E95FF71D1998DA0041E4CA /* Main.storyboard */,
				04E95FFA1D1998DA0041E4CA /* Assets.xcassets */,
				04E95FFC1D1998DA0041E4CA /* LaunchScreen.storyboard */,
				04E95FFF1D1998DA0041E4CA /* Info.plist */,
				04E228E11D2A95D8009BEA65 /* asd.strings */,
				04A5168D1D92DCDD00B9E4E2 /* batang.ttc */,
				043298E21D9273D3003E8304 /* derpottero.ttf */,
			);
			path = SwiftDevApp;
			sourceTree = "<group>";
		};
/* End PBXGroup section */

/* Begin PBXNativeTarget section */
		04E95FEF1D1998D90041E4CA /* SwiftDevApp */ = {
			isa = PBXNativeTarget;
			buildConfigurationList = 04E9600D1D1998DA0041E4CA /* Build configuration list for PBXNativeTarget "SwiftDevApp" */;
			buildPhases = (
				04497D721D8FE65400F33B93 /* export */,
				04E95FEC1D1998D90041E4CA /* Sources */,
				04E95FED1D1998D90041E4CA /* Frameworks */,
				04E95FEE1D1998D90041E4CA /* Resources */,
				C5DC407D1F7BCF9E00FA89B8 /* Embed Frameworks */,
			);
			buildRules = (
			);
			dependencies = (
			);
			name = SwiftDevApp;
			productName = SwiftDevApp;
			productReference = 04E95FF01D1998D90041E4CA /* SwiftDevApp.app */;
			productType = "com.apple.product-type.application";
		};
/* End PBXNativeTarget section */

/* Begin PBXProject section */
		04E95FE81D1998D90041E4CA /* Project object */ = {
			isa = PBXProject;
			attributes = {
				LastSwiftUpdateCheck = 0730;
				LastUpgradeCheck = 0800;
				ORGANIZATIONNAME = usabilla;
				TargetAttributes = {
					04E95FEF1D1998D90041E4CA = {
						CreatedOnToolsVersion = 7.3.1;
						DevelopmentTeam = 24ZZS38JW5;
						LastSwiftMigration = 0800;
					};
				};
			};
			buildConfigurationList = 04E95FEB1D1998D90041E4CA /* Build configuration list for PBXProject "SwiftDevApp" */;
			compatibilityVersion = "Xcode 3.2";
			developmentRegion = English;
			hasScannedForEncodings = 0;
			knownRegions = (
				en,
				Base,
			);
			mainGroup = 04E95FE71D1998D90041E4CA;
			productRefGroup = 04E95FF11D1998D90041E4CA /* Products */;
			projectDirPath = "";
			projectRoot = "";
			targets = (
				04E95FEF1D1998D90041E4CA /* SwiftDevApp */,
			);
		};
/* End PBXProject section */

/* Begin PBXResourcesBuildPhase section */
		04E95FEE1D1998D90041E4CA /* Resources */ = {
			isa = PBXResourcesBuildPhase;
			buildActionMask = 2147483647;
			files = (
				043298EE1D92B542003E8304 /* derpottero.ttf in Resources */,
				04E95FFE1D1998DA0041E4CA /* LaunchScreen.storyboard in Resources */,
				04E95FFB1D1998DA0041E4CA /* Assets.xcassets in Resources */,
				04E95FF91D1998DA0041E4CA /* Main.storyboard in Resources */,
				04A5168E1D92DD2100B9E4E2 /* batang.ttc in Resources */,
				04E228E21D2A95D8009BEA65 /* asd.strings in Resources */,
			);
			runOnlyForDeploymentPostprocessing = 0;
		};
/* End PBXResourcesBuildPhase section */

/* Begin PBXShellScriptBuildPhase section */
		04497D721D8FE65400F33B93 /* export */ = {
			isa = PBXShellScriptBuildPhase;
			buildActionMask = 2147483647;
			files = (
			);
			inputPaths = (
			);
			name = export;
			outputPaths = (
			);
			runOnlyForDeploymentPostprocessing = 0;
			shellPath = /bin/sh;
			shellScript = export;
		};
/* End PBXShellScriptBuildPhase section */

/* Begin PBXSourcesBuildPhase section */
		04E95FEC1D1998D90041E4CA /* Sources */ = {
			isa = PBXSourcesBuildPhase;
			buildActionMask = 2147483647;
			files = (
				04E95FF61D1998D90041E4CA /* ViewController.swift in Sources */,
				04E95FF41D1998D90041E4CA /* AppDelegate.swift in Sources */,
			);
			runOnlyForDeploymentPostprocessing = 0;
		};
/* End PBXSourcesBuildPhase section */

/* Begin PBXVariantGroup section */
		04E95FF71D1998DA0041E4CA /* Main.storyboard */ = {
			isa = PBXVariantGroup;
			children = (
				04E95FF81D1998DA0041E4CA /* Base */,
			);
			name = Main.storyboard;
			sourceTree = "<group>";
		};
		04E95FFC1D1998DA0041E4CA /* LaunchScreen.storyboard */ = {
			isa = PBXVariantGroup;
			children = (
				04E95FFD1D1998DA0041E4CA /* Base */,
			);
			name = LaunchScreen.storyboard;
			sourceTree = "<group>";
		};
/* End PBXVariantGroup section */

/* Begin XCBuildConfiguration section */
		04E9600B1D1998DA0041E4CA /* Debug */ = {
			isa = XCBuildConfiguration;
			buildSettings = {
				ALWAYS_SEARCH_USER_PATHS = NO;
				CLANG_ANALYZER_NONNULL = YES;
				CLANG_CXX_LANGUAGE_STANDARD = "gnu++0x";
				CLANG_CXX_LIBRARY = "libc++";
				CLANG_ENABLE_MODULES = YES;
				CLANG_ENABLE_OBJC_ARC = YES;
				CLANG_WARN_BOOL_CONVERSION = YES;
				CLANG_WARN_CONSTANT_CONVERSION = YES;
				CLANG_WARN_DIRECT_OBJC_ISA_USAGE = YES_ERROR;
				CLANG_WARN_EMPTY_BODY = YES;
				CLANG_WARN_ENUM_CONVERSION = YES;
				CLANG_WARN_INFINITE_RECURSION = YES;
				CLANG_WARN_INT_CONVERSION = YES;
				CLANG_WARN_OBJC_ROOT_CLASS = YES_ERROR;
				CLANG_WARN_SUSPICIOUS_MOVE = YES;
				CLANG_WARN_UNREACHABLE_CODE = YES;
				CLANG_WARN__DUPLICATE_METHOD_MATCH = YES;
				"CODE_SIGN_IDENTITY[sdk=iphoneos*]" = "iPhone Developer";
				COPY_PHASE_STRIP = NO;
				DEBUG_INFORMATION_FORMAT = dwarf;
				ENABLE_STRICT_OBJC_MSGSEND = YES;
				ENABLE_TESTABILITY = YES;
				GCC_C_LANGUAGE_STANDARD = gnu99;
				GCC_DYNAMIC_NO_PIC = NO;
				GCC_NO_COMMON_BLOCKS = YES;
				GCC_OPTIMIZATION_LEVEL = 0;
				GCC_PREPROCESSOR_DEFINITIONS = (
					"DEBUG=1",
					"$(inherited)",
				);
				GCC_WARN_64_TO_32_BIT_CONVERSION = YES;
				GCC_WARN_ABOUT_RETURN_TYPE = YES_ERROR;
				GCC_WARN_UNDECLARED_SELECTOR = YES;
				GCC_WARN_UNINITIALIZED_AUTOS = YES_AGGRESSIVE;
				GCC_WARN_UNUSED_FUNCTION = YES;
				GCC_WARN_UNUSED_VARIABLE = YES;
				IPHONEOS_DEPLOYMENT_TARGET = 8.0;
				MTL_ENABLE_DEBUG_INFO = YES;
				ONLY_ACTIVE_ARCH = YES;
				SDKROOT = iphoneos;
				SWIFT_OPTIMIZATION_LEVEL = "-Onone";
				SWIFT_VERSION = 3.0;
				TARGETED_DEVICE_FAMILY = "1,2";
			};
			name = Debug;
		};
		04E9600C1D1998DA0041E4CA /* Release */ = {
			isa = XCBuildConfiguration;
			buildSettings = {
				ALWAYS_SEARCH_USER_PATHS = NO;
				CLANG_ANALYZER_NONNULL = YES;
				CLANG_CXX_LANGUAGE_STANDARD = "gnu++0x";
				CLANG_CXX_LIBRARY = "libc++";
				CLANG_ENABLE_MODULES = YES;
				CLANG_ENABLE_OBJC_ARC = YES;
				CLANG_WARN_BOOL_CONVERSION = YES;
				CLANG_WARN_CONSTANT_CONVERSION = YES;
				CLANG_WARN_DIRECT_OBJC_ISA_USAGE = YES_ERROR;
				CLANG_WARN_EMPTY_BODY = YES;
				CLANG_WARN_ENUM_CONVERSION = YES;
				CLANG_WARN_INFINITE_RECURSION = YES;
				CLANG_WARN_INT_CONVERSION = YES;
				CLANG_WARN_OBJC_ROOT_CLASS = YES_ERROR;
				CLANG_WARN_SUSPICIOUS_MOVE = YES;
				CLANG_WARN_UNREACHABLE_CODE = YES;
				CLANG_WARN__DUPLICATE_METHOD_MATCH = YES;
				"CODE_SIGN_IDENTITY[sdk=iphoneos*]" = "iPhone Developer";
				COPY_PHASE_STRIP = NO;
				DEBUG_INFORMATION_FORMAT = "dwarf-with-dsym";
				ENABLE_NS_ASSERTIONS = NO;
				ENABLE_STRICT_OBJC_MSGSEND = YES;
				GCC_C_LANGUAGE_STANDARD = gnu99;
				GCC_NO_COMMON_BLOCKS = YES;
				GCC_WARN_64_TO_32_BIT_CONVERSION = YES;
				GCC_WARN_ABOUT_RETURN_TYPE = YES_ERROR;
				GCC_WARN_UNDECLARED_SELECTOR = YES;
				GCC_WARN_UNINITIALIZED_AUTOS = YES_AGGRESSIVE;
				GCC_WARN_UNUSED_FUNCTION = YES;
				GCC_WARN_UNUSED_VARIABLE = YES;
				IPHONEOS_DEPLOYMENT_TARGET = 8.0;
				MTL_ENABLE_DEBUG_INFO = NO;
				SDKROOT = iphoneos;
				SWIFT_OPTIMIZATION_LEVEL = "-Owholemodule";
				SWIFT_VERSION = 3.0;
				TARGETED_DEVICE_FAMILY = "1,2";
				VALIDATE_PRODUCT = YES;
			};
			name = Release;
		};
		04E9600E1D1998DA0041E4CA /* Debug */ = {
			isa = XCBuildConfiguration;
			buildSettings = {
				ALWAYS_SEARCH_USER_PATHS = NO;
				ASSETCATALOG_COMPILER_APPICON_NAME = AppIcon;
				CODE_SIGN_IDENTITY = "iPhone Developer";
				GCC_GENERATE_TEST_COVERAGE_FILES = NO;
				INFOPLIST_FILE = SwiftDevApp/Info.plist;
				IPHONEOS_DEPLOYMENT_TARGET = 9.0;
				LD_RUNPATH_SEARCH_PATHS = "$(inherited) @executable_path/Frameworks";
				ONLY_ACTIVE_ARCH = YES;
				PRODUCT_BUNDLE_IDENTIFIER = com.usabilla.SwiftDevApp;
				PRODUCT_NAME = "$(TARGET_NAME)";
				SWIFT_VERSION = 3.0;
			};
			name = Debug;
		};
		04E9600F1D1998DA0041E4CA /* Release */ = {
			isa = XCBuildConfiguration;
			buildSettings = {
				ALWAYS_SEARCH_USER_PATHS = NO;
				ASSETCATALOG_COMPILER_APPICON_NAME = AppIcon;
				CODE_SIGN_IDENTITY = "iPhone Developer";
				GCC_GENERATE_TEST_COVERAGE_FILES = NO;
				INFOPLIST_FILE = SwiftDevApp/Info.plist;
				IPHONEOS_DEPLOYMENT_TARGET = 9.0;
				LD_RUNPATH_SEARCH_PATHS = "$(inherited) @executable_path/Frameworks";
				PRODUCT_BUNDLE_IDENTIFIER = com.usabilla.SwiftDevApp;
				PRODUCT_NAME = "$(TARGET_NAME) - Prod";
				SWIFT_VERSION = 3.0;
			};
			name = Release;
		};
/* End XCBuildConfiguration section */

/* Begin XCConfigurationList section */
		04E95FEB1D1998D90041E4CA /* Build configuration list for PBXProject "SwiftDevApp" */ = {
			isa = XCConfigurationList;
			buildConfigurations = (
				04E9600B1D1998DA0041E4CA /* Debug */,
				04E9600C1D1998DA0041E4CA /* Release */,
			);
			defaultConfigurationIsVisible = 0;
			defaultConfigurationName = Release;
		};
		04E9600D1D1998DA0041E4CA /* Build configuration list for PBXNativeTarget "SwiftDevApp" */ = {
			isa = XCConfigurationList;
			buildConfigurations = (
				04E9600E1D1998DA0041E4CA /* Debug */,
				04E9600F1D1998DA0041E4CA /* Release */,
			);
			defaultConfigurationIsVisible = 0;
			defaultConfigurationName = Release;
		};
/* End XCConfigurationList section */
	};
	rootObject = 04E95FE81D1998D90041E4CA /* Project object */;
}
